{"format_version":"1.0","provider_schemas":{"registry.terraform.io/sap/btp":{"provider":{"version":0,"block":{"attributes":{"assertion":{"type":"string","description":"A valid assertion JWT token. To be provided instead of 'username' and 'password'. This can also be sourced from the `BTP_ASSERTION` environment variable. This authentication method is only supported when using a custom Identity Provider (IdP).","description_kind":"markdown","optional":true,"sensitive":true},"cli_server_url":{"type":"string","description":"The URL of the BTP CLI server (e.g. `https://cli.btp.cloud.sap`).","description_kind":"markdown","optional":true},"globalaccount":{"type":"string","description":"The subdomain of the global account in which you want to manage resources. To be found in the cockpit, in the global account view.","description_kind":"markdown","required":true},"idp":{"type":"string","description":"The identity provider to be used for authentication (only required for custom idp).","description_kind":"markdown","optional":true},"idtoken":{"type":"string","description":"A valid id token. To be provided instead of 'username' and 'password'. This can also be sourced from the `BTP_IDTOKEN` environment variable. (SAP-internal usage only)","description_kind":"markdown","optional":true,"sensitive":true},"password":{"type":"string","description":"Your password. Note that two-factor authentication is not supported. This can also be sourced from the `BTP_PASSWORD` environment variable.","description_kind":"markdown","optional":true,"sensitive":true},"tls_client_certificate":{"type":"string","description":"PEM encoded certificate (only required for x509 auth).","description_kind":"markdown","optional":true},"tls_client_key":{"type":"string","description":"PEM encoded private key (only required for x509 auth).","description_kind":"markdown","optional":true},"tls_idp_url":{"type":"string","description":"The URL of the identity provider to be used for authentication (only required for x509 auth).","description_kind":"markdown","optional":true},"username":{"type":"string","description":"Your user name, usually an e-mail address. This can also be sourced from the `BTP_USERNAME` environment variable.","description_kind":"markdown","optional":true}},"description":"The Terraform provider for SAP BTP enables you to automate the provisioning, management, and configuration of resources on [SAP Business Technology Platform](https://account.hana.ondemand.com/). By leveraging this provider, you can simplify and streamline the deployment and maintenance of BTP services and applications.","description_kind":"markdown"}},"resource_schemas":{"btp_directory":{"version":0,"block":{"attributes":{"created_by":{"type":"string","description":"The details of the user that created the directory.","description_kind":"markdown","computed":true},"created_date":{"type":"string","description":"The date and time when the resource was created in [RFC3339](https://www.ietf.org/rfc/rfc3339.txt) format.","description_kind":"markdown","computed":true},"description":{"type":"string","description":"A description of the directory.","description_kind":"markdown","optional":true,"computed":true},"features":{"type":["set","string"],"description":"The features that are enabled for the directory. Possible values are: \n\n  | value | description | \n  | --- | --- | \n  | `DEFAULT (D)` | All directories have the following basic feature enabled:\u003cbr\u003e 1. Group and filter subaccounts for reports and filters \u003cbr\u003e 2. Monitor usage and costs on a directory level (costs only available for contracts that use the consumption-based commercial model)\u003cbr\u003e 3. Set custom properties and tags to the directory for identification and reporting purposes. | \n  | `ENTITLEMENTS (E)` | Allows the assignment of a quota for services and applications to the directory from the global account quota for distribution to the subaccounts under this directory. | \n  | `AUTHORIZATIONS (A)` | Allows the assignment of users as administrators or viewers of this directory. You must apply this feature in combination with the `ENTITLEMENTS` feature. | ","description_kind":"markdown","optional":true,"computed":true},"id":{"type":"string","description":"The ID of the directory.","description_kind":"markdown","computed":true},"labels":{"type":["map",["set","string"]],"description":"Contains information about the labels assigned to a specified global account. Labels are represented in a JSON array of key-value pairs; each key has up to 10 corresponding values.","description_kind":"markdown","optional":true},"last_modified":{"type":"string","description":"The date and time when the resource was last modified in [RFC3339](https://www.ietf.org/rfc/rfc3339.txt) format.","description_kind":"markdown","computed":true},"name":{"type":"string","description":"The display name of the directory.","description_kind":"markdown","required":true},"parent_id":{"type":"string","description":"The ID of the directory's parent entity. Typically this is the global account.","description_kind":"markdown","optional":true,"computed":true},"state":{"type":"string","description":"The current state of the directory. Possible values are: \n\n  | value | description | \n  | --- | --- | \n  | `OK` | The CRUD operation or series of operations completed successfully. | \n  | `STARTED` | CRUD operation on an entity has started. | \n  | `CREATING` | Creating entity operation is in progress. | \n  | `UPDATING` | Updating entity operation is in progress. | \n  | `MOVING` | Moving entity operation is in progress. | \n  | `PROCESSING` | A series of operations related to the entity is in progress. | \n  | `DELETING` | Deleting entity operation is in progress. | \n  | `PENDING REVIEW` | The processing operation has been stopped for reviewing and can be restarted by the operator. | \n  | `CANCELLED` | The operation or processing was canceled by the operator. | \n  | `CREATION_FAILED` | The creation operation failed, and the entity was not created or was created but cannot be used. | \n  | `UPDATE_FAILED` | The update operation failed, and the entity was not updated. | \n  | `PROCESSING_FAILED` | The processing operations failed. | \n  | `DELETION_FAILED` | The delete operation failed, and the entity was not deleted. | \n  | `MOVE_FAILED` | Entity could not be moved to a different location. | \n  | `MIGRATING` | Migrating entity from Neo to Cloud Foundry. | ","description_kind":"markdown","computed":true},"subdomain":{"type":"string","description":"Applies only to directories that have the user authorization management feature enabled. The subdomain becomes part of the path used to access the authorization tenant of the directory. It has to be unique within the defined region.","description_kind":"markdown","optional":true,"computed":true}},"description":"Directories allow you to organize and manage your subaccounts according to your technical and business needs. The use of directories is optional.\n\nYou can create up to five levels of directories in your account hierarchy. If you have directories, you can still create subaccounts directly under your global account.\n\n__Tips:__\n* You must be assigned to the global account admin role, or the directory admin if the directory is configured to manage its authorizations.\n* A directory path in the account hierarchy can have only one directory that is enabled with the `ENTITLEMENTS` or `AUTHORIZATIONS` features. If such a directory exists, other directories in that path can only be enabled with the `DEFAULT` features.\n\n__Further documentation:__\n\u003chttps://help.sap.com/docs/btp/sap-business-technology-platform/account-model\u003e","description_kind":"markdown"}},"btp_directory_api_credential":{"version":0,"block":{"attributes":{"api_url":{"type":"string","description":"The URL to be used to make the API calls.","description_kind":"markdown","computed":true},"certificate_passed":{"type":"string","description":"If the user prefers to use a certificate, they must provide the certificate value in PEM format \"----BEGIN CERTIFICATE-----...-----END CERTIFICATE-----\".","description_kind":"markdown","optional":true},"certificate_received":{"type":"string","description":"The certificate that is computed based on the one passed by the user.","description_kind":"markdown","computed":true},"client_id":{"type":"string","description":"A unique ID associated with the API credential.","description_kind":"markdown","computed":true},"client_secret":{"type":"string","description":"If the certificate is omitted, then a unique secret is generated for the API credential.","description_kind":"markdown","computed":true},"credential_type":{"type":"string","description":"The supported credential types are Secrets (Default) or Certificates.","description_kind":"markdown","computed":true},"directory_id":{"type":"string","description":"The ID of the directory.","description_kind":"markdown","required":true},"key":{"type":"string","description":"RSA key generated if the API credential is created with a certificate.","description_kind":"markdown","computed":true},"name":{"type":"string","description":"The name for the API credential.","description_kind":"markdown","optional":true,"computed":true},"read_only":{"type":"bool","description":"Access restriction placed on the API credential. If set to true, the resource has only read-only access.","description_kind":"markdown","optional":true,"computed":true},"token_url":{"type":"string","description":"The URL to be used to fetch the access token to make use of the XSUAA REST APIs.","description_kind":"markdown","computed":true}},"description":"Manage API Credentials at the Directory level. These credentials will enable you to consume\n\t\tthe REST APIs of the SAP Authorization and Trust Management service (XSUAA).\n\t\tWith the client ID and client secret, or certificate, you can request an access token for the APIs in the targeted directory.\n\n__Tip:__\nYou must be assigned to directory admin or viewer role.\n\n__Further documentation:__\n\u003chttps://help.sap.com/docs/btp/sap-business-technology-platform/managing-api-credentials-for-calling-rest-apis-of-sap-authorization-and-trust-management-service\u003e","description_kind":"markdown"}},"btp_directory_entitlement":{"version":1,"block":{"attributes":{"amount":{"type":"number","description":"The quota assigned to the directory.","description_kind":"markdown","optional":true,"computed":true},"auto_assign":{"type":"bool","description":"Determines whether the plans of entitlements that have a numeric quota with the amount specified in `auto_distribute_amount` are automatically allocated to any new subaccount that is added to the directory in the future. For entitlements without a numeric quota, it shows if the plan are assigned to any new subaccount that is added to the directory in the future (`auto_distribute_amount` is not needed). If the `distribute` parameter is set, the same assignment is also made to all subaccounts currently in the directory. Entitlements are subject to available quota in the directory.","description_kind":"markdown","optional":true,"computed":true},"auto_distribute_amount":{"type":"number","description":"The quota of the specified plan automatically allocated to any new subaccount that is created in the future in the directory. When applying this option, `auto_assign` and/or `distribute` must also be set. Applies only to entitlements that have a numeric quota.","description_kind":"markdown","optional":true,"computed":true},"category":{"type":"string","description":"The current state of the entitlement. Possible values are: \n \n  | value | description | \n  | --- | --- | \n  | `PLATFORM` |  A service required for using a specific platform; for example, Application Runtime is required for the Cloud Foundry platform. | \n  | `SERVICE` | A commercial or technical service. that has a numeric quota (amount) when entitled or assigned to a resource. When assigning entitlements of this type, use the 'amount' option. | \n  | `ELASTIC_SERVICE` | A commercial or technical service that has no numeric quota (amount) when entitled or assigned to a resource. Generally this type of service can be as many times as needed when enabled, but may in some cases be restricted by the service owner. | \n  | `ELASTIC_LIMITED` | An elastic service that can be enabled for only one subaccount per global account. | \n  | `APPLICATION` | A multitenant application to which consumers can subscribe. As opposed to applications defined as a 'QUOTA_BASED_APPLICATION', these applications do not have a numeric quota and are simply enabled or disabled as entitlements per subaccount. | \n  | `QUOTA_BASED_APPLICATION` | A multitenant application to which consumers can subscribe. As opposed to applications defined as 'APPLICATION', these applications have an numeric quota that limits consumer usage of the subscribed application per subaccount. | \n  | `ENVIRONMENT` |  An environment service; for example, Cloud Foundry. | ","description_kind":"markdown","computed":true},"directory_id":{"type":"string","description":"The ID of the directory.","description_kind":"markdown","required":true},"distribute":{"type":"bool","description":"Defines the assignment of the plan with the quota specified in `auto_distribute_amount` to subaccounts currently located in the specified directory. For entitlements without a numeric quota, the plan is assigned to the subaccounts currently located in the directory (`auto_distribute_amount` is not needed). When applying this option, `auto_assign` must also be set.","description_kind":"markdown","optional":true,"computed":true},"id":{"type":"string","description":"The ID of the entitled service plan.","description_kind":"markdown","computed":true},"plan_id":{"type":"string","description":"The ID of the entitled service plan.","description_kind":"markdown","computed":true},"plan_name":{"type":"string","description":"The name of the entitled service plan.","description_kind":"markdown","required":true},"plan_unique_identifier":{"type":"string","description":"The unique identifier of the service plan. The unique identifier for service plans is required only if you need to differentiate between identical plans that have different pricing.","description_kind":"markdown","optional":true,"computed":true},"service_name":{"type":"string","description":"The name of the entitled service.","description_kind":"markdown","required":true}},"description":"Assigns the entitlement plan of a service, multitenant application, or environment, to a directory. Note that some environments, such as Cloud Foundry, are available by default to all global accounts and their directorys, and therefore are not made available as entitlements.\n\n__Tip:__\nYou must be assigned to the admin role of the global account or the directory.\n\n__Further documentation:__\n\u003chttps://help.sap.com/docs/btp/sap-business-technology-platform/entitlements-and-quotas\u003e","description_kind":"markdown"}},"btp_directory_role":{"version":0,"block":{"attributes":{"app_id":{"type":"string","description":"The ID of the xsuaa application.","description_kind":"markdown","required":true},"description":{"type":"string","description":"The role description.","description_kind":"markdown","optional":true,"computed":true},"directory_id":{"type":"string","description":"The ID of the directory.","description_kind":"markdown","required":true},"id":{"type":"string","description":"The combined unique ID of the role.","description_kind":"markdown","deprecated":true,"computed":true},"name":{"type":"string","description":"The name of the role.","description_kind":"markdown","required":true},"read_only":{"type":"bool","description":"Shows whether the role can be modified or not.","description_kind":"markdown","computed":true},"role_template_name":{"type":"string","description":"The name of the role template.","description_kind":"markdown","required":true},"scopes":{"nested_type":{"attributes":{"custom_grant_as_authority_to_apps":{"type":["set","string"],"description_kind":"plain","computed":true},"custom_granted_apps":{"type":["set","string"],"description_kind":"plain","computed":true},"description":{"type":"string","description":"The description of the scope.","description_kind":"markdown","computed":true},"grant_as_authority_to_apps":{"type":["set","string"],"description_kind":"plain","computed":true},"granted_apps":{"type":["set","string"],"description_kind":"plain","computed":true},"name":{"type":"string","description":"The name of the scope.","description_kind":"markdown","computed":true}},"nesting_mode":"list"},"description":"Scopes available with this role.","description_kind":"markdown","computed":true}},"description":"Creates a role in a directory.\n\n__Tip:__\nYou must be assigned to the admin role of the global account or the directory.\n\n__Further documentation:__\n\u003chttps://help.sap.com/docs/btp/sap-business-technology-platform/role-collections-and-roles-in-global-accounts-directories-and-subaccounts\u003e","description_kind":"markdown"}},"btp_directory_role_collection":{"version":0,"block":{"attributes":{"description":{"type":"string","description":"The description of the role collection.","description_kind":"markdown","optional":true,"computed":true},"directory_id":{"type":"string","description":"The ID of the directory.","description_kind":"markdown","required":true},"id":{"type":"string","description":"The combined unique ID of the role collection as used for import operations.","description_kind":"markdown","deprecated":true,"computed":true},"name":{"type":"string","description":"The name of the role collection.","description_kind":"markdown","required":true},"roles":{"nested_type":{"attributes":{"name":{"type":"string","description":"The name of the referenced role.","description_kind":"markdown","required":true},"role_template_app_id":{"type":"string","description":"The name of the referenced template app id.","description_kind":"markdown","required":true},"role_template_name":{"type":"string","description":"The name of the referenced role template.","description_kind":"markdown","required":true}},"nesting_mode":"set"},"description_kind":"plain","required":true}},"description":"Creates a role collection in a directory.\n\n__Tip:__\nYou must be assigned to the admin role of the global account or the directory.\n\n__Further documentation:__\n\u003chttps://help.sap.com/docs/btp/sap-business-technology-platform/role-collections-and-roles-in-global-accounts-directories-and-subaccounts\u003e","description_kind":"markdown"}},"btp_directory_role_collection_assignment":{"version":0,"block":{"attributes":{"attribute_name":{"type":"string","description":"The name of the attribute to assign.","description_kind":"markdown","optional":true},"attribute_value":{"type":"string","description":"The value of the attribute to assign.","description_kind":"markdown","optional":true},"directory_id":{"type":"string","description":"The ID of the directory.","description_kind":"markdown","required":true},"group_name":{"type":"string","description":"The name of the group to assign.","description_kind":"markdown","optional":true},"id":{"type":"string","description":"The combined unique ID of the role collection.","description_kind":"markdown","deprecated":true,"computed":true},"origin":{"type":"string","description":"The identity provider that hosts the user or a group. Only needed for custom identity provider.","description_kind":"markdown","optional":true,"computed":true},"role_collection_name":{"type":"string","description":"The name of the role collection.","description_kind":"markdown","required":true},"user_name":{"type":"string","description":"The username of the user to assign.","description_kind":"markdown","optional":true}},"description":"Assigns a user to a role collection on a directory level.\n\n__Tip:__\nYou must be assigned to the admin role of the global account or the directory.","description_kind":"markdown"}},"btp_disaster_recovery_subaccount_pair":{"version":0,"block":{"attributes":{"created_by":{"type":"string","description":"The user who created the subaccount pair.","description_kind":"markdown","computed":true},"created_date":{"type":"string","description":"The timestamp when the subaccount pair was created in [RFC3339](https://www.ietf.org/rfc/rfc3339.txt) format.","description_kind":"markdown","computed":true},"globalaccount_id":{"type":"string","description":"The ID of the globalaccount.","description_kind":"markdown","computed":true},"pair_id":{"type":"string","description":"The ID of the subaccount pair.","description_kind":"markdown","computed":true},"paired_subaccount_id":{"type":"string","description":"The ID of the second subaccount to pair with.","description_kind":"markdown","required":true},"subaccount_id":{"type":"string","description":"The ID of the first subaccount to pair with.","description_kind":"markdown","required":true}},"description":"Create a subaccount pair for the specified subaccounts.\n\n__Tip:__\nYou must be assigned to Central Disaster Recovery Administrator in both subaccounts.\nEach subaccount can only be paired to one subaccount.\nYou can create instance pairs and subscription pairs in paired subaccounts.\n\n__Further documentation:__\n\u003chttps://help.sap.com/docs/btp/sap-btp-multi-region-guide/how-to-create-multi-region-setup-on-btp\u003e","description_kind":"markdown"}},"btp_globalaccount_api_credential":{"version":0,"block":{"attributes":{"api_url":{"type":"string","description":"The URL to be used to make the API calls.","description_kind":"markdown","computed":true},"certificate_passed":{"type":"string","description":"If the user prefers to use a certificate, they must provide the certificate value in PEM format \"----BEGIN CERTIFICATE-----...-----END CERTIFICATE-----\".","description_kind":"markdown","optional":true},"certificate_received":{"type":"string","description":"The certificate that is computed based on the one passed by the user.","description_kind":"markdown","computed":true},"client_id":{"type":"string","description":"A unique ID associated with the API credential.","description_kind":"markdown","computed":true},"client_secret":{"type":"string","description":"If the certificate is omitted, then a unique secret is generated for the API credential.","description_kind":"markdown","computed":true},"credential_type":{"type":"string","description":"The supported credential types are Secrets (Default) or Certificates.","description_kind":"markdown","computed":true},"globalaccount_id":{"type":"string","description":"The ID of the globalaccount.","description_kind":"markdown","computed":true},"key":{"type":"string","description":"RSA key generated if the API credential is created with a certificate.","description_kind":"markdown","computed":true},"name":{"type":"string","description":"The name for the API credential.","description_kind":"markdown","optional":true,"computed":true},"read_only":{"type":"bool","description":"Access restriction placed on the API credential. If set to true, the resource has only read-only access. Note that if a read-only credential is deleted, it will take a while to reflect in the global account.","description_kind":"markdown","optional":true,"computed":true},"token_url":{"type":"string","description":"The URL to be used to fetch the access token to make use of the XSUAA REST APIs.","description_kind":"markdown","computed":true}},"description":"Manage API Credentials at the Global Account level. These credentials will enable you to consume\n\t\tthe REST APIs of the SAP Authorization and Trust Management service (XSUAA).\n\t\tWith the client ID and client secret, or certificate, you can request an access token for the APIs in the targeted global account.\n\n__Tip:__\nYou must be assigned to the global account admin or viewer role.\n\n__Further documentation:__\n\u003chttps://help.sap.com/docs/btp/sap-business-technology-platform/managing-api-credentials-for-calling-rest-apis-of-sap-authorization-and-trust-management-service\u003e","description_kind":"markdown"}},"btp_globalaccount_resource_provider":{"version":0,"block":{"attributes":{"configuration":{"type":"string","description":"The configuration properties for the resource provider as required by the vendor.","description_kind":"markdown","required":true,"sensitive":true},"description":{"type":"string","description":"The description of the resource provider.","description_kind":"markdown","optional":true,"computed":true},"display_name":{"type":"string","description":"The descriptive name of the resource provider.","description_kind":"markdown","required":true},"id":{"type":"string","description":"The unique technical name of the resource provider.","description_kind":"markdown","deprecated":true,"computed":true},"provider_type":{"type":"string","description":"The cloud vendor from which to consume services through your subscribed account. Possible values are: \n\n  | value | description | \n  | --- | --- | \n  | `AWS` | Amazon Web Services | \n  | `AZURE` | Microsoft Azure | ","description_kind":"markdown","required":true},"technical_name":{"type":"string","description":"The unique technical name of the resource provider.","description_kind":"markdown","required":true}},"description":"Creates a resource provider instance to allow your global account to connect to your provider account on a non-SAP cloud vendor. Through this channel, you can consume remote service resources that you already own and are supported by SAP BTP.\nFor example, if you are subscribed to Amazon Web Services (AWS) and have already purchased services, such as PostgreSQL, you can register the vendor as a resource provider in SAP BTP and consume this service across your subaccounts together with other services offered by SAP.\n\nThe use of this functionality is subject to the availability of the supported non-SAP cloud vendors in your country/region.\n\n__Tips:__\n* You must be assigned to the global account admin role.\n* You can create more than one instance of a given resource provider, each with its unique configuration properties. In such cases, the display name and technical name should be descriptive enough so that you and developers can easily differentiate between each instance.\n* After you configure a new resource provider instance, its supported services are added as entitlements in your global account.\n\n__Further documentation:__\n\u003chttps://help.sap.com/docs/btp/sap-business-technology-platform/managing-resource-providers\u003e","description_kind":"markdown"}},"btp_globalaccount_role":{"version":0,"block":{"attributes":{"app_id":{"type":"string","description":"The ID of the xsuaa application.","description_kind":"markdown","required":true},"description":{"type":"string","description":"The role description.","description_kind":"markdown","optional":true,"computed":true},"name":{"type":"string","description":"The name of the role.","description_kind":"markdown","required":true},"read_only":{"type":"bool","description":"Shows whether the role can be modified or not.","description_kind":"markdown","computed":true},"role_template_name":{"type":"string","description":"The name of the role template.","description_kind":"markdown","required":true}},"description":"Creates a role in a global account.\n\n__Tip:__\nYou must be assigned to the admin role of the global account.\n\n__Further documentation:__\n\u003chttps://help.sap.com/docs/btp/sap-business-technology-platform/role-collections-and-roles-in-global-accounts-directories-and-subaccounts\u003e","description_kind":"markdown"}},"btp_globalaccount_role_collection":{"version":0,"block":{"attributes":{"description":{"type":"string","description":"The description of the role collection.","description_kind":"markdown","optional":true,"computed":true},"id":{"type":"string","description":"The ID of the role collection.","description_kind":"markdown","deprecated":true,"computed":true},"name":{"type":"string","description":"The name of the role collection.","description_kind":"markdown","required":true},"roles":{"nested_type":{"attributes":{"name":{"type":"string","description":"The name of the referenced role.","description_kind":"markdown","required":true},"role_template_app_id":{"type":"string","description":"The name of the referenced template app id.","description_kind":"markdown","required":true},"role_template_name":{"type":"string","description":"The name of the referenced role template.","description_kind":"markdown","required":true}},"nesting_mode":"set"},"description_kind":"plain","required":true}},"description":"Creates a role collection in a global account.\n\n__Tip:__\nYou must be assigned to the admin role of the global account.\n\n__Further documentation:__\n\u003chttps://help.sap.com/docs/btp/sap-business-technology-platform/role-collections-and-roles-in-global-accounts-directories-and-subaccounts\u003e","description_kind":"markdown"}},"btp_globalaccount_role_collection_assignment":{"version":0,"block":{"attributes":{"attribute_name":{"type":"string","description":"The name of the attribute to assign.","description_kind":"markdown","optional":true},"attribute_value":{"type":"string","description":"The value of the attribute to assign.","description_kind":"markdown","optional":true},"group_name":{"type":"string","description":"The name of the group to assign.","description_kind":"markdown","optional":true},"id":{"type":"string","description":"The combined unique ID of the role collection.","description_kind":"markdown","deprecated":true,"computed":true},"origin":{"type":"string","description":"The identity provider that hosts the user or group. Only needed for custom identity provider.","description_kind":"markdown","optional":true,"computed":true},"role_collection_name":{"type":"string","description":"The name of the role collection.","description_kind":"markdown","required":true},"user_name":{"type":"string","description":"The name of the user to assign.","description_kind":"markdown","optional":true}},"description":"Assigns a user or a group to a role collection on global account level.\n\n__Tip:__\nYou must be assigned to the admin role of the global account.","description_kind":"markdown"}},"btp_globalaccount_security_settings":{"version":0,"block":{"attributes":{"access_token_validity":{"type":"number","description":"The validity of the access token.","description_kind":"markdown","optional":true,"computed":true},"custom_email_domains":{"type":["set","string"],"description":"Set of domains that are allowed to be used for user authentication.","description_kind":"markdown","optional":true,"computed":true},"default_identity_provider":{"type":"string","description":"The global account's default identity provider for platform users. Used to log on to platform tools such as SAP BTP cockpit or the btp CLI.","description_kind":"markdown","optional":true,"computed":true},"id":{"type":"string","description":"The ID of the security settings used for import operations.","description_kind":"markdown","deprecated":true,"computed":true},"iframe_domains":{"type":"string","description":"The new domains of the iframe. Enter as string. To provide multiple domains, separate them by spaces.","description_kind":"markdown","optional":true,"computed":true},"refresh_token_validity":{"type":"number","description":"The validity of the refresh token.","description_kind":"markdown","optional":true,"computed":true},"treat_users_with_same_email_as_same_user":{"type":"bool","description":"If set to true, users with the same email are treated as same users.","description_kind":"markdown","optional":true,"computed":true}},"description":"Sets the security settings of a global account.\n\n__Tip:__\nYou must be assigned to the admin role of the global account.\n\n__Further documentation:__\n\u003chttps://help.sap.com/docs/btp/sap-business-technology-platform/configure-trusted-domains-for-sap-authorization-and-trust-management-service\u003e\n\u003chttps://help.sap.com/docs/btp/sap-business-technology-platform/configure-token-policy-for-sap-authorization-and-trust-management-service\u003e","description_kind":"markdown"}},"btp_globalaccount_trust_configuration":{"version":0,"block":{"attributes":{"description":{"type":"string","description":"Description of the trust configuration.","description_kind":"markdown","optional":true,"computed":true},"domain":{"type":"string","description":"The tenant's domain which should be used for user logon.","description_kind":"markdown","optional":true,"computed":true},"id":{"type":"string","description":"The origin of the identity provider.","description_kind":"markdown","deprecated":true,"computed":true},"identity_provider":{"type":"string","description":"The name of the Identity Authentication tenant that you want to connect to the global account.","description_kind":"markdown","required":true},"name":{"type":"string","description":"The display name of the trust configuration.","description_kind":"markdown","optional":true,"computed":true},"origin":{"type":"string","description":"The origin of the identity provider.","description_kind":"markdown","optional":true,"computed":true},"protocol":{"type":"string","description":"The protocol used to establish trust with the identity provider.","description_kind":"markdown","computed":true},"read_only":{"type":"bool","description":"Shows whether the trust configuration can be modified.","description_kind":"markdown","computed":true},"status":{"type":"string","description":"Determines whether the identity provider is currently 'active' or 'inactive'.","description_kind":"markdown","computed":true},"type":{"type":"string","description":"The trust type.","description_kind":"markdown","computed":true}},"description":"Establishes trust from a global account to an Identity Authentication tenant.\n\n__Tip:__\nYou must be assigned to the admin role of the global account.\n\n__Further documentation:__\n\u003chttps://help.sap.com/docs/btp/sap-business-technology-platform/trust-and-federation-with-identity-providers\u003e","description_kind":"markdown"}},"btp_subaccount":{"version":0,"block":{"attributes":{"beta_enabled":{"type":"bool","description":"Shows whether the subaccount can use beta services and applications.","description_kind":"markdown","optional":true,"computed":true},"contract_status":{"type":"string","description":"Shows the contract status of the subaccount.","description_kind":"markdown","computed":true},"created_by":{"type":"string","description":"The details of the user that created the subaccount.","description_kind":"markdown","computed":true},"created_date":{"type":"string","description":"The date and time when the resource was created in [RFC3339](https://www.ietf.org/rfc/rfc3339.txt) format.","description_kind":"markdown","computed":true},"description":{"type":"string","description":"A description of the subaccount for customer-facing UIs.","description_kind":"markdown","optional":true,"computed":true},"id":{"type":"string","description":"The ID of the subaccount.","description_kind":"markdown","computed":true},"labels":{"type":["map",["set","string"]],"description":"The set of words or phrases assigned to the subaccount.","description_kind":"markdown","optional":true},"last_modified":{"type":"string","description":"The date and time when the resource was last modified in [RFC3339](https://www.ietf.org/rfc/rfc3339.txt) format.","description_kind":"markdown","computed":true},"name":{"type":"string","description":"A descriptive name of the subaccount for customer-facing UIs.","description_kind":"markdown","required":true},"parent_features":{"type":["set","string"],"description":"The features of parent entity of the subaccount.","description_kind":"markdown","computed":true},"parent_id":{"type":"string","description":"The ID of the subaccount’s parent entity. If the subaccount is located directly in the global account (not in a directory), then this is the ID of the global account.","description_kind":"markdown","optional":true,"computed":true},"region":{"type":"string","description":"The region in which the subaccount was created.","description_kind":"markdown","required":true},"skip_auto_entitlement":{"type":"bool","description":"Specifies if the subaccount creation excludes the auto-assignment of base entitlements, allowing quicker setup with potentially reduced resource consumption. When not set or set to 'false' the standard auto-assigned plans are included.","description_kind":"markdown","optional":true},"state":{"type":"string","description":"The current state of the subaccount. Possible values are: \n\n  | state | description | \n  | --- | --- | \n  | `OK` | The CRUD operation or series of operations completed successfully. | \n  | `STARTED` | CRUD operation on the subaccount has started. | \n  | `CANCELED` | The operation or processing was canceled by the operator. | \n  | `PROCESSING` | A series of operations related to the subaccount are in progress. | \n  | `PROCESSING_FAILED` | The processing operations failed. | \n  | `CREATING` | Creating the subaccount is in progress. | \n  | `CREATION_FAILED` | The creation operation failed, and the subaccount was not created or was created but cannot be used. | \n  | `UPDATING` | Updating the subaccount is in progress. | \n  | `UPDATE_FAILED` | The update operation failed, and the subaccount was not updated. | \n  | `UPDATE_DIRECTORY_TYPE_FAILED` | The update of the directory type failed. | \n  | `UPDATE_ACCOUNT_TYPE_FAILED` | The update of the account type failed. | \n  | `DELETING` | Deleting the subaccount is in progress. | \n  | `DELETION_FAILED` | The deletion of the subaccount failed, and the subaccount was not deleted. | \n  | `MOVING` | Moving the subaccount is in progress. | \n  | `MOVE_FAILED` | The moving of the subaccount failed. | \n  | `MOVING_TO_OTHER_GA` | Moving the subaccount to another global account is in progress. | \n  | `MOVE_TO_OTHER_GA_FAILED` | Moving the subaccount to another global account failed. | \n  | `PENDING_REVIEW` | The processing operation has been stopped for reviewing and can be restarted by the operator. | \n  | `MIGRATING` | Migrating the subaccount from Neo to Cloud Foundry. | \n  | `MIGRATED` | The migration of the subaccount completed. | \n  | `MIGRATION_FAILED` | The migration of the subaccount failed and the subaccount was not migrated. | \n  | `ROLLBACK_MIGRATION_PROCESSING` | The migration of the subaccount was rolled back and the subaccount is not migrated. | \n  | `SUSPENSION_FAILED` | The suspension operations failed. | ","description_kind":"markdown","computed":true},"subdomain":{"type":"string","description":"The subdomain that becomes part of the path used to access the authorization tenant of the subaccount. Must be unique within the defined region and cannot be changed after the subaccount has been created.","description_kind":"markdown","required":true},"usage":{"type":"string","description":"Shows whether the subaccount is used for production purposes. This flag can help your cloud operator to take appropriate action when handling incidents that are related to mission-critical accounts in production systems. Do not apply for subaccounts that are used for nonproduction purposes, such as development, testing, and demos. Applying this setting this does not modify the subaccount. Possible values are: \n\n  | value | description | \n  | --- | --- | \n  | `UNSET` | Global account or subaccount admin has not set the production-relevancy flag (default value). | \n  | `NOT_USED_FOR_PRODUCTION` | The subaccount is not used for production purposes. | \n  | `USED_FOR_PRODUCTION` | The subaccount is used for production purposes. | ","description_kind":"markdown","optional":true,"computed":true}},"description":"Creates a subaccount in a global account or directory.\n\n__Tip:__\nYou must be assigned admin role of the global account or directory.\n\n__Further documentation:__\n\u003chttps://help.sap.com/docs/btp/sap-business-technology-platform/account-model\u003e","description_kind":"markdown"}},"btp_subaccount_api_credential":{"version":0,"block":{"attributes":{"api_url":{"type":"string","description":"The URL to be used to make the API calls.","description_kind":"markdown","computed":true},"certificate_passed":{"type":"string","description":"If the user prefers to use a certificate, they must provide the certificate value in PEM format \"----BEGIN CERTIFICATE-----...-----END CERTIFICATE-----\".","description_kind":"markdown","optional":true},"certificate_received":{"type":"string","description":"The certificate that is computed based on the one passed by the user.","description_kind":"markdown","computed":true},"client_id":{"type":"string","description":"A unique ID associated with the API credential.","description_kind":"markdown","computed":true},"client_secret":{"type":"string","description":"If the certificate is omitted, then a unique secret is generated for the API credential.","description_kind":"markdown","computed":true},"credential_type":{"type":"string","description":"The supported credential types are Secrets (Default) or Certificates.","description_kind":"markdown","computed":true},"key":{"type":"string","description":"RSA key generated if the API credential is created with a certificate.","description_kind":"markdown","computed":true},"name":{"type":"string","description":"The name for the API credential.","description_kind":"markdown","optional":true,"computed":true},"read_only":{"type":"bool","description":"Access restriction placed on the API credential. If set to true, the resource has only read-only access. ","description_kind":"markdown","optional":true,"computed":true},"subaccount_id":{"type":"string","description":"The ID of the subaccount.","description_kind":"markdown","required":true},"token_url":{"type":"string","description":"The URL to be used to fetch the access token to make use of the XSUAA REST APIs.","description_kind":"markdown","computed":true}},"description":"Manage API Credentials at the Subaccount level. These credentials will enable you to consume\n\t\tthe REST APIs of the SAP Authorization and Trust Management service (XSUAA).\n\t\tWith the client ID and client secret, or certificate, you can request an access token for the APIs in the targeted subaccount.\n\n__Tip:__\nYou must be assigned to the subaccount admin or viewer role.\n\n__Further documentation:__\n\u003chttps://help.sap.com/docs/btp/sap-business-technology-platform/managing-api-credentials-for-calling-rest-apis-of-sap-authorization-and-trust-management-service\u003e","description_kind":"markdown"}},"btp_subaccount_destination":{"version":0,"block":{"attributes":{"additional_configuration":{"type":"string","description":"The additional configuration parameters for the destination.","description_kind":"markdown","optional":true,"sensitive":true},"authentication":{"type":"string","description":"The authentication of the destination.","description_kind":"markdown","optional":true},"creation_time":{"type":"string","description":"The date and time when the resource was created in","description_kind":"markdown","computed":true},"description":{"type":"string","description":"The description of the destination.","description_kind":"markdown","optional":true},"etag":{"type":"string","description":"The etag for the destination resource","description_kind":"markdown","computed":true},"id":{"type":"string","description":"The ID of the destination used for import operations.","description_kind":"markdown","deprecated":true,"computed":true},"modification_time":{"type":"string","description":"The date and time when the resource was modified","description_kind":"markdown","computed":true},"name":{"type":"string","description":"The descriptive name of the destination for subaccount","description_kind":"markdown","required":true},"proxy_type":{"type":"string","description":"The proxytype of the destination.","description_kind":"markdown","optional":true},"service_instance_id":{"type":"string","description":"The service instance that becomes part of the path used to access the destination of the subaccount.","description_kind":"markdown","optional":true},"subaccount_id":{"type":"string","description":"The ID of the subaccount.","description_kind":"markdown","required":true},"type":{"type":"string","description":"The type of request from destination.","description_kind":"markdown","required":true},"url":{"type":"string","description":"The url of the destination.","description_kind":"markdown","optional":true}},"description":"Manages a destination in a SAP BTP subaccount or in the scope of a specific service instance.\n\t\t\t\t\t\t\t  This resource must be preferred only for HTTP destinations. We recommend using the resource 'btp_subaccount_destination_generic' to accommodate all types.\n\n__Tip:__\nYou must have the appropriate connectivity and destination permissions, such as:\n\nSubaccount Administrator\nDestination Administrator\nConnectivity and Destination Administrator\n__Scope:__\n- **Subaccount-level destination**: Specify only the 'subaccount_id' and 'name' attribute.\n- **Service instance-level destination**: Specify the 'subaccount_id', 'service_instance_id' and 'name' attributes.\n\n__Notes:__\n- 'service_instance_id' is optional. When omitted, the destination is created at the subaccount level.","description_kind":"markdown","deprecated":true}},"btp_subaccount_destination_certificate":{"version":0,"block":{"attributes":{"certificate_content":{"type":"string","description":"The content of the certificate in base64 format.","description_kind":"markdown","required":true,"sensitive":true},"certificate_name":{"type":"string","description":"The name of the certificate with a valid certificate extension. Supported certificate types include .pem, .p12, .jks and .pfx","description_kind":"markdown","required":true},"certificate_nodes":{"nested_type":{"attributes":{"algorithm":{"type":"string","description":"The cryptographic algorithm used in the key.","description_kind":"markdown","computed":true},"alias":{"type":"string","description":"An identifier used for the key.","description_kind":"markdown","computed":true},"certificate":{"type":"string","description":"The complete X.509 certificate in PEM format, encoded as base64.","description_kind":"markdown","computed":true,"sensitive":true},"common_name":{"type":"string","description":"The common name (CN) extracted from the certificate subject. May be null if not specified in the certificate.","description_kind":"markdown","computed":true},"format":{"type":"string","description":"The format of the certificate or key.","description_kind":"markdown","computed":true},"issuer":{"type":"string","description":"The certificate issuer which identifies the certificate authority that signed the certificate.","description_kind":"markdown","computed":true},"not_after":{"type":"string","description":"The expiration date and time (in ISO 8601 format) after which the certificate is no longer valid.","description_kind":"markdown","computed":true},"not_before":{"type":"string","description":"The start date and time (in ISO 8601 format) from which the certificate is valid.","description_kind":"markdown","computed":true},"subject":{"type":"string","description":"The certificate subject which identifies the owner of the certificate.","description_kind":"markdown","computed":true},"type":{"type":"string","description":"Denotes the type of the node i.e., 'private_key' or 'x509_certificate'.","description_kind":"markdown","computed":true}},"nesting_mode":"list"},"description":"List of certificate nodes containing details about the certificate and private key components.","description_kind":"markdown","computed":true},"certification_creation_details":{"nested_type":{"attributes":{"auto_renew":{"type":"bool","description":"Specifies whether the certificate is automatically renewed before it expires.","description_kind":"markdown","computed":true},"common_name":{"type":"string","description":"The common name (CN) associated with the certificate.","description_kind":"markdown","computed":true},"generation_method":{"type":"string","description":"Specifies the method used to create the certificate.","description_kind":"markdown","computed":true},"has_password":{"type":"bool","description":"Indicates whether the certificate is protected with a password.","description_kind":"markdown","computed":true},"validity_duration":{"type":"string","description":"The numeric duration for which the certificate is valid.","description_kind":"markdown","computed":true},"validity_time_units":{"type":"string","description":"The time unit associated with the validity duration, such as `DAYS`, `MONTHS`, or `YEARS`.","description_kind":"markdown","computed":true}},"nesting_mode":"single"},"description":"Details about how the destination certificate was created and its configuration settings.","description_kind":"markdown","computed":true},"service_instance_id":{"type":"string","description":"The ID of the service instance associated with this certificate.","description_kind":"markdown","optional":true},"subaccount_id":{"type":"string","description":"The ID of the subaccount which contains the certificate.","description_kind":"markdown","required":true}},"description":"Creates a destination certificate in a subaccount.\n\n__Tip:__\nYou must be assigned Destination Admin or Destination Certificate Administrator role in the subaccount.\n\n__Further Information:__\n\u003chttps://help.sap.com/docs/connectivity/sap-btp-connectivity-cf/use-destination-certificates\u003e","description_kind":"markdown"}},"btp_subaccount_destination_fragment":{"version":0,"block":{"attributes":{"fragment_content":{"type":["map","string"],"description":"The content of the destination fragment.","description_kind":"markdown","optional":true},"id":{"type":"string","description":"The ID of the destination fragment used for import operations.","description_kind":"markdown","deprecated":true,"computed":true},"name":{"type":"string","description":"The name of the destination fragment.","description_kind":"markdown","required":true},"service_instance_id":{"type":"string","description":"The ID of the service instance.","description_kind":"markdown","optional":true},"subaccount_id":{"type":"string","description":"The ID of the subaccount.","description_kind":"markdown","required":true}},"description":"Manages a destination fragment in a SAP BTP subaccount or in the scope of a specific service instance.\n\n__Tip:__\nYou must have the appropriate connectivity and destination permissions, such as:\n- Subaccount Administrator\n- Destination Administrator\n- Connectivity and Destination Administrator\n\nTo learn more about these roles, see the SAP Help documentation:\nhttps://help.sap.com/docs/connectivity/sap-btp-connectivity-cf/user-roles?q=role+collection\n\n__Scope:__\n- **Subaccount-level fragment**: Specify only the 'subaccount_id' and 'name' attribute.\n- **Service instance-level fragment**: Specify the 'subaccount_id', 'service_instance_id' and 'name' attributes.\n\n__Notes:__\n- 'service_instance_id' is optional. When omitted, the fragment is created at the subaccount level.\n- The fragment content is defined using the 'fragment_content' map and the API requires the 'FragmentName' field, which is automatically handled by the provider.","description_kind":"markdown"}},"btp_subaccount_destination_generic":{"version":0,"block":{"attributes":{"creation_time":{"type":"string","description":"The date and time when the resource was created","description_kind":"markdown","computed":true},"destination_configuration":{"type":"string","description":"The configuration parameters for the destination.","description_kind":"markdown","required":true,"sensitive":true},"etag":{"type":"string","description":"The etag for the destination resource","description_kind":"markdown","computed":true},"id":{"type":"string","description":"The ID of the destination used for import operations.","description_kind":"markdown","deprecated":true,"computed":true},"modification_time":{"type":"string","description":"The date and time when the resource was modified","description_kind":"markdown","computed":true},"name":{"type":"string","description":"The descriptive name of the destination for subaccount","description_kind":"markdown","computed":true},"service_instance_id":{"type":"string","description":"The service instance that becomes part of the path used to access the destination of the subaccount.","description_kind":"markdown","optional":true},"subaccount_id":{"type":"string","description":"The ID of the subaccount.","description_kind":"markdown","required":true}},"description":"Manages a destination in a SAP BTP subaccount or in the scope of a specific service instance.\n\n__Tip:__\nYou must have the appropriate connectivity and destination permissions, such as:\n\nSubaccount Administrator\nDestination Administrator\nConnectivity and Destination Administrator\n__Scope:__\n- **Subaccount-level destination**: Specify only the 'subaccount_id' attribute.\n- **Service instance-level destination**: Specify the 'subaccount_id' and 'service_instance_id' attributes.\n\n__Notes:__\n- 'service_instance_id' is optional. When omitted, the destination is created at the subaccount level.","description_kind":"markdown"}},"btp_subaccount_entitlement":{"version":1,"block":{"attributes":{"amount":{"type":"number","description":"The quota assigned to the subaccount.","description_kind":"markdown","optional":true,"computed":true},"category":{"type":"string","description":"The current state of the entitlement. Possible values are: \n \n  | value | description | \n  | --- | --- | \n  | `PLATFORM` |  A service required for using a specific platform; for example, Application Runtime is required for the Cloud Foundry platform. | \n  | `SERVICE` | A commercial or technical service. that has a numeric quota (amount) when entitled or assigned to a resource. When assigning entitlements of this type, use the 'amount' option. | \n  | `ELASTIC_SERVICE` | A commercial or technical service that has no numeric quota (amount) when entitled or assigned to a resource. Generally this type of service can be as many times as needed when enabled, but may in some cases be restricted by the service owner. | \n  | `ELASTIC_LIMITED` | An elastic service that can be enabled for only one subaccount per global account. | \n  | `APPLICATION` | A multitenant application to which consumers can subscribe. As opposed to applications defined as a 'QUOTA_BASED_APPLICATION', these applications do not have a numeric quota and are simply enabled or disabled as entitlements per subaccount. | \n  | `QUOTA_BASED_APPLICATION` | A multitenant application to which consumers can subscribe. As opposed to applications defined as 'APPLICATION', these applications have an numeric quota that limits consumer usage of the subscribed application per subaccount. | \n  | `ENVIRONMENT` |  An environment service; for example, Cloud Foundry. | ","description_kind":"markdown","computed":true},"created_date":{"type":"string","description":"The date and time when the resource was created in [RFC3339](https://www.ietf.org/rfc/rfc3339.txt) format.","description_kind":"markdown","computed":true},"id":{"type":"string","description":"The ID of the entitled service plan.","description_kind":"markdown","computed":true},"last_modified":{"type":"string","description":"The date and time when the resource was last modified in [RFC3339](https://www.ietf.org/rfc/rfc3339.txt) format.","description_kind":"markdown","computed":true},"plan_id":{"type":"string","description":"The ID of the entitled service plan.","description_kind":"markdown","computed":true},"plan_name":{"type":"string","description":"The name of the entitled service plan.","description_kind":"markdown","required":true},"plan_unique_identifier":{"type":"string","description":"The unique identifier of the service plan. The unique identifier for service plans is required only if you need to differentiate between identical plans that have different pricing.","description_kind":"markdown","optional":true,"computed":true},"service_name":{"type":"string","description":"The name of the entitled service.","description_kind":"markdown","required":true},"state":{"type":"string","description":"The current state of the entitlement. Possible values are: \n \n  | state | description | \n  | --- | --- | \n  | `OK` | The CRUD operation or series of operations completed successfully. | \n  | `STARTED` | The processing operation started | \n  | `PROCESSING` | The processing operation is in progress | \n  | `PROCESSING_FAILED` | The processing operation failed | ","description_kind":"markdown","computed":true},"subaccount_id":{"type":"string","description":"The ID of the subaccount.","description_kind":"markdown","required":true}},"description":"Assigns the entitlement plan of a service, multitenant application, or environment, to a subaccount. Note that some environments, such as Cloud Foundry, are available by default to all global accounts and their subaccounts, and therefore are not made available as entitlements.\n\n__Tip:__\nYou must be assigned to the admin role of the global account.\n\n__Further documentation:__\n\u003chttps://help.sap.com/docs/btp/sap-business-technology-platform/entitlements-and-quotas\u003e","description_kind":"markdown"}},"btp_subaccount_environment_instance":{"version":0,"block":{"attributes":{"broker_id":{"type":"string","description":"The ID of the associated environment broker.","description_kind":"markdown","computed":true},"created_date":{"type":"string","description":"The date and time when the resource was created in [RFC3339](https://www.ietf.org/rfc/rfc3339.txt) format.","description_kind":"markdown","computed":true},"custom_labels":{"type":["map",["set","string"]],"description":"The set of words or phrases assigned to the environment instance.","description_kind":"markdown","computed":true},"dashboard_url":{"type":"string","description":"The URL of the service dashboard, which is a web-based management user interface for the service instances.","description_kind":"markdown","computed":true},"description":{"type":"string","description":"The description of the environment instance.","description_kind":"markdown","computed":true},"environment_type":{"type":"string","description":"The type of the environment instance that is used.","description_kind":"markdown","required":true},"id":{"type":"string","description":"The ID of the environment instance.","description_kind":"markdown","computed":true},"labels":{"type":"string","description":"The Broker-specified key-value pairs that specify attributes of an environment instance.","description_kind":"markdown","computed":true},"landscape_label":{"type":"string","description":"The name of the landscape within the logged in region on which the environment instance is created.","description_kind":"markdown","optional":true,"computed":true},"last_modified":{"type":"string","description":"The date and time when the resource was last modified in [RFC3339](https://www.ietf.org/rfc/rfc3339.txt) format.","description_kind":"markdown","computed":true},"name":{"type":"string","description":"The name of the environment instance.","description_kind":"markdown","required":true},"operation":{"type":"string","description":"An identifier that represents the last operation. This ID is returned by the environment brokers.","description_kind":"markdown","computed":true},"parameters":{"type":"string","description":"The configuration parameters for the environment instance.","description_kind":"markdown","required":true},"plan_id":{"type":"string","description":"The ID of the service plan for the environment instance in the corresponding service broker's catalog.","description_kind":"markdown","computed":true},"plan_name":{"type":"string","description":"The name of the service plan for the environment instance in the corresponding service broker's catalog.","description_kind":"markdown","required":true},"platform_id":{"type":"string","description":"The ID of the platform for the environment instance in the corresponding service broker's catalog.","description_kind":"markdown","computed":true},"service_id":{"type":"string","description":"The ID of the service for the environment instance in the corresponding service broker's catalog.","description_kind":"markdown","computed":true},"service_name":{"type":"string","description":"The name of the service for the environment instance in the corresponding service broker's catalog.","description_kind":"markdown","required":true},"state":{"type":"string","description":"The current state of the environment instance. Possible values are: \n\n  | state | description | \n  | --- | --- | \n  | `OK` | The CRUD operation or series of operations completed successfully. | \n  | `CREATING` | Creating of the environment instance is in progress. | \n  | `CREATION_FAILED` | The creation of the environment instance failed, and the environment instance was not created or was created but cannot be used. | \n  | `UPDATING` | Updating of the environment instance is in progress. | \n  | `UPDATE_FAILED` | The update of the environment instance failed, and  the environment instance was not updated. | \n  | `DELETING` | Deleting of the environment instance is in progress. | \n  | `DELETION_FAILED` | The deletion of the environment instance failed, and the environment instance was not deleted. | ","description_kind":"markdown","computed":true},"subaccount_id":{"type":"string","description":"The ID of the subaccount.","description_kind":"markdown","required":true},"tenant_id":{"type":"string","description":"The ID of the tenant that owns the environment instance.","description_kind":"markdown","computed":true},"timeouts":{"nested_type":{"attributes":{"create":{"type":"string","description":"Timeout for creating the environment instance.","description_kind":"plain","optional":true},"delete":{"type":"string","description":"Timeout for deleting the environment instance.","description_kind":"plain","optional":true},"update":{"type":"string","description":"Timeout for updating the environment instance.","description_kind":"plain","optional":true}},"nesting_mode":"single"},"description_kind":"plain","optional":true},"type":{"type":"string","description":"The last provisioning operation on the environment instance. Possible values are: \n\n  | type | description | \n  | --- | --- | \n  | `Provision` | The environment instance is created. | \n  | `Update` | The environment instance is changed. | \n  | `Deprovision` | The environment instance is deleted. | ","description_kind":"markdown","computed":true}},"description":"Creates an environment instance, such as a Cloud Foundry org, in a subaccount.\n\n__Tips:__\n* You must be assigned to the admin role of the subaccount.\n* Quota-based environments, such as Kyma, must first be assigned as entitlements to the subaccount.\n\n__Further documentation:__\n* Cloud Foundry: \u003chttps://help.sap.com/docs/btp/sap-business-technology-platform/org-management-using-sap-btp-command-line-interface-btp-cli\u003e\n* Kyma: \u003chttps://help.sap.com/docs/btp/sap-business-technology-platform/available-plans-in-kyma-environment\u003e\n* Concept: \u003chttps://help.sap.com/docs/btp/sap-business-technology-platform/environments\u003e","description_kind":"markdown"}},"btp_subaccount_role":{"version":0,"block":{"attributes":{"app_id":{"type":"string","description":"The ID of the xsuaa application.","description_kind":"markdown","required":true},"attribute_list":{"nested_type":{"attributes":{"attribute_name":{"type":"string","description":"The name of the role attribute.","description_kind":"markdown","required":true},"attribute_value_origin":{"type":"string","description":"The origin of the attribute value.","description_kind":"markdown","required":true},"attribute_values":{"type":["set","string"],"description_kind":"plain","required":true},"value_required":{"type":"bool","description":"Do not use this attribute as it is defined is defined in the security descriptor (see \u003chttps://help.sap.com/docs/btp/sap-business-technology-platform/application-security-descriptor-configuration-syntax?#loio517895a9612241259d6941dbf9ad81cb__section_pv5_5qr_xs\u003e).","description_kind":"markdown","deprecated":true,"optional":true,"computed":true}},"nesting_mode":"list"},"description":"The attributes assigned to this role.","description_kind":"markdown","optional":true},"description":{"type":"string","description":"The role description.","description_kind":"markdown","optional":true,"computed":true},"id":{"type":"string","description":"The combined unique ID of the role.","description_kind":"markdown","deprecated":true,"computed":true},"name":{"type":"string","description":"The name of the role.","description_kind":"markdown","required":true},"read_only":{"type":"bool","description":"Shows whether the role can be modified or not.","description_kind":"markdown","computed":true},"role_template_name":{"type":"string","description":"The name of the role template.","description_kind":"markdown","required":true},"subaccount_id":{"type":"string","description":"The ID of the subaccount.","description_kind":"markdown","required":true}},"description":"Creates a role in a subaccount.\n\n__Tip:__\nYou must be assigned to the admin role of the subaccount.\n\n__Further documentation:__\n\u003chttps://help.sap.com/docs/btp/sap-business-technology-platform/role-collections-and-roles-in-global-accounts-directories-and-subaccounts\u003e","description_kind":"markdown"}},"btp_subaccount_role_collection":{"version":0,"block":{"attributes":{"description":{"type":"string","description":"The description of the role collection.","description_kind":"markdown","optional":true,"computed":true},"id":{"type":"string","description":"The combined unique ID of the role collection as used for import operations.","description_kind":"markdown","deprecated":true,"computed":true},"name":{"type":"string","description":"The name of the role collection.","description_kind":"markdown","required":true},"roles":{"nested_type":{"attributes":{"name":{"type":"string","description":"The name of the referenced role.","description_kind":"markdown","required":true},"role_template_app_id":{"type":"string","description":"The name of the referenced template app id.","description_kind":"markdown","required":true},"role_template_name":{"type":"string","description":"The name of the referenced role template.","description_kind":"markdown","required":true}},"nesting_mode":"set"},"description_kind":"plain","required":true},"subaccount_id":{"type":"string","description":"The ID of the subaccount.","description_kind":"markdown","required":true}},"description":"Creates a role collection in a subaccount.\n\n__Tip__\nYou must be assigned to the admin role of the subaccount.\n\n__Further documentation:__\n\u003chttps://help.sap.com/docs/btp/sap-business-technology-platform/role-collections-and-roles-in-global-accounts-directories-and-subaccounts\u003e","description_kind":"markdown"}},"btp_subaccount_role_collection_assignment":{"version":0,"block":{"attributes":{"attribute_name":{"type":"string","description":"The name of the attribute to assign.","description_kind":"markdown","optional":true},"attribute_value":{"type":"string","description":"The value of the attribute to assign.","description_kind":"markdown","optional":true},"group_name":{"type":"string","description":"The name of the group to assign.","description_kind":"markdown","optional":true},"id":{"type":"string","description":"The combined unique ID of the role collection.","description_kind":"markdown","deprecated":true,"computed":true},"origin":{"type":"string","description":"The identity provider that hosts the user or a group. Only needed for custom identity provider.","description_kind":"markdown","optional":true,"computed":true},"role_collection_name":{"type":"string","description":"The name of the role collection.","description_kind":"markdown","required":true},"subaccount_id":{"type":"string","description":"The ID of the subaccount.","description_kind":"markdown","required":true},"user_name":{"type":"string","description":"The username of the user to assign.","description_kind":"markdown","optional":true}},"description":"Assigns a user to a role collection on a subaccount level.\n\n__Tip:__\nYou must be assigned to the admin role of the subaccount.","description_kind":"markdown"}},"btp_subaccount_role_collection_base":{"version":0,"block":{"attributes":{"description":{"type":"string","description":"The description of the role collection.","description_kind":"markdown","optional":true,"computed":true},"id":{"type":"string","description":"The combined unique ID of the role collection as used for import operations.","description_kind":"markdown","deprecated":true,"computed":true},"name":{"type":"string","description":"The name of the role collection.","description_kind":"markdown","required":true},"subaccount_id":{"type":"string","description":"The ID of the subaccount.","description_kind":"markdown","required":true}},"description":"Creates a role collection base in a subaccount.\n\n### Prerequisites\n* You must be assigned to the **admin role** of the subaccount.\n\n### Conflict of Authority Warning\n\u003e [!CAUTION]\n\u003e Roles can be defined either directly using the **btp_subaccount_role_collection** resource (which manages the collection and roles together), or by using this **btp_subaccount_role_collection_base** resource in combination with **btp_subaccount_role_collection_role** — **but the two methods cannot be used together**.\n\u003e\n\u003e If both the monolithic resource and the individual base/role resources are used against the same Role Collection, spurious changes and conflicting state updates will occur.\n\n### Further documentation\nFor more details on role collections and roles, see the [official SAP BTP documentation](https://help.sap.com/docs/btp/sap-business-technology-platform/role-collections-and-roles-in-global-accounts-directories-and-subaccounts).","description_kind":"markdown"}},"btp_subaccount_role_collection_role":{"version":0,"block":{"attributes":{"id":{"type":"string","description":"The combined unique ID of the role collection as used for import operations.","description_kind":"markdown","deprecated":true,"computed":true},"name":{"type":"string","description":"The name of the role collection.","description_kind":"markdown","required":true},"role_name":{"type":"string","description":"The name of the referenced role.","description_kind":"markdown","required":true},"role_template_app_id":{"type":"string","description":"The name of the referenced template app id.","description_kind":"markdown","required":true},"role_template_name":{"type":"string","description":"The name of the referenced role template.","description_kind":"markdown","required":true},"subaccount_id":{"type":"string","description":"The ID of the subaccount.","description_kind":"markdown","required":true}},"description":"Creates a role collection role in a subaccount. \n\nThis resource is used to assign individual roles to a role collection container.\n\n### Prerequisites\n* You must be assigned to the **admin role** of the subaccount.\n* A role collection container must already exist. This can be managed via the **btp_subaccount_role_collection_base** resource.\n\n### Conflict of Authority Warning\n\u003e [!CAUTION]\n\u003e Roles within a collection can be managed either using the **btp_subaccount_role_collection** resource (which manages the entire set of roles) or by using individual **btp_subaccount_role_collection_role** resources in combination with **btp_subaccount_role_collection_base** — **but the two methods cannot be used together**.\n\u003e \n\u003e If you use this resource to add a role to a collection that is also managed by a monolithic **btp_subaccount_role_collection** resource, the two resources will fight for control over the roles list, leading to \"flapping\" during terraform apply and unexpected deletions.\n\n### Further documentation\nFor more details on role collections and roles, see the [official SAP BTP documentation](https://help.sap.com/docs/btp/sap-business-technology-platform/role-collections-and-roles-in-global-accounts-directories-and-subaccounts).","description_kind":"markdown"}},"btp_subaccount_security_settings":{"version":0,"block":{"attributes":{"access_token_validity":{"type":"number","description":"The validity of the access token.","description_kind":"markdown","optional":true,"computed":true},"custom_email_domains":{"type":["set","string"],"description":"Set of domains that are allowed to be used for user authentication.","description_kind":"markdown","optional":true,"computed":true},"default_identity_provider":{"type":"string","description":"The subaccount's default identity provider for business application users.","description_kind":"markdown","optional":true,"computed":true},"id":{"type":"string","description":"The ID of the security settings used for import operations.","description_kind":"markdown","deprecated":true,"computed":true},"iframe_domains":{"type":"string","description":"The new domains of the iframe. Enter as string. To provide multiple domains, separate them by spaces.","description_kind":"markdown","deprecated":true,"optional":true,"computed":true},"iframe_domains_list":{"type":["list","string"],"description":"The new domains of the iframe. Enter as list. It is recommended to use in place of iframe_domains as list of iframes is better managed by this parameter.","description_kind":"markdown","optional":true,"computed":true},"refresh_token_validity":{"type":"number","description":"The validity of the refresh token.","description_kind":"markdown","optional":true,"computed":true},"subaccount_id":{"type":"string","description":"The ID of the subaccount.","description_kind":"markdown","required":true},"treat_users_with_same_email_as_same_user":{"type":"bool","description":"If set to true, users with the same email are treated as same users.","description_kind":"markdown","optional":true,"computed":true}},"description":"Sets the security settings of a subaccount.\n\n__Tip:__\nYou must be assigned to the admin role of the subaccount.\n\n__Further documentation:__\n\u003chttps://help.sap.com/docs/btp/sap-business-technology-platform/configure-trusted-domains-for-sap-authorization-and-trust-management-service\u003e\n\u003chttps://help.sap.com/docs/btp/sap-business-technology-platform/configure-token-policy-for-sap-authorization-and-trust-management-service\u003e","description_kind":"markdown"}},"btp_subaccount_service_binding":{"version":0,"block":{"attributes":{"bind_resource":{"type":["map","string"],"description":"Contains the resources associated with the binding.","description_kind":"markdown","computed":true},"context":{"type":"string","description":"The contextual data for the resource.","description_kind":"markdown","computed":true},"created_date":{"type":"string","description":"The date and time when the resource was created in [RFC3339](https://www.ietf.org/rfc/rfc3339.txt) format.","description_kind":"markdown","computed":true},"credentials":{"type":"string","description":"The credentials to access the binding.","description_kind":"markdown","computed":true,"sensitive":true},"id":{"type":"string","description":"The ID of the service binding.","description_kind":"markdown","computed":true},"labels":{"type":["map",["set","string"]],"description":"The set of words or phrases assigned to the service binding.","description_kind":"markdown","optional":true,"computed":true},"last_modified":{"type":"string","description":"The date and time when the resource was last modified in [RFC3339](https://www.ietf.org/rfc/rfc3339.txt) format.","description_kind":"markdown","computed":true},"name":{"type":"string","description":"The name of the service binding.","description_kind":"markdown","required":true},"parameters":{"type":"string","description":"The parameters of the service binding as a valid JSON object.","description_kind":"markdown","optional":true,"computed":true},"ready":{"type":"bool","description":"Shows whether the service binding is ready.","description_kind":"markdown","computed":true},"service_instance_id":{"type":"string","description":"The ID of the service instance associated with the binding.","description_kind":"markdown","required":true},"state":{"type":"string","description":"The current state of the service binding. Possible values are: \n\n  | state | description | \n  | --- | --- | \n  | `in progress` | The operation or processing is in progress | \n  | `failed` | The operation or processing failed | \n  | `succeeded` | The operation or processing succeeded | ","description_kind":"markdown","computed":true},"subaccount_id":{"type":"string","description":"The ID of the subaccount.","description_kind":"markdown","required":true}},"description":"Creates a service binding, i.e. generates access details to consume a service.\n\n__Tip:__\nYou must be assigned to the admin or the service administrator role of the subaccount.","description_kind":"markdown"}},"btp_subaccount_service_broker":{"version":0,"block":{"attributes":{"cert":{"type":"string","description":"PEM-encoded client certificate. cert and key must be supplied together.","description_kind":"markdown","optional":true,"sensitive":true},"created_date":{"type":"string","description":"The date and time when the resource was created in [RFC3339](https://www.ietf.org/rfc/rfc3339.txt) format.","description_kind":"markdown","computed":true},"description":{"type":"string","description":"The description of the service broker.","description_kind":"markdown","optional":true,"computed":true},"id":{"type":"string","description":"The ID of the service broker.","description_kind":"markdown","computed":true},"key":{"type":"string","description":"PEM-encoded private key matching the client certificate. cert and key must be supplied together.","description_kind":"markdown","optional":true,"sensitive":true},"last_modified":{"type":"string","description":"The date and time when the resource was last modified in [RFC3339](https://www.ietf.org/rfc/rfc3339.txt) format.","description_kind":"markdown","computed":true},"mtls":{"type":"bool","description":"Use Service-Manager-provided mTLS credentials for the broker. When set to true, cert and key must NOT be supplied.","description_kind":"markdown","optional":true},"name":{"type":"string","description":"The name of the service broker.","description_kind":"markdown","required":true},"password":{"type":"string","description":"The password for basic authentication against the service broker.","description_kind":"markdown","optional":true,"sensitive":true},"ready":{"type":"bool","description":"Shows whether the service broker is ready.","description_kind":"markdown","computed":true},"subaccount_id":{"type":"string","description":"The ID of the subaccount.","description_kind":"markdown","required":true},"url":{"type":"string","description":"The URL of the service broker.","description_kind":"markdown","required":true},"username":{"type":"string","description":"The username for basic authentication against the service broker.","description_kind":"markdown","optional":true}},"description":"Registers a service service broker in a subaccount.\n\n__Tip:__\nYou must be assigned to the admin role of the subaccount.","description_kind":"markdown"}},"btp_subaccount_service_instance":{"version":0,"block":{"attributes":{"context":{"type":"string","description":"Contextual data for the resource.","description_kind":"markdown","computed":true},"created_date":{"type":"string","description":"The date and time when the resource was created in [RFC3339](https://www.ietf.org/rfc/rfc3339.txt) format.","description_kind":"markdown","computed":true},"dashboard_url":{"type":"string","description":"The URL of the web-based management UI for the service instance.","description_kind":"markdown","computed":true},"id":{"type":"string","description":"The ID of the service instance.","description_kind":"markdown","computed":true},"labels":{"type":["map",["set","string"]],"description":"The set of words or phrases assigned to the service instance.","description_kind":"markdown","optional":true,"computed":true},"last_modified":{"type":"string","description":"The date and time when the resource was last modified in [RFC3339](https://www.ietf.org/rfc/rfc3339.txt) format.","description_kind":"markdown","computed":true},"name":{"type":"string","description":"The name of the service instance.","description_kind":"markdown","required":true},"parameters":{"type":"string","description":"The configuration parameters for the service instance.","description_kind":"markdown","optional":true,"sensitive":true},"platform_id":{"type":"string","description":"The platform ID.","description_kind":"markdown","computed":true},"ready":{"type":"bool","description_kind":"plain","computed":true},"referenced_instance_id":{"type":"string","description":"The ID of the instance to which the service instance refers.","description_kind":"markdown","computed":true},"service_offering_name":{"type":"string","description":"The name of the service offering of the plan.","description_kind":"markdown","optional":true,"computed":true},"serviceplan_id":{"type":"string","description":"The ID of the service plan.","description_kind":"markdown","optional":true,"computed":true},"serviceplan_name":{"type":"string","description":"The name of the service plan.","description_kind":"markdown","optional":true,"computed":true},"shared":{"type":"bool","description":"The configuration parameter for service instance sharing. Ensure that the instance is created with a plan that supports instance sharing.","description_kind":"markdown","optional":true,"computed":true},"state":{"type":"string","description":"The current state of the service instance.","description_kind":"markdown","computed":true},"subaccount_id":{"type":"string","description":"The ID of the subaccount.","description_kind":"markdown","required":true},"timeouts":{"nested_type":{"attributes":{"create":{"type":"string","description":"Timeout for creating the service instance.","description_kind":"plain","optional":true},"delete":{"type":"string","description":"Timeout for deleting the service instance.","description_kind":"plain","optional":true},"update":{"type":"string","description":"Timeout for updating the service instance.","description_kind":"plain","optional":true}},"nesting_mode":"single"},"description_kind":"plain","optional":true},"usable":{"type":"bool","description":"Shows whether the resource can be used.","description_kind":"markdown","computed":true}},"description":"Creates a service instance in a subaccount.\n\n__Tip:__\nYou must be assigned to the admin or the service administrator role of the subaccount.","description_kind":"markdown"}},"btp_subaccount_subscription":{"version":0,"block":{"attributes":{"additional_plan_features":{"type":["set","string"],"description":"The list of features specific to this plan.","description_kind":"markdown","computed":true},"app_id":{"type":"string","description":"The ID returned by XSUAA after the app provider has performed a bind of the multitenant application to an XSUAA service instance.","description_kind":"markdown","computed":true},"app_name":{"type":"string","description":"The unique registration name of the deployed multitenant application as defined by the app developer.","description_kind":"markdown","required":true},"authentication_provider":{"type":"string","description":"The authentication provider of the multitenant application. * XSUAA is the SAP Authorization and Trust Management service that defines scopes and permissions for users as tenants at the global account level. * IAS is Identity Authentication Service that defines scopes and permissions for users in zones (common data isolation systems across systems, SaaS tenants, and services).","description_kind":"markdown","computed":true},"category":{"type":"string","description":"The technical name of the category defined by the app developer to which the multitenant application is grouped in customer-facing UIs.","description_kind":"markdown","computed":true},"commercial_app_name":{"type":"string","description":"The commercial name of the deployed multitenant application as defined by the app developer.","description_kind":"markdown","computed":true},"created_date":{"type":"string","description":"The date and time when the resource was created in [RFC3339](https://www.ietf.org/rfc/rfc3339.txt) format.","description_kind":"markdown","computed":true},"customer_developed":{"type":"bool","description":"Shows whether the application was developed by a customer. If not, then the application is developed by the cloud operator, such as SAP.","description_kind":"markdown","computed":true},"description":{"type":"string","description":"The description of the multitenant application for customer-facing UIs.","description_kind":"markdown","computed":true},"display_name":{"type":"string","description":"The display name of the application for customer-facing UIs.","description_kind":"markdown","computed":true},"formation_solution_name":{"type":"string","description":"The name of the formations solution associated with the multitenant application.","description_kind":"markdown","computed":true},"globalaccount_id":{"type":"string","description":"The ID of the associated global account.","description_kind":"markdown","computed":true},"id":{"type":"string","description":"The technical ID generated by XSUAA for a multitenant application when a consumer subscribes to the application.","description_kind":"markdown","computed":true},"labels":{"type":["map",["set","string"]],"description":"The set of words or phrases assigned to the multitenant application subscription.","description_kind":"markdown","computed":true},"last_modified":{"type":"string","description":"The date and time when the resource was last modified in [RFC3339](https://www.ietf.org/rfc/rfc3339.txt) format.","description_kind":"markdown","computed":true},"parameters":{"type":"string","description":"The parameters of the subscription as a valid JSON object.","description_kind":"markdown","optional":true,"computed":true},"plan_name":{"type":"string","description":"The plan name of the application to which the consumer has subscribed.","description_kind":"markdown","required":true},"platform_entity_id":{"type":"string","description":"The ID of the landscape-specific environment.","description_kind":"markdown","computed":true},"quota":{"type":"number","description":"The total amount the subscribed subaccount is entitled to consume.","description_kind":"markdown","computed":true},"state":{"type":"string","description":"The subscription state of the subaccount regarding the multitenant application.","description_kind":"markdown","computed":true},"subaccount_id":{"type":"string","description":"The ID of the subaccount.","description_kind":"markdown","required":true},"subscribed_subaccount_id":{"type":"string","description":"The ID of the subaccount, which is subscribed to the multitenant application.","description_kind":"markdown","computed":true},"subscribed_tenant_id":{"type":"string","description":"The ID of the tenant, which is subscribed to a multitenant application.","description_kind":"markdown","computed":true},"subscription_url":{"type":"string","description":"The URL for app users to launch the subscribed application.","description_kind":"markdown","computed":true},"supports_parameters_updates":{"type":"bool","description":"Specifies whether a consumer, whose subaccount is subscribed to the application, can change its subscriptions parameters.","description_kind":"markdown","computed":true},"supports_plan_updates":{"type":"bool","description":"Specifies whether a consumer, whose subaccount is subscribed to the application, can change the subscription to a different plan that is available for this application and subaccount.","description_kind":"markdown","computed":true},"tenant_id":{"type":"string","description":"The tenant ID of the application provider.","description_kind":"markdown","computed":true},"timeouts":{"nested_type":{"attributes":{"create":{"type":"string","description":"Timeout for creating the subscription.","description_kind":"plain","optional":true},"delete":{"type":"string","description":"Timeout for deleting the subscription.","description_kind":"plain","optional":true},"update":{"type":"string","description":"Timeout for updating the subscription.","description_kind":"plain","optional":true}},"nesting_mode":"single"},"description_kind":"plain","optional":true}},"description":"Subscribes a subaccount to a multitenant application.\nCustom or partner-developed applications are currently not supported.\n\n__Tip:__\nYou must be assigned to the admin role of the subaccount.","description_kind":"markdown"}},"btp_subaccount_trust_configuration":{"version":0,"block":{"attributes":{"auto_create_shadow_users":{"type":"bool","description":"Determines that any user from the tenant can log in. If not set, only the ones who already have a shadow user can log in.","description_kind":"markdown","optional":true,"computed":true},"available_for_user_logon":{"type":"bool","description":"Determines that end users can choose the trust configuration for login. If not set, the trust configuration can remain active, however only application users that explicitly specify the origin key can use if for login.","description_kind":"markdown","optional":true,"computed":true},"description":{"type":"string","description":"Description of the trust configuration.","description_kind":"markdown","optional":true,"computed":true},"domain":{"type":"string","description":"The tenant's domain which should be used for user logon.","description_kind":"markdown","optional":true,"computed":true},"id":{"type":"string","description":"The origin of the identity provider.","description_kind":"markdown","deprecated":true,"computed":true},"identity_provider":{"type":"string","description":"The name of the Identity Authentication tenant that you want to connect to the subaccount.","description_kind":"markdown","required":true},"link_text":{"type":"string","description":"Short string that helps users to identify the link for login.","description_kind":"markdown","optional":true,"computed":true},"name":{"type":"string","description":"The display name of the trust configuration.","description_kind":"markdown","optional":true,"computed":true},"origin":{"type":"string","description":"The origin of the identity provider.","description_kind":"markdown","optional":true,"computed":true},"protocol":{"type":"string","description":"The protocol used to establish trust with the identity provider.","description_kind":"markdown","computed":true},"read_only":{"type":"bool","description":"Shows whether the trust configuration can be modified.","description_kind":"markdown","computed":true},"status":{"type":"string","description":"Determines whether the identity provider is currently 'active' or 'inactive'.","description_kind":"markdown","optional":true,"computed":true},"subaccount_id":{"type":"string","description":"The ID of the subaccount.","description_kind":"markdown","required":true},"type":{"type":"string","description":"The trust type.","description_kind":"markdown","computed":true}},"description":"Establishes trust from a subaccount to an Identity Authentication tenant.\n\n__Tip:__\nYou must be assigned to the admin role of the subaccount.\n\n__Further documentation:__\n\u003chttps://help.sap.com/docs/btp/sap-business-technology-platform/trust-and-federation-with-identity-providers\u003e","description_kind":"markdown"}}},"data_source_schemas":{"btp_directories":{"version":0,"block":{"attributes":{"id":{"type":"string","description":"The ID of the global account.","description_kind":"markdown","deprecated":true,"computed":true},"values":{"nested_type":{"attributes":{"created_by":{"type":"string","description":"The details of the user that created the directory.","description_kind":"markdown","computed":true},"created_date":{"type":"string","description":"The date and time when the resource was created in [RFC3339](https://www.ietf.org/rfc/rfc3339.txt) format.","description_kind":"markdown","computed":true},"description":{"type":"string","description":"The description of the directory.","description_kind":"markdown","computed":true},"features":{"type":["set","string"],"description":"The features that are enabled for the directory. Possible values are: \n\n  | value | description | \n  | --- | --- | \n  | `DEFAULT`  | All directories have the following basic feature enabled:\u003cbr\u003e 1. Group and filter subaccounts for reports and filters \u003cbr\u003e 2. Monitor usage and costs on a directory level (costs only available for contracts that use the consumption-based commercial model)\u003cbr\u003e 3. Set custom properties and tags to the directory for identification and reporting purposes. | \n  | `ENTITLEMENTS` | Allows the assignment of a quota for services and applications to the directory from the global account quota for distribution to the subaccounts under this directory. | \n  | `AUTHORIZATIONS` | Allows the assignment of users as administrators or viewers of this directory. You must apply this feature in combination with the `ENTITLEMENTS` feature. | ","description_kind":"markdown","computed":true},"id":{"type":"string","description":"The ID of the directory.","description_kind":"markdown","required":true},"labels":{"type":["map",["set","string"]],"description":"The set of words or phrases assigned to the directory.","description_kind":"markdown","computed":true},"last_modified":{"type":"string","description":"The date and time when the resource was last modified in [RFC3339](https://www.ietf.org/rfc/rfc3339.txt) format.","description_kind":"markdown","computed":true},"name":{"type":"string","description":"The display name of the directory.","description_kind":"markdown","computed":true},"parent_id":{"type":"string","description":"The ID of the directory's parent entity. Typically this is the global account.","description_kind":"markdown","computed":true},"state":{"type":"string","description":"The current state of the directory. Possible values are: \n\n  | state | description | \n  | --- | --- | \n  | `OK` | The CRUD operation or series of operations completed successfully. | \n  | `STARTED` | CRUD operation on an entity has started. | \n  | `CANCELLED` | The operation or processing was canceled by the operator. | \n  | `PROCESSING` | A series of operations related to the entity is in progress. | \n  | `PROCESSING_FAILED` | The processing operations failed. | \n  | `CREATING` | Creating entity operation is in progress. | \n  | `CREATION_FAILED` | The creation operation failed, and the entity was not created or was created but cannot be used. | \n  | `UPDATING` | Updating entity operation is in progress. | \n  | `UPDATE_FAILED` | The update operation failed, and the entity was not updated. | \n  | `DELETING` | Deleting entity operation is in progress. | \n  | `DELETION_FAILED` | The delete operation failed, and the entity was not deleted. | \n  | `MOVING` | Moving entity operation is in progress. | \n  | `MOVE_FAILED` | Entity could not be moved to a different location. | \n  | `PENDING REVIEW` | The processing operation has been stopped for reviewing and can be restarted by the operator. | \n  | `MIGRATING` | Migrating entity from Neo to Cloud Foundry. | ","description_kind":"markdown","computed":true},"subdomain":{"type":"string","description":"This applies only to directories that have the user authorization management feature enabled. The subdomain is part of the path used to access the authorization tenant of the directory.","description_kind":"markdown","computed":true}},"nesting_mode":"list"},"description":"The directories contained in the global account.","description_kind":"markdown","computed":true}},"description":"Gets all the directories in a global account, including the directories in directories.\n\n__Tip:__\nYou must be assigned to the admin or viewer role of the global account, directory.","description_kind":"markdown"}},"btp_directory":{"version":0,"block":{"attributes":{"created_by":{"type":"string","description":"The details of the user that created the directory.","description_kind":"markdown","computed":true},"created_date":{"type":"string","description":"The date and time when the resource was created in [RFC3339](https://www.ietf.org/rfc/rfc3339.txt) format.","description_kind":"markdown","computed":true},"description":{"type":"string","description":"The description of the directory.","description_kind":"markdown","computed":true},"features":{"type":["set","string"],"description":"The features that are enabled for the directory. Possible values are: \n\n  | value | description | \n  | --- | --- | \n  | `DEFAULT`  | All directories have the following basic feature enabled:\u003cbr\u003e 1. Group and filter subaccounts for reports and filters \u003cbr\u003e 2. Monitor usage and costs on a directory level (costs only available for contracts that use the consumption-based commercial model)\u003cbr\u003e 3. Set custom properties and tags to the directory for identification and reporting purposes. | \n  | `ENTITLEMENTS` | Allows the assignment of a quota for services and applications to the directory from the global account quota for distribution to the subaccounts under this directory. | \n  | `AUTHORIZATIONS` | Allows the assignment of users as administrators or viewers of this directory. You must apply this feature in combination with the `ENTITLEMENTS` feature. | ","description_kind":"markdown","computed":true},"id":{"type":"string","description":"The ID of the directory.","description_kind":"markdown","required":true},"labels":{"type":["map",["set","string"]],"description":"The set of words or phrases assigned to the directory.","description_kind":"markdown","computed":true},"last_modified":{"type":"string","description":"The date and time when the resource was last modified in [RFC3339](https://www.ietf.org/rfc/rfc3339.txt) format.","description_kind":"markdown","computed":true},"name":{"type":"string","description":"The display name of the directory.","description_kind":"markdown","computed":true},"parent_id":{"type":"string","description":"The ID of the directory's parent entity. Typically this is the global account.","description_kind":"markdown","computed":true},"state":{"type":"string","description":"The current state of the directory. Possible values are: \n\n  | state | description | \n  | --- | --- | \n  | `OK` | The CRUD operation or series of operations completed successfully. | \n  | `STARTED` | CRUD operation on an entity has started. | \n  | `CANCELLED` | The operation or processing was canceled by the operator. | \n  | `PROCESSING` | A series of operations related to the entity is in progress. | \n  | `PROCESSING_FAILED` | The processing operations failed. | \n  | `CREATING` | Creating entity operation is in progress. | \n  | `CREATION_FAILED` | The creation operation failed, and the entity was not created or was created but cannot be used. | \n  | `UPDATING` | Updating entity operation is in progress. | \n  | `UPDATE_FAILED` | The update operation failed, and the entity was not updated. | \n  | `DELETING` | Deleting entity operation is in progress. | \n  | `DELETION_FAILED` | The delete operation failed, and the entity was not deleted. | \n  | `MOVING` | Moving entity operation is in progress. | \n  | `MOVE_FAILED` | Entity could not be moved to a different location. | \n  | `PENDING REVIEW` | The processing operation has been stopped for reviewing and can be restarted by the operator. | \n  | `MIGRATING` | Migrating entity from Neo to Cloud Foundry. | ","description_kind":"markdown","computed":true},"subdomain":{"type":"string","description":"This applies only to directories that have the user authorization management feature enabled. The subdomain is part of the path used to access the authorization tenant of the directory.","description_kind":"markdown","computed":true}},"description":"Gets the details about a directory.\n\n__Tip:__\nYou must be assigned to the global account admin role, or the directory admin if the directory is configured to manage its authorizations.\n\n__Further documentation:__\n\u003chttps://help.sap.com/docs/btp/sap-business-technology-platform/account-model\u003e","description_kind":"markdown"}},"btp_directory_entitlement":{"version":1,"block":{"attributes":{"category":{"type":"string","description":"The category of the entitlement.","description_kind":"markdown","computed":true},"directory_id":{"type":"string","description":"The ID of the directory.","description_kind":"markdown","required":true},"id":{"type":"string","description":"Synthetic ID combining directory ID, service name, and plan name.","description_kind":"markdown","computed":true},"plan_id":{"type":"string","description":"The ID of the entitled service plan.","description_kind":"markdown","computed":true},"plan_name":{"type":"string","description":"The name of the entitled service plan.","description_kind":"markdown","required":true},"plan_unique_identifier":{"type":"string","description":"The unique identifier of the entitled service plan.","description_kind":"markdown","computed":true},"quota_assigned":{"type":"number","description":"The overall quota assigned.","description_kind":"markdown","computed":true},"quota_remaining":{"type":"number","description":"The quota, which is not used.","description_kind":"markdown","computed":true},"service_name":{"type":"string","description":"The name of the entitled service.","description_kind":"markdown","required":true}},"description":"Gets a specific entitlement assigned to a directory.","description_kind":"markdown"}},"btp_directory_entitlements":{"version":0,"block":{"attributes":{"directory_id":{"type":"string","description":"The ID of the directory.","description_kind":"markdown","required":true},"id":{"type":"string","description":"The ID of the directory.","description_kind":"markdown","deprecated":true,"computed":true},"values":{"nested_type":{"attributes":{"category":{"type":"string","description":"The current state of the entitlement. Possible values are: \n \n  | value | description | \n  | --- | --- | \n  | `PLATFORM` |  A service required for using a specific platform; for example, Application Runtime is required for the Cloud Foundry platform. | \n  | `SERVICE` | A commercial or technical service. that has a numeric quota (amount) when entitled or assigned to a resource. When assigning entitlements of this type, use the 'amount' option. | \n  | `ELASTIC_SERVICE` | A commercial or technical service that has no numeric quota (amount) when entitled or assigned to a resource. Generally this type of service can be as many times as needed when enabled, but may in some cases be restricted by the service owner. | \n  | `ELASTIC_LIMITED` | An elastic service that can be enabled for only one subaccount per global account. | \n  | `APPLICATION` | A multitenant application to which consumers can subscribe. As opposed to applications defined as a 'QUOTA_BASED_APPLICATION', these applications do not have a numeric quota and are simply enabled or disabled as entitlements per subaccount. | \n  | `QUOTA_BASED_APPLICATION` | A multitenant application to which consumers can subscribe. As opposed to applications defined as 'APPLICATION', these applications have an numeric quota that limits consumer usage of the subscribed application per subaccount. | \n  | `ENVIRONMENT` |  An environment service; for example, Cloud Foundry. | ","description_kind":"markdown","computed":true},"plan_description":{"type":"string","description":"The description of the entitled service plan.","description_kind":"markdown","computed":true},"plan_display_name":{"type":"string","description":"The display name of the entitled service plan.","description_kind":"markdown","computed":true},"plan_name":{"type":"string","description":"The name of the entitled service plan.","description_kind":"markdown","computed":true},"plan_unique_identifier":{"type":"string","description":"The unique identifier of the entitled service plan.","description_kind":"markdown","computed":true},"quota_assigned":{"type":"number","description":"The overall quota assigned.","description_kind":"markdown","computed":true},"quota_remaining":{"type":"number","description":"The quota, which is not used.","description_kind":"markdown","computed":true},"service_display_name":{"type":"string","description":"The display name of the entitled service.","description_kind":"markdown","computed":true},"service_name":{"type":"string","description":"The name of the entitled service.","description_kind":"markdown","computed":true}},"nesting_mode":"map"},"description_kind":"plain","computed":true}},"description":"Gets all the entitlements and quota assignments for a directory.\n\nTo view all the resources that a directory and its subdirectories and subaccounts are entitled to use, the following condition must be met:\n* The directory must be a directory that is configured to manage its own entitlements.\n* You must be assigned to either the global account admin or global account viewers role.","description_kind":"markdown"}},"btp_directory_labels":{"version":0,"block":{"attributes":{"directory_id":{"type":"string","description":"The ID of the directory.","description_kind":"markdown","required":true},"id":{"type":"string","description":"The ID of the directory.","description_kind":"markdown","deprecated":true,"computed":true},"values":{"type":["map",["set","string"]],"description":"Contains the label values","description_kind":"markdown","computed":true}},"description":"Gets all the user-defined labels that are currently assigned to a specific directory.\n\n__Tip:__\nYou must be assigned to the global account admin or viewer role. These roles assignments are not needed for directories of which you are the directory admin.\n\n__Further documentation:__\n\u003chttps://help.sap.com/docs/btp/sap-business-technology-platform/account-model\u003e","description_kind":"markdown"}},"btp_directory_role":{"version":0,"block":{"attributes":{"app_id":{"type":"string","description":"The ID of the xsuaa application.","description_kind":"markdown","required":true},"description":{"type":"string","description":"The description of the role.","description_kind":"markdown","computed":true},"directory_id":{"type":"string","description":"The ID of the directory.","description_kind":"markdown","required":true},"id":{"type":"string","description":"The ID of the directory.","description_kind":"markdown","deprecated":true,"computed":true},"name":{"type":"string","description":"The name of the role.","description_kind":"markdown","required":true},"read_only":{"type":"bool","description":"Shows whether the role can be modified or not.","description_kind":"markdown","computed":true},"role_template_name":{"type":"string","description":"The name of the role template.","description_kind":"markdown","required":true},"scopes":{"nested_type":{"attributes":{"custom_grant_as_authority_to_apps":{"type":["set","string"],"description_kind":"plain","computed":true},"custom_granted_apps":{"type":["set","string"],"description_kind":"plain","computed":true},"description":{"type":"string","description":"The description of the scope.","description_kind":"markdown","computed":true},"grant_as_authority_to_apps":{"type":["set","string"],"description_kind":"plain","computed":true},"granted_apps":{"type":["set","string"],"description_kind":"plain","computed":true},"name":{"type":"string","description":"The name of the scope.","description_kind":"markdown","computed":true}},"nesting_mode":"list"},"description":"The scopes available with this role.","description_kind":"markdown","computed":true}},"description":"Gets details about a specific directory role.\n\t\t\n__Tip:__\nYou must be assigned to the admin or viewer role of the global account, directory.","description_kind":"markdown"}},"btp_directory_role_collection":{"version":0,"block":{"attributes":{"attribute_mappings":{"nested_type":{"attributes":{"attribute":{"type":"string","description":"The user attribute or group name used in the mapping.","description_kind":"markdown","computed":true},"identity_provider":{"type":"string","description":"The display name of the identity provider from which the attribute or group mapping originates.","description_kind":"markdown","computed":true},"operator":{"type":"string","description":"The operator applied in the attribute mapping. Only `equals` is currently supported.","description_kind":"markdown","computed":true},"value":{"type":"string","description":"The value of the user attribute or group that grants the role collection.","description_kind":"markdown","computed":true}},"nesting_mode":"set"},"description":"List of user attributes and user groups from identity providers that effectively grant this role collection.","description_kind":"markdown","computed":true},"description":{"type":"string","description":"The description of the role collection.","description_kind":"markdown","computed":true},"directory_id":{"type":"string","description":"The ID of the directory.","description_kind":"markdown","required":true},"id":{"type":"string","description":"The ID of the directory.","description_kind":"markdown","deprecated":true,"computed":true},"name":{"type":"string","description":"The name of the role collection.","description_kind":"markdown","required":true},"read_only":{"type":"bool","description":"Shows whether the role collection is read-only.","description_kind":"markdown","computed":true},"roles":{"nested_type":{"attributes":{"description":{"type":"string","description":"The description of the referenced role","description_kind":"markdown","computed":true},"name":{"type":"string","description":"The name of the referenced role.","description_kind":"markdown","computed":true},"role_template_app_id":{"type":"string","description":"The name of the referenced template app id","description_kind":"markdown","computed":true},"role_template_name":{"type":"string","description":"The name of the referenced role template.","description_kind":"markdown","computed":true}},"nesting_mode":"set"},"description_kind":"plain","computed":true},"show_attribute_mappings":{"type":"bool","description":"If set to true, the data source will also return which user attributes and user groups provided by an identity provider effectively grant this role collection.","description_kind":"markdown","optional":true}},"description":"Gets details about a specific directory role collection.\n\n__Tip:__\nYou must be assigned to the admin or viewer role of the global account, directory.","description_kind":"markdown"}},"btp_directory_role_collections":{"version":0,"block":{"attributes":{"directory_id":{"type":"string","description":"The ID of the directory.","description_kind":"markdown","required":true},"id":{"type":"string","description":"The ID of the directory.","description_kind":"markdown","deprecated":true,"computed":true},"values":{"nested_type":{"attributes":{"description":{"type":"string","description":"The description of the role collection.","description_kind":"markdown","computed":true},"name":{"type":"string","description":"The name of the role collection.","description_kind":"markdown","computed":true},"read_only":{"type":"bool","description":"Shows whether the role collection is read-only.","description_kind":"markdown","computed":true},"roles":{"nested_type":{"attributes":{"description":{"type":"string","description":"The description of the referenced role","description_kind":"markdown","computed":true},"name":{"type":"string","description":"The name of the referenced role.","description_kind":"markdown","computed":true},"role_template_app_id":{"type":"string","description":"The name of the referenced template app id","description_kind":"markdown","computed":true},"role_template_name":{"type":"string","description":"The name of the referenced role template.","description_kind":"markdown","computed":true}},"nesting_mode":"set"},"description_kind":"plain","computed":true}},"nesting_mode":"list"},"description_kind":"plain","computed":true}},"description":"Gets all role collections.\n\t\t\n__Tip:__\nYou must be assigned to the admin or viewer role of the global account, directory.","description_kind":"markdown"}},"btp_directory_roles":{"version":0,"block":{"attributes":{"directory_id":{"type":"string","description":"The ID of the directory.","description_kind":"markdown","required":true},"id":{"type":"string","description":"The ID of the directory.","description_kind":"markdown","deprecated":true,"computed":true},"values":{"nested_type":{"attributes":{"app_id":{"type":"string","description":"The id of the application that provides the role template and the role.","description_kind":"markdown","computed":true},"app_name":{"type":"string","description":"The name of the application that provides the role template and the role.","description_kind":"markdown","computed":true},"description":{"type":"string","description":"The description of the role.","description_kind":"markdown","computed":true},"name":{"type":"string","description":"The name of the role.","description_kind":"markdown","computed":true},"read_only":{"type":"bool","description":"Shows whether the role can be modified or not.","description_kind":"markdown","computed":true},"role_template_name":{"type":"string","description":"The name of the role template.","description_kind":"markdown","computed":true},"scopes":{"nested_type":{"attributes":{"custom_grant_as_authority_to_apps":{"type":["set","string"],"description_kind":"plain","computed":true},"custom_granted_apps":{"type":["set","string"],"description_kind":"plain","computed":true},"description":{"type":"string","description":"The description of the scope.","description_kind":"markdown","computed":true},"grant_as_authority_to_apps":{"type":["set","string"],"description_kind":"plain","computed":true},"granted_apps":{"type":["set","string"],"description_kind":"plain","computed":true},"name":{"type":"string","description":"The name of the scope.","description_kind":"markdown","computed":true}},"nesting_mode":"list"},"description":"The scopes available with this role.","description_kind":"markdown","computed":true}},"nesting_mode":"list"},"description_kind":"plain","computed":true}},"description":"Gets all roles.\n\n__Tip:__\nYou must be assigned to the admin or viewer role of the global account, directory.\n\n__Further documentation:__\n\u003chttps://help.sap.com/docs/btp/sap-business-technology-platform/role-collections-and-roles-in-global-accounts-directories-and-subaccounts\u003e","description_kind":"markdown"}},"btp_directory_user":{"version":0,"block":{"attributes":{"active":{"type":"bool","description":"Shows if the account is still in use.","description_kind":"markdown","computed":true},"directory_id":{"type":"string","description":"The ID of the directory.","description_kind":"markdown","required":true},"email":{"type":"string","description":"The e-mail address of the user.","description_kind":"markdown","computed":true},"family_name":{"type":"string","description":"The last name of the user.","description_kind":"markdown","computed":true},"given_name":{"type":"string","description":"The given name of the user.","description_kind":"markdown","computed":true},"id":{"type":"string","description":"The ID of the user.","description_kind":"markdown","computed":true},"origin":{"type":"string","description":"The identity provider that hosts the user. Only needed for custom identity provider.","description_kind":"markdown","optional":true,"computed":true},"role_collections":{"type":["set","string"],"description":"The set of role collections, which are assigned to the user.","description_kind":"markdown","computed":true},"user_name":{"type":"string","description":"The username of the user.","description_kind":"markdown","required":true},"verified":{"type":"bool","description":"The verification status of the user.","description_kind":"markdown","computed":true}},"description":"Shows registered users in a directory. Users belong to one of the identity providers (IdPs) of the global account.\n\n__Tip:__\nYou must be assigned to the admin or viewer role of the global account, directory.","description_kind":"markdown"}},"btp_directory_users":{"version":0,"block":{"attributes":{"directory_id":{"type":"string","description":"The ID of the directory.","description_kind":"markdown","required":true},"id":{"type":"string","description":"The ID of the directory.","description_kind":"markdown","deprecated":true,"computed":true},"origin":{"type":"string","description":"The identity provider that hosts the user. Only needed for custom identity provider.","description_kind":"markdown","optional":true,"computed":true},"values":{"type":["set","string"],"description":"The list of users assigned to the directory.","description_kind":"markdown","computed":true}},"description":"Gets all users.\n\n__Tip:__\nYou must be assigned to the admin or viewer role of the global account, directory.\n\n__Further documentation:__\n\u003chttps://help.sap.com/docs/btp/sap-business-technology-platform/user-and-member-management\u003e","description_kind":"markdown"}},"btp_disaster_recovery_subaccount_pair":{"version":0,"block":{"attributes":{"created_by":{"type":"string","description":"The user who created the subaccount pair.","description_kind":"markdown","computed":true},"created_date":{"type":"string","description":"The timestamp when the subaccount pair was created in [RFC3339](https://www.ietf.org/rfc/rfc3339.txt) format.","description_kind":"markdown","computed":true},"globalaccount_id":{"type":"string","description":"The ID of the globalaccount.","description_kind":"markdown","computed":true},"pair_id":{"type":"string","description":"The ID of the subaccount pair.","description_kind":"markdown","computed":true},"subaccount_id":{"type":"string","description":"The ID of a paired subaccount.","description_kind":"markdown","required":true},"subaccounts":{"nested_type":{"attributes":{"id":{"type":"string","description":"The ID of the subaccount.","description_kind":"markdown","computed":true},"region":{"type":"string","description":"The region of the subaccount.","description_kind":"markdown","computed":true},"subdomain":{"type":"string","description":"The subdomain of the subaccount.","description_kind":"markdown","computed":true}},"nesting_mode":"list"},"description":"The list of subaccounts in the disaster recovery pair.","description_kind":"markdown","computed":true}},"description":"Gets the subaccount pair details for the specified subaccount.\n\n__Tip:__\nYou must be assigned to Central Disaster Recovery Administrator in both subaccounts.","description_kind":"markdown"}},"btp_globalaccount":{"version":0,"block":{"attributes":{"commercial_model":{"type":"string","description":"The type of the commercial contract that was signed.","description_kind":"markdown","computed":true},"consumption_based":{"type":"bool","description":"Shows whether the customer of the global account pays only for services that they actually use (consumption-based) or pays for subscribed services at a fixed cost irrespective of consumption (subscription-based).","description_kind":"markdown","computed":true},"contract_status":{"type":"string","description":"The status of the customer contract and its associated root global account. Possible values are: \n\n  | status | description | \n  | --- | --- | \n  | `ACTIVE` | The customer contract and its associated global account is currently active. | \n  | `PENDING_TERMINATION` | A termination process has been triggered for a customer contract (the customer contract has expired, or a customer has given notification that they wish to terminate their contract), and the global account is currently in the validation period. The customer can still access their global account until the end of the validation period. | \n  | `SUSPENDED` | For enterprise accounts, specifies that the customer's global account is currently in the grace period of the termination process. Access to the global account by the customer is blocked. No data is deleted until the deletion date is reached at the end of the grace period. For trial accounts, specifies that the account is suspended, and the account owner has not yet extended the trial period. | ","description_kind":"markdown","computed":true},"costobject_id":{"type":"string","description":"The number or code of the cost center, internal order, or Work Breakdown Structure element that is charged for the creation and usage of the global account. The type of the cost object must be configured in `costobject_type`.","description_kind":"markdown","computed":true},"costobject_type":{"type":"string","description":"The type of accounting assignment object that is associated with the global account owner and used to charge for the creation and usage of the global account. The number or code of the specified cost object is defined in `costobject_id`. Possible values are: \n\n  | value | description | \n  | --- | --- | \n  | `COST_CENTER` | Cost Center | \n  | `INTERNAL_ORDER` | Internal Order | \n  | `WBS_ELEMENT` | WBS Element | ","description_kind":"markdown","computed":true},"created_date":{"type":"string","description":"The date and time when the resource was created in [RFC3339](https://www.ietf.org/rfc/rfc3339.txt) format.","description_kind":"markdown","computed":true},"crm_customer_id":{"type":"string","description":"The ID of the customer as registered in the CRM system.","description_kind":"markdown","computed":true},"crm_tenant_id":{"type":"string","description":"The ID of the customer tenant as registered in the CRM system.","description_kind":"markdown","computed":true},"description":{"type":"string","description":"The description of the global account.","description_kind":"markdown","computed":true},"expiry_date":{"type":"string","description":"The planned date that the global account expires. This is the same date as the Contract End Date, unless a manual adjustment has been made to the actual expiration date of the global account. Typically, this property is automatically populated only when a formal termination order is received from the CRM system. From a customer perspective, this date marks the start of the grace period, which is typically 30 days before the actual deletion of the account.","description_kind":"markdown","computed":true},"geo_access":{"type":"string","description":"The geographic locations from where the global account can be accessed. Possible values are: \n\n  | value | description | \n  | --- | --- | \n  | `STANDARD` | The global account can be accessed from any geographic location. | \n  | `EU_ACCESS` | The global account can be accessed only within locations in the EU. | ","description_kind":"markdown","computed":true},"id":{"type":"string","description":"The ID of the global account.","description_kind":"markdown","computed":true},"last_modified":{"type":"string","description":"The date and time when the resource was last modified in [RFC3339](https://www.ietf.org/rfc/rfc3339.txt) format.","description_kind":"markdown","computed":true},"license_type":{"type":"string","description":"The type of license for the global account. The license type affects the scope of functions of the account. Possible values are: \n\n  | type | description | \n  | --- | --- | \n  | `DEVELOPER`  | For internal developer global accounts on Staging or Canary landscapes. | \n  | `CUSTOMER` | For customer global accounts. | \n  | `PARTNER` | For partner global accounts. | \n  | `INTERNAL_DEV` | For internal global accounts on the Dev landscape.  | \n  | `INTERNAL_PROD` | For internal global accounts on the Live landscape. | \n  | `TRIAL` | For customer trial accounts. | ","description_kind":"markdown","computed":true},"name":{"type":"string","description":"The display name of the global account.","description_kind":"markdown","computed":true},"origin":{"type":"string","description":"The origin of the account. Possible values are: \n\n  | origin | description | \n  | --- | --- | \n  | `ORDER` | Created by the Order Processing API or Submit Order wizard. | \n  | `OPERATOR` | Created by the Global Account wizard. | \n  | `REGION_SETUP` | Created automatically as part of the region setup. | ","description_kind":"markdown","computed":true},"renewal_date":{"type":"string","description":"The date that an expired contract was renewed.","description_kind":"markdown","computed":true},"service_id":{"type":"string","description":"For internal accounts, the service for which the global account was created.","description_kind":"markdown","computed":true},"state":{"type":"string","description":"The current state of the global account. Possible values are: \n\n  | state | description | \n  | --- | --- | \n  | `OK` | The CRUD operation or series of operations completed successfully. | \n  | `STARTED` | CRUD operation on an entity has started. | \n  | `CANCELLED` | The operation or processing was canceled by the operator. | \n  | `PROCESSING` | A series of operations related to the entity is in progress. | \n  | `PROCESSING_FAILED` | The processing operations failed. | \n  | `CREATING` | Creating entity operation is in progress. | \n  | `CREATION_FAILED` | The creation operation failed, and the entity was not created or was created but cannot be used. | \n  | `UPDATING` |  Updating entity operation is in progress. | \n  | `UPDATE_FAILED` | The update operation failed, and the entity was not updated. | \n  | `DELETING` | Deleting entity operation is in progress. | \n  | `DELETION_FAILED` | The delete operation failed, and the entity was not deleted. | \n  | `MOVING` | Moving entity operation is in progress. | \n  | `MOVE_FAILED` | Entity could not be moved to a different location. | \n  | `PENDING REVIEW` | The processing operation has been stopped for reviewing and can be restarted by the operator. | \n  | `MIGRATING` | Migrating entity from Neo to Cloud Foundry. | ","description_kind":"markdown","computed":true},"subdomain":{"type":"string","description":"The subdomain is part of the path used to access the authorization tenant of the global account.","description_kind":"markdown","computed":true},"usage":{"type":"string","description":"For internal accounts, the intended purpose of the global account. Possible values are: \n\n  | usage | description | \n  | --- | --- | \n  | `Development` | For testing development. | \n  | `Testing` | For testing development. | \n  | `Demo` | For creating demos. | \n  | `Production`  | For delivering a service in a production landscape. | ","description_kind":"markdown","computed":true}},"description":"Gets details about a global account.\n\n__Tip:__\nYou must be assigned to the admin or viewer role of the global account.\n\n__Further documentation:__\n\u003chttps://help.sap.com/docs/btp/sap-business-technology-platform/account-model\u003e","description_kind":"markdown"}},"btp_globalaccount_entitlement_with_data_centers":{"version":0,"block":{"attributes":{"category":{"type":"string","description":"The current state of the entitlement. Possible values are: \n \n  | value | description | \n  | --- | --- | \n  | `PLATFORM` |  A service required for using a specific platform; for example, Application Runtime is required for the Cloud Foundry platform. | \n  | `SERVICE` | A commercial or technical service. that has a numeric quota (amount) when entitled or assigned to a resource. When assigning entitlements of this type, use the 'amount' option. | \n  | `ELASTIC_SERVICE` | A commercial or technical service that has no numeric quota (amount) when entitled or assigned to a resource. Generally this type of service can be as many times as needed when enabled, but may in some cases be restricted by the service owner. | \n  | `ELASTIC_LIMITED` | An elastic service that can be enabled for only one subaccount per global account. | \n  | `APPLICATION` | A multitenant application to which consumers can subscribe. As opposed to applications defined as a 'QUOTA_BASED_APPLICATION', these applications do not have a numeric quota and are simply enabled or disabled as entitlements per subaccount. | \n  | `QUOTA_BASED_APPLICATION` | A multitenant application to which consumers can subscribe. As opposed to applications defined as 'APPLICATION', these applications have an numeric quota that limits consumer usage of the subscribed application per subaccount. | \n  | `ENVIRONMENT` |  An environment service; for example, Cloud Foundry. | ","description_kind":"markdown","computed":true},"datacenter_information":{"nested_type":{"attributes":{"dc_display_name":{"type":"string","description":"The display name of the data center.","description_kind":"markdown","computed":true},"dc_iaas_provider":{"type":"string","description":"The infrastructure provider for the data center.","description_kind":"markdown","computed":true},"dc_name":{"type":"string","description":"The technical name of the data center.","description_kind":"markdown","computed":true},"dc_region":{"type":"string","description":"The region in which the data center is located.","description_kind":"markdown","computed":true}},"nesting_mode":"map"},"description_kind":"plain","computed":true},"plan_description":{"type":"string","description":"The description of the entitled service plan.","description_kind":"markdown","computed":true},"plan_display_name":{"type":"string","description":"The display name of the entitled service plan.","description_kind":"markdown","computed":true},"plan_name":{"type":"string","description":"The name of the entitled service plan.","description_kind":"markdown","required":true},"plan_unique_identifier":{"type":"string","description":"The unique identifier of the entitled service plan.","description_kind":"markdown","computed":true},"quota_assigned":{"type":"number","description":"The overall quota assigned.","description_kind":"markdown","computed":true},"quota_remaining":{"type":"number","description":"The quota, which is not used.","description_kind":"markdown","computed":true},"service_display_name":{"type":"string","description":"The display name of the entitled service.","description_kind":"markdown","computed":true},"service_name":{"type":"string","description":"The name of the entitled service.","description_kind":"markdown","required":true}},"description":"Returns entitlement details for a specific plan of a given service for a global account including the data center availability.\n\n__Tip:__\nYou must be assigned to either the global account admin or global account viewers role.","description_kind":"markdown"}},"btp_globalaccount_entitlements":{"version":0,"block":{"attributes":{"id":{"type":"string","description":"The ID of the global account.","description_kind":"markdown","deprecated":true,"computed":true},"values":{"nested_type":{"attributes":{"category":{"type":"string","description":"The current state of the entitlement. Possible values are: \n \n  | value | description | \n  | --- | --- | \n  | `PLATFORM` |  A service required for using a specific platform; for example, Application Runtime is required for the Cloud Foundry platform. | \n  | `SERVICE` | A commercial or technical service. that has a numeric quota (amount) when entitled or assigned to a resource. When assigning entitlements of this type, use the 'amount' option. | \n  | `ELASTIC_SERVICE` | A commercial or technical service that has no numeric quota (amount) when entitled or assigned to a resource. Generally this type of service can be as many times as needed when enabled, but may in some cases be restricted by the service owner. | \n  | `ELASTIC_LIMITED` | An elastic service that can be enabled for only one subaccount per global account. | \n  | `APPLICATION` | A multitenant application to which consumers can subscribe. As opposed to applications defined as a 'QUOTA_BASED_APPLICATION', these applications do not have a numeric quota and are simply enabled or disabled as entitlements per subaccount. | \n  | `QUOTA_BASED_APPLICATION` | A multitenant application to which consumers can subscribe. As opposed to applications defined as 'APPLICATION', these applications have an numeric quota that limits consumer usage of the subscribed application per subaccount. | \n  | `ENVIRONMENT` |  An environment service; for example, Cloud Foundry. | ","description_kind":"markdown","computed":true},"plan_description":{"type":"string","description":"The description of the entitled service plan.","description_kind":"markdown","computed":true},"plan_display_name":{"type":"string","description":"The display name of the entitled service plan.","description_kind":"markdown","computed":true},"plan_name":{"type":"string","description":"The name of the entitled service plan.","description_kind":"markdown","computed":true},"plan_unique_identifier":{"type":"string","description":"The unique identifier of the entitled service plan.","description_kind":"markdown","computed":true},"quota_assigned":{"type":"number","description":"The overall quota assigned.","description_kind":"markdown","computed":true},"quota_remaining":{"type":"number","description":"The quota, which is not used.","description_kind":"markdown","computed":true},"service_display_name":{"type":"string","description":"The display name of the entitled service.","description_kind":"markdown","computed":true},"service_name":{"type":"string","description":"The name of the entitled service.","description_kind":"markdown","computed":true}},"nesting_mode":"map"},"description_kind":"plain","computed":true}},"description":"Gets all the entitlements and quota assignments for a global account.\n\n__Tip:__\nYou must be assigned to either the global account admin or global account viewers role.","description_kind":"markdown"}},"btp_globalaccount_entitlements_with_data_centers":{"version":0,"block":{"attributes":{"id":{"type":"string","description":"The ID of the global account.","description_kind":"markdown","deprecated":true,"computed":true},"values":{"nested_type":{"attributes":{"category":{"type":"string","description":"The current state of the entitlement. Possible values are: \n \n  | value | description | \n  | --- | --- | \n  | `PLATFORM` |  A service required for using a specific platform; for example, Application Runtime is required for the Cloud Foundry platform. | \n  | `SERVICE` | A commercial or technical service. that has a numeric quota (amount) when entitled or assigned to a resource. When assigning entitlements of this type, use the 'amount' option. | \n  | `ELASTIC_SERVICE` | A commercial or technical service that has no numeric quota (amount) when entitled or assigned to a resource. Generally this type of service can be as many times as needed when enabled, but may in some cases be restricted by the service owner. | \n  | `ELASTIC_LIMITED` | An elastic service that can be enabled for only one subaccount per global account. | \n  | `APPLICATION` | A multitenant application to which consumers can subscribe. As opposed to applications defined as a 'QUOTA_BASED_APPLICATION', these applications do not have a numeric quota and are simply enabled or disabled as entitlements per subaccount. | \n  | `QUOTA_BASED_APPLICATION` | A multitenant application to which consumers can subscribe. As opposed to applications defined as 'APPLICATION', these applications have an numeric quota that limits consumer usage of the subscribed application per subaccount. | \n  | `ENVIRONMENT` |  An environment service; for example, Cloud Foundry. | ","description_kind":"markdown","computed":true},"datacenter_information":{"nested_type":{"attributes":{"dc_display_name":{"type":"string","description":"The display name of the data center.","description_kind":"markdown","computed":true},"dc_iaas_provider":{"type":"string","description":"The infrastructure provider for the data center.","description_kind":"markdown","computed":true},"dc_name":{"type":"string","description":"The technical name of the data center.","description_kind":"markdown","computed":true},"dc_region":{"type":"string","description":"The region in which the data center is located.","description_kind":"markdown","computed":true}},"nesting_mode":"map"},"description_kind":"plain","computed":true},"plan_description":{"type":"string","description":"The description of the entitled service plan.","description_kind":"markdown","computed":true},"plan_display_name":{"type":"string","description":"The display name of the entitled service plan.","description_kind":"markdown","computed":true},"plan_name":{"type":"string","description":"The name of the entitled service plan.","description_kind":"markdown","computed":true},"plan_unique_identifier":{"type":"string","description":"The unique identifier of the entitled service plan.","description_kind":"markdown","computed":true},"quota_assigned":{"type":"number","description":"The overall quota assigned.","description_kind":"markdown","computed":true},"quota_remaining":{"type":"number","description":"The quota, which is not used.","description_kind":"markdown","computed":true},"service_display_name":{"type":"string","description":"The display name of the entitled service.","description_kind":"markdown","computed":true},"service_name":{"type":"string","description":"The name of the entitled service.","description_kind":"markdown","computed":true}},"nesting_mode":"map"},"description_kind":"plain","computed":true}},"description":"Gets all the entitlements and quota assignments for a global account including the data center availability.\n\n__Tip:__\nYou must be assigned to either the global account admin or global account viewers role.","description_kind":"markdown"}},"btp_globalaccount_identity_provider":{"version":0,"block":{"attributes":{"common_host":{"type":"string","description":"The common host of the identity provider.","description_kind":"markdown","computed":true},"cost_center_id":{"type":"number","description":"The cost center ID associated with the entity.","description_kind":"markdown","computed":true},"custom_host":{"type":"string","description":"The custom host of the identity provider.","description_kind":"markdown","computed":true},"customer_id":{"type":"string","description":"The customer ID.","description_kind":"markdown","computed":true},"customer_name":{"type":"string","description":"The name of the customer.","description_kind":"markdown","computed":true},"data_center_id":{"type":"string","description":"The data center ID.","description_kind":"markdown","computed":true},"description":{"type":"string","description":"The description of the identity provider.","description_kind":"markdown","computed":true},"display_name":{"type":"string","description":"The display name of the identity provider.","description_kind":"markdown","computed":true},"host":{"type":"string","description":"The host of the identity provider.","description_kind":"markdown","required":true},"region":{"type":"string","description":"The region where the identity provider is located.","description_kind":"markdown","computed":true},"status":{"type":"string","description":"The current status of the identity provider.","description_kind":"markdown","computed":true},"tenant_id":{"type":"string","description":"The unique ID of the tenant.","description_kind":"markdown","computed":true},"tenant_type":{"type":"string","description":"The type of the tenant.","description_kind":"markdown","computed":true}},"description":"Gets details about a specific available identity provider for a global account.","description_kind":"markdown"}},"btp_globalaccount_identity_providers":{"version":0,"block":{"attributes":{"values":{"nested_type":{"attributes":{"common_host":{"type":"string","description_kind":"plain","computed":true},"cost_center_id":{"type":"number","description_kind":"plain","computed":true},"custom_host":{"type":"string","description_kind":"plain","computed":true},"customer_id":{"type":"string","description_kind":"plain","computed":true},"customer_name":{"type":"string","description_kind":"plain","computed":true},"data_center_id":{"type":"string","description_kind":"plain","computed":true},"description":{"type":"string","description_kind":"plain","computed":true},"display_name":{"type":"string","description_kind":"plain","computed":true},"host":{"type":"string","description_kind":"plain","computed":true},"region":{"type":"string","description_kind":"plain","computed":true},"status":{"type":"string","description_kind":"plain","computed":true},"tenant_id":{"type":"string","description_kind":"plain","computed":true},"tenant_type":{"type":"string","description_kind":"plain","computed":true}},"nesting_mode":"list"},"description_kind":"plain","computed":true}},"description":"Lists the available identity providers for a global account.","description_kind":"markdown"}},"btp_globalaccount_role":{"version":0,"block":{"attributes":{"app_id":{"type":"string","description":"The ID of the xsuaa application.","description_kind":"markdown","required":true},"description":{"type":"string","description":"The description of the role.","description_kind":"markdown","computed":true},"id":{"type":"string","description":"The ID of the global account","description_kind":"markdown","deprecated":true,"computed":true},"name":{"type":"string","description":"The name of the role.","description_kind":"markdown","required":true},"read_only":{"type":"bool","description":"Shows whether the role can be modified or not.","description_kind":"markdown","computed":true},"role_template_name":{"type":"string","description":"The name of the role template.","description_kind":"markdown","required":true},"scopes":{"nested_type":{"attributes":{"custom_grant_as_authority_to_apps":{"type":["set","string"],"description_kind":"plain","computed":true},"custom_granted_apps":{"type":["set","string"],"description_kind":"plain","computed":true},"description":{"type":"string","description":"The description of the scope.","description_kind":"markdown","computed":true},"grant_as_authority_to_apps":{"type":["set","string"],"description_kind":"plain","computed":true},"granted_apps":{"type":["set","string"],"description_kind":"plain","computed":true},"name":{"type":"string","description":"The name of the scope.","description_kind":"markdown","computed":true}},"nesting_mode":"list"},"description":"The scopes available with this role.","description_kind":"markdown","computed":true}},"description":"Gets details about a specific global account role.\n\n__Tip:__\nYou must be assigned to the admin or viewer role of the global account.","description_kind":"markdown"}},"btp_globalaccount_role_collection":{"version":0,"block":{"attributes":{"attribute_mappings":{"nested_type":{"attributes":{"attribute":{"type":"string","description":"The user attribute or group name used in the mapping.","description_kind":"markdown","computed":true},"identity_provider":{"type":"string","description":"The display name of the identity provider from which the attribute or group mapping originates.","description_kind":"markdown","computed":true},"operator":{"type":"string","description":"The operator applied in the attribute mapping. Only `equals` is currently supported.","description_kind":"markdown","computed":true},"value":{"type":"string","description":"The value of the user attribute or group that grants the role collection.","description_kind":"markdown","computed":true}},"nesting_mode":"set"},"description":"List of user attributes and user groups from identity providers that effectively grant this role collection.","description_kind":"markdown","computed":true},"description":{"type":"string","description":"The description of the role collection.","description_kind":"markdown","computed":true},"id":{"type":"string","description":"The ID of the global account.","description_kind":"markdown","deprecated":true,"computed":true},"name":{"type":"string","description":"The name of the role collection.","description_kind":"markdown","required":true},"read_only":{"type":"bool","description":"Shows whether the role collection is read-only.","description_kind":"markdown","computed":true},"roles":{"nested_type":{"attributes":{"description":{"type":"string","description":"The description of the referenced role","description_kind":"markdown","computed":true},"name":{"type":"string","description":"The name of the referenced role.","description_kind":"markdown","computed":true},"role_template_app_id":{"type":"string","description":"The name of the referenced template app id","description_kind":"markdown","computed":true},"role_template_name":{"type":"string","description":"The name of the referenced role template.","description_kind":"markdown","computed":true}},"nesting_mode":"set"},"description_kind":"plain","computed":true},"show_attribute_mappings":{"type":"bool","description":"If set to true, the data source will also return which user attributes and user groups provided by an identity provider effectively grant this role collection.","description_kind":"markdown","optional":true}},"description":"Gets details about a specific global account role collection.\n\n__Tip:__\nYou must be assigned to the admin or viewer role of the global account.","description_kind":"markdown"}},"btp_globalaccount_role_collections":{"version":0,"block":{"attributes":{"id":{"type":"string","description":"The ID of the global account","description_kind":"markdown","deprecated":true,"computed":true},"values":{"nested_type":{"attributes":{"description":{"type":"string","description":"The description of the role collection.","description_kind":"markdown","computed":true},"name":{"type":"string","description":"The name of the role collection.","description_kind":"markdown","computed":true},"read_only":{"type":"bool","description":"Shows whether the role collection is read-only.","description_kind":"markdown","computed":true},"roles":{"nested_type":{"attributes":{"description":{"type":"string","description":"The description of the referenced role","description_kind":"markdown","computed":true},"name":{"type":"string","description":"The name of the referenced role.","description_kind":"markdown","computed":true},"role_template_app_id":{"type":"string","description":"The name of the referenced template app id","description_kind":"markdown","computed":true},"role_template_name":{"type":"string","description":"The name of the referenced role template.","description_kind":"markdown","computed":true}},"nesting_mode":"set"},"description_kind":"plain","computed":true}},"nesting_mode":"list"},"description_kind":"plain","computed":true}},"description":"Gets all role collections.\n\n__Tip:__\nYou must be assigned to the admin or viewer role of the global account.","description_kind":"markdown"}},"btp_globalaccount_roles":{"version":0,"block":{"attributes":{"id":{"type":"string","description":"The ID of the global account.","description_kind":"markdown","deprecated":true,"computed":true},"values":{"nested_type":{"attributes":{"app_id":{"type":"string","description":"The id of the application that provides the role template and the role.","description_kind":"markdown","computed":true},"app_name":{"type":"string","description":"The name of the application that provides the role template and the role.","description_kind":"markdown","computed":true},"description":{"type":"string","description":"The description of the role.","description_kind":"markdown","computed":true},"name":{"type":"string","description":"The name of the role.","description_kind":"markdown","computed":true},"read_only":{"type":"bool","description":"Shows whether the role can be modified or not.","description_kind":"markdown","computed":true},"role_template_name":{"type":"string","description":"The name of the role template.","description_kind":"markdown","computed":true},"scopes":{"nested_type":{"attributes":{"custom_grant_as_authority_to_apps":{"type":["set","string"],"description_kind":"plain","computed":true},"custom_granted_apps":{"type":["set","string"],"description_kind":"plain","computed":true},"description":{"type":"string","description":"The description of the scope.","description_kind":"markdown","computed":true},"grant_as_authority_to_apps":{"type":["set","string"],"description_kind":"plain","computed":true},"granted_apps":{"type":["set","string"],"description_kind":"plain","computed":true},"name":{"type":"string","description":"The name of the scope.","description_kind":"markdown","computed":true}},"nesting_mode":"list"},"description":"The scopes available with this role.","description_kind":"markdown","computed":true}},"nesting_mode":"list"},"description_kind":"plain","computed":true}},"description":"Lists all roles.\n\n__Tip:__\nYou must be assigned to the admin or viewer role of the global account.\n\n__Further documentation:__\n\u003chttps://help.sap.com/docs/btp/sap-business-technology-platform/role-collections-and-roles-in-global-accounts-directories-and-subaccounts\u003e","description_kind":"markdown"}},"btp_globalaccount_security_settings":{"version":0,"block":{"attributes":{"access_token_validity":{"type":"number","description":"The validity of the access token.","description_kind":"markdown","computed":true},"custom_email_domains":{"type":["set","string"],"description":"Set of domains that are allowed to be used for user authentication.","description_kind":"markdown","computed":true},"default_identity_provider":{"type":"string","description":"The global account's default identity provider for platform users. Used to log on to platform tools such as SAP BTP cockpit or the btp CLI.","description_kind":"markdown","computed":true},"iframe_domains":{"type":"string","description":"The new domains of the iframe. Enter as string. To provide multiple domains, separate them by spaces.","description_kind":"markdown","computed":true},"refresh_token_validity":{"type":"number","description":"The validity of the refresh token.","description_kind":"markdown","computed":true},"treat_users_with_same_email_as_same_user":{"type":"bool","description":"If set to true, users with the same email are treated as same users.","description_kind":"markdown","computed":true}},"description":"Gets the security settings of a global account.\n\n__Tip:__\nYou must be assigned to the admin or viewer role of the global account.\n\n__Further documentation:__\n\u003chttps://help.sap.com/docs/btp/sap-business-technology-platform/configure-trusted-domains-for-sap-authorization-and-trust-management-service\u003e\n\u003chttps://help.sap.com/docs/btp/sap-business-technology-platform/configure-token-policy-for-sap-authorization-and-trust-management-service\u003e","description_kind":"markdown"}},"btp_globalaccount_trust_configuration":{"version":0,"block":{"attributes":{"description":{"type":"string","description":"The description of the trust configuration.","description_kind":"markdown","computed":true},"domain":{"type":"string","description":"The tenant's domain which should be used for user logon.","description_kind":"markdown","computed":true},"id":{"type":"string","description":"The origin of the identity provider.","description_kind":"markdown","deprecated":true,"computed":true},"identity_provider":{"type":"string","description":"The name of the Identity Authentication tenant the global account is connected to.","description_kind":"markdown","computed":true},"name":{"type":"string","description":"The display name of the trust configuration.","description_kind":"markdown","computed":true},"origin":{"type":"string","description":"The origin of the identity provider.","description_kind":"markdown","required":true},"protocol":{"type":"string","description":"The protocol used to establish trust with the identity provider.","description_kind":"markdown","computed":true},"read_only":{"type":"bool","description":"Shows whether the trust configuration can be modified.","description_kind":"markdown","computed":true},"status":{"type":"string","description":"Shows whether the identity provider is currently 'active' or 'inactive'.","description_kind":"markdown","computed":true},"type":{"type":"string","description":"The trust type.","description_kind":"markdown","computed":true}},"description":"Gets details about a trust configuration.\n\n__Tip:__\nYou must be assigned to the admin or viewer role of the global account.\n\n__Further documentation:__\n\u003chttps://help.sap.com/docs/btp/sap-btp-neo-environment/platform-identity-provider\u003e","description_kind":"markdown"}},"btp_globalaccount_trust_configurations":{"version":0,"block":{"attributes":{"id":{"type":"string","description":"The ID of the global account.","description_kind":"markdown","deprecated":true,"computed":true},"values":{"nested_type":{"attributes":{"description":{"type":"string","description":"The description of the trust configuration.","description_kind":"markdown","computed":true},"domain":{"type":"string","description":"The tenant's domain which should be used for user logon.","description_kind":"markdown","computed":true},"id":{"type":"string","description":"The origin of the identity provider.","description_kind":"markdown","deprecated":true,"computed":true},"identity_provider":{"type":"string","description":"The name of the Identity Authentication tenant the global account is connected to.","description_kind":"markdown","computed":true},"name":{"type":"string","description":"The display name of the trust configuration.","description_kind":"markdown","computed":true},"origin":{"type":"string","description":"The origin of the identity provider.","description_kind":"markdown","computed":true},"protocol":{"type":"string","description":"The protocol used to establish trust with the identity provider.","description_kind":"markdown","computed":true},"read_only":{"type":"bool","description":"Shows whether the trust configuration can be modified.","description_kind":"markdown","computed":true},"status":{"type":"string","description":"Shows whether the identity provider is currently 'active' or 'inactive'.","description_kind":"markdown","computed":true},"type":{"type":"string","description":"The trust type.","description_kind":"markdown","computed":true}},"nesting_mode":"list"},"description":"The trust configurations associated with the global account.","description_kind":"markdown","computed":true}},"description":"List all trust configurations that are configured for your global account.\n\n__Tip:__\nYou must be assigned to the admin or viewer role of the global account.\n\n__Further documentation:__\n\u003chttps://help.sap.com/docs/btp/sap-business-technology-platform/trust-and-federation-with-identity-providers\u003e","description_kind":"markdown"}},"btp_globalaccount_user":{"version":0,"block":{"attributes":{"active":{"type":"bool","description":"Shows if the account is still in use.","description_kind":"markdown","computed":true},"email":{"type":"string","description":"The e-mail address of the user.","description_kind":"markdown","computed":true},"family_name":{"type":"string","description":"The last name of the user.","description_kind":"markdown","computed":true},"given_name":{"type":"string","description":"The given name of the user.","description_kind":"markdown","computed":true},"id":{"type":"string","description":"The ID of the user.","description_kind":"markdown","computed":true},"origin":{"type":"string","description":"The identity provider that hosts the user. Only needed for custom identity provider.","description_kind":"markdown","optional":true,"computed":true},"role_collections":{"type":["set","string"],"description":"The set of role collections, which are assigned to the user.","description_kind":"markdown","computed":true},"user_name":{"type":"string","description":"The username of the user.","description_kind":"markdown","required":true},"verified":{"type":"bool","description":"The verification status of the user.","description_kind":"markdown","computed":true}},"description":"Shows registered users in a global account. Users belong to one of the identity providers (IdPs) of the global account.\n\n__Tip:__\nYou must be assigned to the admin or viewer role of the global account.","description_kind":"markdown"}},"btp_globalaccount_users":{"version":0,"block":{"attributes":{"id":{"type":"string","description":"The ID of the global account.","description_kind":"markdown","deprecated":true,"computed":true},"origin":{"type":"string","description":"The identity provider that hosts the user. Only needed for custom identity provider.","description_kind":"markdown","optional":true,"computed":true},"values":{"type":["set","string"],"description":"The list of users assigned to the global account.","description_kind":"markdown","computed":true}},"description":"Lists all users.\n\n__Tip:__\nYou must be assigned to the admin or viewer role of the global account.\n\n__Further documentation:__\n\u003chttps://help.sap.com/docs/btp/sap-business-technology-platform/user-and-member-management\u003e","description_kind":"markdown"}},"btp_globalaccount_with_hierarchy":{"version":0,"block":{"attributes":{"created_date":{"type":"string","description":"The date and time when the resource was created in [RFC3339](https://www.ietf.org/rfc/rfc3339.txt) format.","description_kind":"markdown","computed":true},"directories":{"nested_type":{"attributes":{"created_by":{"type":"string","description":"The details of the user that created the directory.","description_kind":"markdown","computed":true},"created_date":{"type":"string","description":"The date and time when the directory was created in [RFC3339](https://www.ietf.org/rfc/rfc3339.txt) format.","description_kind":"markdown","computed":true},"directories":{"nested_type":{"attributes":{"created_by":{"type":"string","description":"The details of the user that created the directory.","description_kind":"markdown","computed":true},"created_date":{"type":"string","description":"The date and time when the directory was created in [RFC3339](https://www.ietf.org/rfc/rfc3339.txt) format.","description_kind":"markdown","computed":true},"directories":{"nested_type":{"attributes":{"created_by":{"type":"string","description":"The details of the user that created the directory.","description_kind":"markdown","computed":true},"created_date":{"type":"string","description":"The date and time when the directory was created in [RFC3339](https://www.ietf.org/rfc/rfc3339.txt) format.","description_kind":"markdown","computed":true},"directories":{"nested_type":{"attributes":{"created_by":{"type":"string","description":"The details of the user that created the directory.","description_kind":"markdown","computed":true},"created_date":{"type":"string","description":"The date and time when the directory was created in [RFC3339](https://www.ietf.org/rfc/rfc3339.txt) format.","description_kind":"markdown","computed":true},"directories":{"nested_type":{"attributes":{"created_by":{"type":"string","description":"The details of the user that created the directory.","description_kind":"markdown","computed":true},"created_date":{"type":"string","description":"The date and time when the directory was created in [RFC3339](https://www.ietf.org/rfc/rfc3339.txt) format.","description_kind":"markdown","computed":true},"directories":{"nested_type":{"attributes":{"created_by":{"type":"string","description":"The details of the user that created the directory.","description_kind":"markdown","computed":true},"created_date":{"type":"string","description":"The date and time when the directory was created in [RFC3339](https://www.ietf.org/rfc/rfc3339.txt) format.","description_kind":"markdown","computed":true},"features":{"type":["set","string"],"description":"The features that are enabled for the directory. Possible values are: \n\n  | value | description | \n  | --- | --- | \n  | `DEFAULT`  | All directories have the following basic feature enabled:\u003cbr\u003e 1. Group and filter subaccounts for reports and filters \u003cbr\u003e 2. Monitor usage and costs on a directory level (costs only available for contracts that use the consumption-based commercial model)\u003cbr\u003e 3. Set custom properties and tags to the directory for identification and reporting purposes. | \n  | `ENTITLEMENTS` | Allows the assignment of a quota for services and applications to the directory from the global account quota for distribution to the subaccounts under this directory. | \n  | `AUTHORIZATIONS` | Allows the assignment of users as administrators or viewers of this directory. You must apply this feature in combination with the `ENTITLEMENTS` feature. | ","description_kind":"markdown","computed":true},"id":{"type":"string","description":"The ID of the directory.","description_kind":"markdown","computed":true},"last_modified":{"type":"string","description":"The date and time when the resource was last modified in [RFC3339](https://www.ietf.org/rfc/rfc3339.txt) format.","description_kind":"markdown","computed":true},"name":{"type":"string","description":"The display name of the directory.","description_kind":"markdown","computed":true},"parent_id":{"type":"string","description":"The ID of the directory's parent entity. Typically this is the global account.","description_kind":"markdown","computed":true},"parent_name":{"type":"string","description":"The name of the directory's parent entity. Typically this is the global account.","description_kind":"markdown","computed":true},"parent_type":{"type":"string","description":"The type of the directory's parent entity. Typically this will have the value 'Global Account'.","description_kind":"markdown","computed":true},"state":{"type":"string","description":"The current state of the directory. Possible values are: \n\n  | state | description | \n  | --- | --- | \n  | `OK` | The CRUD operation or series of operations completed successfully. | \n  | `STARTED` | CRUD operation on an entity has started. | \n  | `CANCELLED` | The operation or processing was canceled by the operator. | \n  | `PROCESSING` | A series of operations related to the entity is in progress. | \n  | `PROCESSING_FAILED` | The processing operations failed. | \n  | `CREATING` | Creating entity operation is in progress. | \n  | `CREATION_FAILED` | The creation operation failed, and the entity was not created or was created but cannot be used. | \n  | `UPDATING` | Updating entity operation is in progress. | \n  | `UPDATE_FAILED` | The update operation failed, and the entity was not updated. | \n  | `DELETING` | Deleting entity operation is in progress. | \n  | `DELETION_FAILED` | The delete operation failed, and the entity was not deleted. | \n  | `MOVING` | Moving entity operation is in progress. | \n  | `MOVE_FAILED` | Entity could not be moved to a different location. | \n  | `PENDING REVIEW` | The processing operation has been stopped for reviewing and can be restarted by the operator. | \n  | `MIGRATING` | Migrating entity from Neo to Cloud Foundry. | ","description_kind":"markdown","computed":true},"subaccounts":{"nested_type":{"attributes":{"created_by":{"type":"string","description":"The details of the user that created the subaccount.","description_kind":"markdown","computed":true},"created_date":{"type":"string","description":"The date and time when the subaccount was created in [RFC3339](https://www.ietf.org/rfc/rfc3339.txt) format.","description_kind":"markdown","computed":true},"id":{"type":"string","description":"The ID of the subaccount.","description_kind":"markdown","computed":true},"last_modified":{"type":"string","description":"The date and time when the subaccount was last modified in [RFC3339](https://www.ietf.org/rfc/rfc3339.txt) format.","description_kind":"markdown","computed":true},"name":{"type":"string","description":"A descriptive name of the subaccount for customer-facing UIs.","description_kind":"markdown","computed":true},"parent_id":{"type":"string","description":"The ID of the subaccount’s parent entity. If the subaccount is located directly in the global account (not in a directory), then this is the ID of the global account.","description_kind":"markdown","computed":true},"parent_name":{"type":"string","description":"The name of the subaccount's parent entity. If the subaccount is located directly in the global account (not in a directory), then this is the name of the global account.","description_kind":"markdown","computed":true},"parent_type":{"type":"string","description":"The type of the subaccount's parent entity. If the subaccount is located directly in the global account (not in a directory), then this will have the value 'Global Account' .","description_kind":"markdown","computed":true},"region":{"type":"string","description":"The region in which the subaccount was created.","description_kind":"markdown","computed":true},"state":{"type":"string","description":"The current state of the subaccount. Possible values are: \n\n  | state | description | \n  | --- | --- | \n  | `OK` | The CRUD operation or series of operations completed successfully. | \n  | `STARTED` | CRUD operation on an entity has started. | \n  | `CANCELLED` | The operation or processing was canceled by the operator. | \n  | `PROCESSING` | A series of operations related to the entity is in progress. | \n  | `PROCESSING_FAILED` | The processing operations failed. | \n  | `CREATING` | Creating entity operation is in progress. | \n  | `CREATION_FAILED` | The creation operation failed, and the entity was not created or was created but cannot be used. | \n  | `UPDATING` | Updating entity operation is in progress. | \n  | `UPDATE_FAILED` | The update operation failed, and the entity was not updated. | \n  | `DELETING` | Deleting entity operation is in progress. | \n  | `DELETION_FAILED` | The delete operation failed, and the entity was not deleted. | \n  | `MOVING` | Moving entity operation is in progress. | \n  | `MOVE_FAILED` | Entity could not be moved to a different location. | \n  | `PENDING REVIEW` | The processing operation has been stopped for reviewing and can be restarted by the operator. | \n  | `MIGRATING` | Migrating entity from Neo to Cloud Foundry. | ","description_kind":"markdown","computed":true},"subdomain":{"type":"string","description":"The subdomain that becomes part of the path used to access the authorization tenant of the subaccount. Must be unique within the defined region. Use only letters (a-z), digits (0-9), and hyphens (not at the start or end). Maximum length is 63 characters. Cannot be changed after the subaccount has been created.","description_kind":"markdown","computed":true},"type":{"type":"string","description":"The type of resource, in this case this will be 'Subaccount'.","description_kind":"markdown","computed":true}},"nesting_mode":"list"},"description":"The subaccounts contained in this directory.","description_kind":"markdown","optional":true,"computed":true},"subdomain":{"type":"string","description":"This applies only to directories that have the user authorization management feature enabled. The subdomain is part of the path used to access the authorization tenant of the directory.","description_kind":"markdown","optional":true,"computed":true},"type":{"type":"string","description":"The type of resource, in this case will have the value 'Directory'.","description_kind":"markdown","computed":true}},"nesting_mode":"list"},"description":"The list of directories contained in this directory.","description_kind":"markdown","optional":true,"computed":true},"features":{"type":["set","string"],"description":"The features that are enabled for the directory. Possible values are: \n\n  | value | description | \n  | --- | --- | \n  | `DEFAULT`  | All directories have the following basic feature enabled:\u003cbr\u003e 1. Group and filter subaccounts for reports and filters \u003cbr\u003e 2. Monitor usage and costs on a directory level (costs only available for contracts that use the consumption-based commercial model)\u003cbr\u003e 3. Set custom properties and tags to the directory for identification and reporting purposes. | \n  | `ENTITLEMENTS` | Allows the assignment of a quota for services and applications to the directory from the global account quota for distribution to the subaccounts under this directory. | \n  | `AUTHORIZATIONS` | Allows the assignment of users as administrators or viewers of this directory. You must apply this feature in combination with the `ENTITLEMENTS` feature. | ","description_kind":"markdown","computed":true},"id":{"type":"string","description":"The ID of the directory.","description_kind":"markdown","computed":true},"last_modified":{"type":"string","description":"The date and time when the directory was last modified in [RFC3339](https://www.ietf.org/rfc/rfc3339.txt) format.","description_kind":"markdown","computed":true},"name":{"type":"string","description":"The display name of the directory.","description_kind":"markdown","computed":true},"parent_id":{"type":"string","description":"The ID of the directory's parent entity. Typically this is the global account.","description_kind":"markdown","computed":true},"parent_name":{"type":"string","description":"The name of the directory's parent entity. Typically this is the global account.","description_kind":"markdown","computed":true},"parent_type":{"type":"string","description":"The type of the directory's parent entity. Typically this will have the value 'Global Account'.","description_kind":"markdown","computed":true},"state":{"type":"string","description":"The current state of the directory. Possible values are: \n\n  | state | description | \n  | --- | --- | \n  | `OK` | The CRUD operation or series of operations completed successfully. | \n  | `STARTED` | CRUD operation on an entity has started. | \n  | `CANCELLED` | The operation or processing was canceled by the operator. | \n  | `PROCESSING` | A series of operations related to the entity is in progress. | \n  | `PROCESSING_FAILED` | The processing operations failed. | \n  | `CREATING` | Creating entity operation is in progress. | \n  | `CREATION_FAILED` | The creation operation failed, and the entity was not created or was created but cannot be used. | \n  | `UPDATING` | Updating entity operation is in progress. | \n  | `UPDATE_FAILED` | The update operation failed, and the entity was not updated. | \n  | `DELETING` | Deleting entity operation is in progress. | \n  | `DELETION_FAILED` | The delete operation failed, and the entity was not deleted. | \n  | `MOVING` | Moving entity operation is in progress. | \n  | `MOVE_FAILED` | Entity could not be moved to a different location. | \n  | `PENDING REVIEW` | The processing operation has been stopped for reviewing and can be restarted by the operator. | \n  | `MIGRATING` | Migrating entity from Neo to Cloud Foundry. | ","description_kind":"markdown","computed":true},"subaccounts":{"nested_type":{"attributes":{"created_by":{"type":"string","description":"The details of the user that created the subaccount.","description_kind":"markdown","computed":true},"created_date":{"type":"string","description":"The date and time when the subaccount was created in [RFC3339](https://www.ietf.org/rfc/rfc3339.txt) format.","description_kind":"markdown","computed":true},"id":{"type":"string","description":"The ID of the subaccount.","description_kind":"markdown","computed":true},"last_modified":{"type":"string","description":"The date and time when the subaccount was last modified in [RFC3339](https://www.ietf.org/rfc/rfc3339.txt) format.","description_kind":"markdown","computed":true},"name":{"type":"string","description":"A descriptive name of the subaccount for customer-facing UIs.","description_kind":"markdown","computed":true},"parent_id":{"type":"string","description":"The ID of the subaccount’s parent entity. If the subaccount is located directly in the global account (not in a directory), then this is the ID of the global account.","description_kind":"markdown","computed":true},"parent_name":{"type":"string","description":"The name of the subaccount's parent entity. If the subaccount is located directly in the global account (not in a directory), then this is the name of the global account.","description_kind":"markdown","computed":true},"parent_type":{"type":"string","description":"The type of the subaccount's parent entity. If the subaccount is located directly in the global account (not in a directory), then this will have the value 'Global Account' .","description_kind":"markdown","computed":true},"region":{"type":"string","description":"The region in which the subaccount was created.","description_kind":"markdown","computed":true},"state":{"type":"string","description":"The current state of the subaccount. Possible values are: \n\n  | state | description | \n  | --- | --- | \n  | `OK` | The CRUD operation or series of operations completed successfully. | \n  | `STARTED` | CRUD operation on an entity has started. | \n  | `CANCELLED` | The operation or processing was canceled by the operator. | \n  | `PROCESSING` | A series of operations related to the entity is in progress. | \n  | `PROCESSING_FAILED` | The processing operations failed. | \n  | `CREATING` | Creating entity operation is in progress. | \n  | `CREATION_FAILED` | The creation operation failed, and the entity was not created or was created but cannot be used. | \n  | `UPDATING` | Updating entity operation is in progress. | \n  | `UPDATE_FAILED` | The update operation failed, and the entity was not updated. | \n  | `DELETING` | Deleting entity operation is in progress. | \n  | `DELETION_FAILED` | The delete operation failed, and the entity was not deleted. | \n  | `MOVING` | Moving entity operation is in progress. | \n  | `MOVE_FAILED` | Entity could not be moved to a different location. | \n  | `PENDING REVIEW` | The processing operation has been stopped for reviewing and can be restarted by the operator. | \n  | `MIGRATING` | Migrating entity from Neo to Cloud Foundry. | ","description_kind":"markdown","computed":true},"subdomain":{"type":"string","description":"The subdomain that becomes part of the path used to access the authorization tenant of the subaccount. Must be unique within the defined region. Use only letters (a-z), digits (0-9), and hyphens (not at the start or end). Maximum length is 63 characters. Cannot be changed after the subaccount has been created.","description_kind":"markdown","computed":true},"type":{"type":"string","description":"The type of resource, in this case this will be 'Subaccount'.","description_kind":"markdown","computed":true}},"nesting_mode":"list"},"description":"The subaccounts contained in this directory.","description_kind":"markdown","optional":true,"computed":true},"subdomain":{"type":"string","description":"This applies only to directories that have the user authorization management feature enabled. The subdomain is part of the path used to access the authorization tenant of the directory.","description_kind":"markdown","optional":true,"computed":true},"type":{"type":"string","description":"The type of resource, in this case will have the value 'Directory'.","description_kind":"markdown","computed":true}},"nesting_mode":"list"},"description":"The list of directories contained in this directory.","description_kind":"markdown","optional":true,"computed":true},"features":{"type":["set","string"],"description":"The features that are enabled for the directory. Possible values are: \n\n  | value | description | \n  | --- | --- | \n  | `DEFAULT`  | All directories have the following basic feature enabled:\u003cbr\u003e 1. Group and filter subaccounts for reports and filters \u003cbr\u003e 2. Monitor usage and costs on a directory level (costs only available for contracts that use the consumption-based commercial model)\u003cbr\u003e 3. Set custom properties and tags to the directory for identification and reporting purposes. | \n  | `ENTITLEMENTS` | Allows the assignment of a quota for services and applications to the directory from the global account quota for distribution to the subaccounts under this directory. | \n  | `AUTHORIZATIONS` | Allows the assignment of users as administrators or viewers of this directory. You must apply this feature in combination with the `ENTITLEMENTS` feature. | ","description_kind":"markdown","computed":true},"id":{"type":"string","description":"The ID of the directory.","description_kind":"markdown","computed":true},"last_modified":{"type":"string","description":"The date and time when the directory was last modified in [RFC3339](https://www.ietf.org/rfc/rfc3339.txt) format.","description_kind":"markdown","computed":true},"name":{"type":"string","description":"The display name of the directory.","description_kind":"markdown","computed":true},"parent_id":{"type":"string","description":"The ID of the directory's parent entity. Typically this is the global account.","description_kind":"markdown","computed":true},"parent_name":{"type":"string","description":"The name of the directory's parent entity. Typically this is the global account.","description_kind":"markdown","computed":true},"parent_type":{"type":"string","description":"The type of the directory's parent entity. Typically this will have the value 'Global Account'.","description_kind":"markdown","computed":true},"state":{"type":"string","description":"The current state of the directory. Possible values are: \n\n  | state | description | \n  | --- | --- | \n  | `OK` | The CRUD operation or series of operations completed successfully. | \n  | `STARTED` | CRUD operation on an entity has started. | \n  | `CANCELLED` | The operation or processing was canceled by the operator. | \n  | `PROCESSING` | A series of operations related to the entity is in progress. | \n  | `PROCESSING_FAILED` | The processing operations failed. | \n  | `CREATING` | Creating entity operation is in progress. | \n  | `CREATION_FAILED` | The creation operation failed, and the entity was not created or was created but cannot be used. | \n  | `UPDATING` | Updating entity operation is in progress. | \n  | `UPDATE_FAILED` | The update operation failed, and the entity was not updated. | \n  | `DELETING` | Deleting entity operation is in progress. | \n  | `DELETION_FAILED` | The delete operation failed, and the entity was not deleted. | \n  | `MOVING` | Moving entity operation is in progress. | \n  | `MOVE_FAILED` | Entity could not be moved to a different location. | \n  | `PENDING REVIEW` | The processing operation has been stopped for reviewing and can be restarted by the operator. | \n  | `MIGRATING` | Migrating entity from Neo to Cloud Foundry. | ","description_kind":"markdown","computed":true},"subaccounts":{"nested_type":{"attributes":{"created_by":{"type":"string","description":"The details of the user that created the subaccount.","description_kind":"markdown","computed":true},"created_date":{"type":"string","description":"The date and time when the subaccount was created in [RFC3339](https://www.ietf.org/rfc/rfc3339.txt) format.","description_kind":"markdown","computed":true},"id":{"type":"string","description":"The ID of the subaccount.","description_kind":"markdown","computed":true},"last_modified":{"type":"string","description":"The date and time when the subaccount was last modified in [RFC3339](https://www.ietf.org/rfc/rfc3339.txt) format.","description_kind":"markdown","computed":true},"name":{"type":"string","description":"A descriptive name of the subaccount for customer-facing UIs.","description_kind":"markdown","computed":true},"parent_id":{"type":"string","description":"The ID of the subaccount’s parent entity. If the subaccount is located directly in the global account (not in a directory), then this is the ID of the global account.","description_kind":"markdown","computed":true},"parent_name":{"type":"string","description":"The name of the subaccount's parent entity. If the subaccount is located directly in the global account (not in a directory), then this is the name of the global account.","description_kind":"markdown","computed":true},"parent_type":{"type":"string","description":"The type of the subaccount's parent entity. If the subaccount is located directly in the global account (not in a directory), then this will have the value 'Global Account' .","description_kind":"markdown","computed":true},"region":{"type":"string","description":"The region in which the subaccount was created.","description_kind":"markdown","computed":true},"state":{"type":"string","description":"The current state of the subaccount. Possible values are: \n\n  | state | description | \n  | --- | --- | \n  | `OK` | The CRUD operation or series of operations completed successfully. | \n  | `STARTED` | CRUD operation on an entity has started. | \n  | `CANCELLED` | The operation or processing was canceled by the operator. | \n  | `PROCESSING` | A series of operations related to the entity is in progress. | \n  | `PROCESSING_FAILED` | The processing operations failed. | \n  | `CREATING` | Creating entity operation is in progress. | \n  | `CREATION_FAILED` | The creation operation failed, and the entity was not created or was created but cannot be used. | \n  | `UPDATING` | Updating entity operation is in progress. | \n  | `UPDATE_FAILED` | The update operation failed, and the entity was not updated. | \n  | `DELETING` | Deleting entity operation is in progress. | \n  | `DELETION_FAILED` | The delete operation failed, and the entity was not deleted. | \n  | `MOVING` | Moving entity operation is in progress. | \n  | `MOVE_FAILED` | Entity could not be moved to a different location. | \n  | `PENDING REVIEW` | The processing operation has been stopped for reviewing and can be restarted by the operator. | \n  | `MIGRATING` | Migrating entity from Neo to Cloud Foundry. | ","description_kind":"markdown","computed":true},"subdomain":{"type":"string","description":"The subdomain that becomes part of the path used to access the authorization tenant of the subaccount. Must be unique within the defined region. Use only letters (a-z), digits (0-9), and hyphens (not at the start or end). Maximum length is 63 characters. Cannot be changed after the subaccount has been created.","description_kind":"markdown","computed":true},"type":{"type":"string","description":"The type of resource, in this case this will be 'Subaccount'.","description_kind":"markdown","computed":true}},"nesting_mode":"list"},"description":"The subaccounts contained in this directory.","description_kind":"markdown","optional":true,"computed":true},"subdomain":{"type":"string","description":"This applies only to directories that have the user authorization management feature enabled. The subdomain is part of the path used to access the authorization tenant of the directory.","description_kind":"markdown","optional":true,"computed":true},"type":{"type":"string","description":"The type of resource, in this case will have the value 'Directory'.","description_kind":"markdown","computed":true}},"nesting_mode":"list"},"description":"The list of directories contained in this directory.","description_kind":"markdown","optional":true,"computed":true},"features":{"type":["set","string"],"description":"The features that are enabled for the directory. Possible values are: \n\n  | value | description | \n  | --- | --- | \n  | `DEFAULT`  | All directories have the following basic feature enabled:\u003cbr\u003e 1. Group and filter subaccounts for reports and filters \u003cbr\u003e 2. Monitor usage and costs on a directory level (costs only available for contracts that use the consumption-based commercial model)\u003cbr\u003e 3. Set custom properties and tags to the directory for identification and reporting purposes. | \n  | `ENTITLEMENTS` | Allows the assignment of a quota for services and applications to the directory from the global account quota for distribution to the subaccounts under this directory. | \n  | `AUTHORIZATIONS` | Allows the assignment of users as administrators or viewers of this directory. You must apply this feature in combination with the `ENTITLEMENTS` feature. | ","description_kind":"markdown","computed":true},"id":{"type":"string","description":"The ID of the directory.","description_kind":"markdown","computed":true},"last_modified":{"type":"string","description":"The date and time when the directory was last modified in [RFC3339](https://www.ietf.org/rfc/rfc3339.txt) format.","description_kind":"markdown","computed":true},"name":{"type":"string","description":"The display name of the directory.","description_kind":"markdown","computed":true},"parent_id":{"type":"string","description":"The ID of the directory's parent entity. Typically this is the global account.","description_kind":"markdown","computed":true},"parent_name":{"type":"string","description":"The name of the directory's parent entity. Typically this is the global account.","description_kind":"markdown","computed":true},"parent_type":{"type":"string","description":"The type of the directory's parent entity. Typically this will have the value 'Global Account'.","description_kind":"markdown","computed":true},"state":{"type":"string","description":"The current state of the directory. Possible values are: \n\n  | state | description | \n  | --- | --- | \n  | `OK` | The CRUD operation or series of operations completed successfully. | \n  | `STARTED` | CRUD operation on an entity has started. | \n  | `CANCELLED` | The operation or processing was canceled by the operator. | \n  | `PROCESSING` | A series of operations related to the entity is in progress. | \n  | `PROCESSING_FAILED` | The processing operations failed. | \n  | `CREATING` | Creating entity operation is in progress. | \n  | `CREATION_FAILED` | The creation operation failed, and the entity was not created or was created but cannot be used. | \n  | `UPDATING` | Updating entity operation is in progress. | \n  | `UPDATE_FAILED` | The update operation failed, and the entity was not updated. | \n  | `DELETING` | Deleting entity operation is in progress. | \n  | `DELETION_FAILED` | The delete operation failed, and the entity was not deleted. | \n  | `MOVING` | Moving entity operation is in progress. | \n  | `MOVE_FAILED` | Entity could not be moved to a different location. | \n  | `PENDING REVIEW` | The processing operation has been stopped for reviewing and can be restarted by the operator. | \n  | `MIGRATING` | Migrating entity from Neo to Cloud Foundry. | ","description_kind":"markdown","computed":true},"subaccounts":{"nested_type":{"attributes":{"created_by":{"type":"string","description":"The details of the user that created the subaccount.","description_kind":"markdown","computed":true},"created_date":{"type":"string","description":"The date and time when the subaccount was created in [RFC3339](https://www.ietf.org/rfc/rfc3339.txt) format.","description_kind":"markdown","computed":true},"id":{"type":"string","description":"The ID of the subaccount.","description_kind":"markdown","computed":true},"last_modified":{"type":"string","description":"The date and time when the subaccount was last modified in [RFC3339](https://www.ietf.org/rfc/rfc3339.txt) format.","description_kind":"markdown","computed":true},"name":{"type":"string","description":"A descriptive name of the subaccount for customer-facing UIs.","description_kind":"markdown","computed":true},"parent_id":{"type":"string","description":"The ID of the subaccount’s parent entity. If the subaccount is located directly in the global account (not in a directory), then this is the ID of the global account.","description_kind":"markdown","computed":true},"parent_name":{"type":"string","description":"The name of the subaccount's parent entity. If the subaccount is located directly in the global account (not in a directory), then this is the name of the global account.","description_kind":"markdown","computed":true},"parent_type":{"type":"string","description":"The type of the subaccount's parent entity. If the subaccount is located directly in the global account (not in a directory), then this will have the value 'Global Account' .","description_kind":"markdown","computed":true},"region":{"type":"string","description":"The region in which the subaccount was created.","description_kind":"markdown","computed":true},"state":{"type":"string","description":"The current state of the subaccount. Possible values are: \n\n  | state | description | \n  | --- | --- | \n  | `OK` | The CRUD operation or series of operations completed successfully. | \n  | `STARTED` | CRUD operation on an entity has started. | \n  | `CANCELLED` | The operation or processing was canceled by the operator. | \n  | `PROCESSING` | A series of operations related to the entity is in progress. | \n  | `PROCESSING_FAILED` | The processing operations failed. | \n  | `CREATING` | Creating entity operation is in progress. | \n  | `CREATION_FAILED` | The creation operation failed, and the entity was not created or was created but cannot be used. | \n  | `UPDATING` | Updating entity operation is in progress. | \n  | `UPDATE_FAILED` | The update operation failed, and the entity was not updated. | \n  | `DELETING` | Deleting entity operation is in progress. | \n  | `DELETION_FAILED` | The delete operation failed, and the entity was not deleted. | \n  | `MOVING` | Moving entity operation is in progress. | \n  | `MOVE_FAILED` | Entity could not be moved to a different location. | \n  | `PENDING REVIEW` | The processing operation has been stopped for reviewing and can be restarted by the operator. | \n  | `MIGRATING` | Migrating entity from Neo to Cloud Foundry. | ","description_kind":"markdown","computed":true},"subdomain":{"type":"string","description":"The subdomain that becomes part of the path used to access the authorization tenant of the subaccount. Must be unique within the defined region. Use only letters (a-z), digits (0-9), and hyphens (not at the start or end). Maximum length is 63 characters. Cannot be changed after the subaccount has been created.","description_kind":"markdown","computed":true},"type":{"type":"string","description":"The type of resource, in this case this will be 'Subaccount'.","description_kind":"markdown","computed":true}},"nesting_mode":"list"},"description":"The subaccounts contained in this directory.","description_kind":"markdown","optional":true,"computed":true},"subdomain":{"type":"string","description":"This applies only to directories that have the user authorization management feature enabled. The subdomain is part of the path used to access the authorization tenant of the directory.","description_kind":"markdown","optional":true,"computed":true},"type":{"type":"string","description":"The type of resource, in this case will have the value 'Directory'.","description_kind":"markdown","computed":true}},"nesting_mode":"list"},"description":"The list of directories contained in this directory.","description_kind":"markdown","optional":true,"computed":true},"features":{"type":["set","string"],"description":"The features that are enabled for the directory. Possible values are: \n\n  | value | description | \n  | --- | --- | \n  | `DEFAULT`  | All directories have the following basic feature enabled:\u003cbr\u003e 1. Group and filter subaccounts for reports and filters \u003cbr\u003e 2. Monitor usage and costs on a directory level (costs only available for contracts that use the consumption-based commercial model)\u003cbr\u003e 3. Set custom properties and tags to the directory for identification and reporting purposes. | \n  | `ENTITLEMENTS` | Allows the assignment of a quota for services and applications to the directory from the global account quota for distribution to the subaccounts under this directory. | \n  | `AUTHORIZATIONS` | Allows the assignment of users as administrators or viewers of this directory. You must apply this feature in combination with the `ENTITLEMENTS` feature. | ","description_kind":"markdown","computed":true},"id":{"type":"string","description":"The ID of the directory.","description_kind":"markdown","computed":true},"last_modified":{"type":"string","description":"The date and time when the directory was last modified in [RFC3339](https://www.ietf.org/rfc/rfc3339.txt) format.","description_kind":"markdown","computed":true},"name":{"type":"string","description":"The display name of the directory.","description_kind":"markdown","computed":true},"parent_id":{"type":"string","description":"The ID of the directory's parent entity. Typically this is the global account.","description_kind":"markdown","computed":true},"parent_name":{"type":"string","description":"The name of the directory's parent entity. Typically this is the global account.","description_kind":"markdown","computed":true},"parent_type":{"type":"string","description":"The type of the directory's parent entity. Typically this will have the value 'Global Account'.","description_kind":"markdown","computed":true},"state":{"type":"string","description":"The current state of the directory. Possible values are: \n\n  | state | description | \n  | --- | --- | \n  | `OK` | The CRUD operation or series of operations completed successfully. | \n  | `STARTED` | CRUD operation on an entity has started. | \n  | `CANCELLED` | The operation or processing was canceled by the operator. | \n  | `PROCESSING` | A series of operations related to the entity is in progress. | \n  | `PROCESSING_FAILED` | The processing operations failed. | \n  | `CREATING` | Creating entity operation is in progress. | \n  | `CREATION_FAILED` | The creation operation failed, and the entity was not created or was created but cannot be used. | \n  | `UPDATING` | Updating entity operation is in progress. | \n  | `UPDATE_FAILED` | The update operation failed, and the entity was not updated. | \n  | `DELETING` | Deleting entity operation is in progress. | \n  | `DELETION_FAILED` | The delete operation failed, and the entity was not deleted. | \n  | `MOVING` | Moving entity operation is in progress. | \n  | `MOVE_FAILED` | Entity could not be moved to a different location. | \n  | `PENDING REVIEW` | The processing operation has been stopped for reviewing and can be restarted by the operator. | \n  | `MIGRATING` | Migrating entity from Neo to Cloud Foundry. | ","description_kind":"markdown","computed":true},"subaccounts":{"nested_type":{"attributes":{"created_by":{"type":"string","description":"The details of the user that created the subaccount.","description_kind":"markdown","computed":true},"created_date":{"type":"string","description":"The date and time when the subaccount was created in [RFC3339](https://www.ietf.org/rfc/rfc3339.txt) format.","description_kind":"markdown","computed":true},"id":{"type":"string","description":"The ID of the subaccount.","description_kind":"markdown","computed":true},"last_modified":{"type":"string","description":"The date and time when the subaccount was last modified in [RFC3339](https://www.ietf.org/rfc/rfc3339.txt) format.","description_kind":"markdown","computed":true},"name":{"type":"string","description":"A descriptive name of the subaccount for customer-facing UIs.","description_kind":"markdown","computed":true},"parent_id":{"type":"string","description":"The ID of the subaccount’s parent entity. If the subaccount is located directly in the global account (not in a directory), then this is the ID of the global account.","description_kind":"markdown","computed":true},"parent_name":{"type":"string","description":"The name of the subaccount's parent entity. If the subaccount is located directly in the global account (not in a directory), then this is the name of the global account.","description_kind":"markdown","computed":true},"parent_type":{"type":"string","description":"The type of the subaccount's parent entity. If the subaccount is located directly in the global account (not in a directory), then this will have the value 'Global Account' .","description_kind":"markdown","computed":true},"region":{"type":"string","description":"The region in which the subaccount was created.","description_kind":"markdown","computed":true},"state":{"type":"string","description":"The current state of the subaccount. Possible values are: \n\n  | state | description | \n  | --- | --- | \n  | `OK` | The CRUD operation or series of operations completed successfully. | \n  | `STARTED` | CRUD operation on an entity has started. | \n  | `CANCELLED` | The operation or processing was canceled by the operator. | \n  | `PROCESSING` | A series of operations related to the entity is in progress. | \n  | `PROCESSING_FAILED` | The processing operations failed. | \n  | `CREATING` | Creating entity operation is in progress. | \n  | `CREATION_FAILED` | The creation operation failed, and the entity was not created or was created but cannot be used. | \n  | `UPDATING` | Updating entity operation is in progress. | \n  | `UPDATE_FAILED` | The update operation failed, and the entity was not updated. | \n  | `DELETING` | Deleting entity operation is in progress. | \n  | `DELETION_FAILED` | The delete operation failed, and the entity was not deleted. | \n  | `MOVING` | Moving entity operation is in progress. | \n  | `MOVE_FAILED` | Entity could not be moved to a different location. | \n  | `PENDING REVIEW` | The processing operation has been stopped for reviewing and can be restarted by the operator. | \n  | `MIGRATING` | Migrating entity from Neo to Cloud Foundry. | ","description_kind":"markdown","computed":true},"subdomain":{"type":"string","description":"The subdomain that becomes part of the path used to access the authorization tenant of the subaccount. Must be unique within the defined region. Use only letters (a-z), digits (0-9), and hyphens (not at the start or end). Maximum length is 63 characters. Cannot be changed after the subaccount has been created.","description_kind":"markdown","computed":true},"type":{"type":"string","description":"The type of resource, in this case this will be 'Subaccount'.","description_kind":"markdown","computed":true}},"nesting_mode":"list"},"description":"The subaccounts contained in this directory.","description_kind":"markdown","optional":true,"computed":true},"subdomain":{"type":"string","description":"This applies only to directories that have the user authorization management feature enabled. The subdomain is part of the path used to access the authorization tenant of the directory.","description_kind":"markdown","optional":true,"computed":true},"type":{"type":"string","description":"The type of resource, in this case will have the value 'Directory'.","description_kind":"markdown","computed":true}},"nesting_mode":"list"},"description":"The list of directories contained in this directory.","description_kind":"markdown","optional":true,"computed":true},"features":{"type":["set","string"],"description":"The features that are enabled for the directory. Possible values are: \n\n  | value | description | \n  | --- | --- | \n  | `DEFAULT`  | All directories have the following basic feature enabled:\u003cbr\u003e 1. Group and filter subaccounts for reports and filters \u003cbr\u003e 2. Monitor usage and costs on a directory level (costs only available for contracts that use the consumption-based commercial model)\u003cbr\u003e 3. Set custom properties and tags to the directory for identification and reporting purposes. | \n  | `ENTITLEMENTS` | Allows the assignment of a quota for services and applications to the directory from the global account quota for distribution to the subaccounts under this directory. | \n  | `AUTHORIZATIONS` | Allows the assignment of users as administrators or viewers of this directory. You must apply this feature in combination with the `ENTITLEMENTS` feature. | ","description_kind":"markdown","computed":true},"id":{"type":"string","description":"The ID of the directory.","description_kind":"markdown","computed":true},"last_modified":{"type":"string","description":"The date and time when the directory was last modified in [RFC3339](https://www.ietf.org/rfc/rfc3339.txt) format.","description_kind":"markdown","computed":true},"name":{"type":"string","description":"The display name of the directory.","description_kind":"markdown","computed":true},"parent_id":{"type":"string","description":"The ID of the directory's parent entity. Typically this is the global account.","description_kind":"markdown","computed":true},"parent_name":{"type":"string","description":"The name of the directory's parent entity. Typically this is the global account.","description_kind":"markdown","computed":true},"parent_type":{"type":"string","description":"The type of the directory's parent entity. Typically this will have the value 'Global Account'.","description_kind":"markdown","computed":true},"state":{"type":"string","description":"The current state of the directory. Possible values are: \n\n  | state | description | \n  | --- | --- | \n  | `OK` | The CRUD operation or series of operations completed successfully. | \n  | `STARTED` | CRUD operation on an entity has started. | \n  | `CANCELLED` | The operation or processing was canceled by the operator. | \n  | `PROCESSING` | A series of operations related to the entity is in progress. | \n  | `PROCESSING_FAILED` | The processing operations failed. | \n  | `CREATING` | Creating entity operation is in progress. | \n  | `CREATION_FAILED` | The creation operation failed, and the entity was not created or was created but cannot be used. | \n  | `UPDATING` | Updating entity operation is in progress. | \n  | `UPDATE_FAILED` | The update operation failed, and the entity was not updated. | \n  | `DELETING` | Deleting entity operation is in progress. | \n  | `DELETION_FAILED` | The delete operation failed, and the entity was not deleted. | \n  | `MOVING` | Moving entity operation is in progress. | \n  | `MOVE_FAILED` | Entity could not be moved to a different location. | \n  | `PENDING REVIEW` | The processing operation has been stopped for reviewing and can be restarted by the operator. | \n  | `MIGRATING` | Migrating entity from Neo to Cloud Foundry. | ","description_kind":"markdown","computed":true},"subaccounts":{"nested_type":{"attributes":{"created_by":{"type":"string","description":"The details of the user that created the subaccount.","description_kind":"markdown","computed":true},"created_date":{"type":"string","description":"The date and time when the subaccount was created in [RFC3339](https://www.ietf.org/rfc/rfc3339.txt) format.","description_kind":"markdown","computed":true},"id":{"type":"string","description":"The ID of the subaccount.","description_kind":"markdown","computed":true},"last_modified":{"type":"string","description":"The date and time when the subaccount was last modified in [RFC3339](https://www.ietf.org/rfc/rfc3339.txt) format.","description_kind":"markdown","computed":true},"name":{"type":"string","description":"A descriptive name of the subaccount for customer-facing UIs.","description_kind":"markdown","computed":true},"parent_id":{"type":"string","description":"The ID of the subaccount’s parent entity. If the subaccount is located directly in the global account (not in a directory), then this is the ID of the global account.","description_kind":"markdown","computed":true},"parent_name":{"type":"string","description":"The name of the subaccount's parent entity. If the subaccount is located directly in the global account (not in a directory), then this is the name of the global account.","description_kind":"markdown","computed":true},"parent_type":{"type":"string","description":"The type of the subaccount's parent entity. If the subaccount is located directly in the global account (not in a directory), then this will have the value 'Global Account' .","description_kind":"markdown","computed":true},"region":{"type":"string","description":"The region in which the subaccount was created.","description_kind":"markdown","computed":true},"state":{"type":"string","description":"The current state of the subaccount. Possible values are: \n\n  | state | description | \n  | --- | --- | \n  | `OK` | The CRUD operation or series of operations completed successfully. | \n  | `STARTED` | CRUD operation on an entity has started. | \n  | `CANCELLED` | The operation or processing was canceled by the operator. | \n  | `PROCESSING` | A series of operations related to the entity is in progress. | \n  | `PROCESSING_FAILED` | The processing operations failed. | \n  | `CREATING` | Creating entity operation is in progress. | \n  | `CREATION_FAILED` | The creation operation failed, and the entity was not created or was created but cannot be used. | \n  | `UPDATING` | Updating entity operation is in progress. | \n  | `UPDATE_FAILED` | The update operation failed, and the entity was not updated. | \n  | `DELETING` | Deleting entity operation is in progress. | \n  | `DELETION_FAILED` | The delete operation failed, and the entity was not deleted. | \n  | `MOVING` | Moving entity operation is in progress. | \n  | `MOVE_FAILED` | Entity could not be moved to a different location. | \n  | `PENDING REVIEW` | The processing operation has been stopped for reviewing and can be restarted by the operator. | \n  | `MIGRATING` | Migrating entity from Neo to Cloud Foundry. | ","description_kind":"markdown","computed":true},"subdomain":{"type":"string","description":"The subdomain that becomes part of the path used to access the authorization tenant of the subaccount. Must be unique within the defined region. Use only letters (a-z), digits (0-9), and hyphens (not at the start or end). Maximum length is 63 characters. Cannot be changed after the subaccount has been created.","description_kind":"markdown","computed":true},"type":{"type":"string","description":"The type of resource, in this case this will be 'Subaccount'.","description_kind":"markdown","computed":true}},"nesting_mode":"list"},"description":"The subaccounts contained in this directory.","description_kind":"markdown","optional":true,"computed":true},"subdomain":{"type":"string","description":"This applies only to directories that have the user authorization management feature enabled. The subdomain is part of the path used to access the authorization tenant of the directory.","description_kind":"markdown","optional":true,"computed":true},"type":{"type":"string","description":"The type of resource, in this case will have the value 'Directory'.","description_kind":"markdown","computed":true}},"nesting_mode":"list"},"description":"The directories contained in the global account","description_kind":"markdown","optional":true,"computed":true},"id":{"type":"string","description":"The ID of the global account.","description_kind":"markdown","computed":true},"last_modified":{"type":"string","description":"The date and time when the resource was last modified in [RFC3339](https://www.ietf.org/rfc/rfc3339.txt) format.","description_kind":"markdown","computed":true},"name":{"type":"string","description":"The display name of the global account.","description_kind":"markdown","computed":true},"state":{"type":"string","description":"The current state of the global account. Possible values are: \n\n  | state | description | \n  | --- | --- | \n  | `OK` | The CRUD operation or series of operations completed successfully. | \n  | `STARTED` | CRUD operation on an entity has started. | \n  | `CANCELLED` | The operation or processing was canceled by the operator. | \n  | `PROCESSING` | A series of operations related to the entity is in progress. | \n  | `PROCESSING_FAILED` | The processing operations failed. | \n  | `CREATING` | Creating entity operation is in progress. | \n  | `CREATION_FAILED` | The creation operation failed, and the entity was not created or was created but cannot be used. | \n  | `UPDATING` |  Updating entity operation is in progress. | \n  | `UPDATE_FAILED` | The update operation failed, and the entity was not updated. | \n  | `DELETING` | Deleting entity operation is in progress. | \n  | `DELETION_FAILED` | The delete operation failed, and the entity was not deleted. | \n  | `MOVING` | Moving entity operation is in progress. | \n  | `MOVE_FAILED` | Entity could not be moved to a different location. | \n  | `PENDING REVIEW` | The processing operation has been stopped for reviewing and can be restarted by the operator. | \n  | `MIGRATING` | Migrating entity from Neo to Cloud Foundry. | ","description_kind":"markdown","computed":true},"subaccounts":{"nested_type":{"attributes":{"created_by":{"type":"string","description":"The details of the user that created the subaccount.","description_kind":"markdown","computed":true},"created_date":{"type":"string","description":"The date and time when the subaccount was created in [RFC3339](https://www.ietf.org/rfc/rfc3339.txt) format.","description_kind":"markdown","computed":true},"id":{"type":"string","description":"The ID of the subaccount.","description_kind":"markdown","computed":true},"last_modified":{"type":"string","description":"The date and time when the subaccount was last modified in [RFC3339](https://www.ietf.org/rfc/rfc3339.txt) format.","description_kind":"markdown","computed":true},"name":{"type":"string","description":"A descriptive name of the subaccount for customer-facing UIs.","description_kind":"markdown","computed":true},"parent_id":{"type":"string","description":"The ID of the subaccount’s parent entity. If the subaccount is located directly in the global account (not in a directory), then this is the ID of the global account.","description_kind":"markdown","computed":true},"parent_name":{"type":"string","description":"The name of the subaccount's parent entity. If the subaccount is located directly in the global account (not in a directory), then this is the name of the global account.","description_kind":"markdown","computed":true},"parent_type":{"type":"string","description":"The type of the subaccount's parent entity. If the subaccount is located directly in the global account (not in a directory), then this will have the value 'Global Account' .","description_kind":"markdown","computed":true},"region":{"type":"string","description":"The region in which the subaccount was created.","description_kind":"markdown","computed":true},"state":{"type":"string","description":"The current state of the subaccount. Possible values are: \n\n  | state | description | \n  | --- | --- | \n  | `OK` | The CRUD operation or series of operations completed successfully. | \n  | `STARTED` | CRUD operation on an entity has started. | \n  | `CANCELLED` | The operation or processing was canceled by the operator. | \n  | `PROCESSING` | A series of operations related to the entity is in progress. | \n  | `PROCESSING_FAILED` | The processing operations failed. | \n  | `CREATING` | Creating entity operation is in progress. | \n  | `CREATION_FAILED` | The creation operation failed, and the entity was not created or was created but cannot be used. | \n  | `UPDATING` | Updating entity operation is in progress. | \n  | `UPDATE_FAILED` | The update operation failed, and the entity was not updated. | \n  | `DELETING` | Deleting entity operation is in progress. | \n  | `DELETION_FAILED` | The delete operation failed, and the entity was not deleted. | \n  | `MOVING` | Moving entity operation is in progress. | \n  | `MOVE_FAILED` | Entity could not be moved to a different location. | \n  | `PENDING REVIEW` | The processing operation has been stopped for reviewing and can be restarted by the operator. | \n  | `MIGRATING` | Migrating entity from Neo to Cloud Foundry. | ","description_kind":"markdown","computed":true},"subdomain":{"type":"string","description":"The subdomain that becomes part of the path used to access the authorization tenant of the subaccount. Must be unique within the defined region. Use only letters (a-z), digits (0-9), and hyphens (not at the start or end). Maximum length is 63 characters. Cannot be changed after the subaccount has been created.","description_kind":"markdown","computed":true},"type":{"type":"string","description":"The type of resource, in this case this will be 'Subaccount'.","description_kind":"markdown","computed":true}},"nesting_mode":"list"},"description":"The subaccounts contained in the globalaccount","description_kind":"markdown","optional":true,"computed":true},"subdomain":{"type":"string","description":"The subdomain is part of the path used to access the authorization tenant of the global account.","description_kind":"markdown","computed":true},"type":{"type":"string","description":"The type of the resource, in this case this will have value 'Global Account'.","description_kind":"markdown","computed":true}},"description":"Gets details about a global account's hierarchy structure\n\n__Tip:__\nYou must be assigned to the admin or viewer role of the global account.\n\n__Further documentation:__\n\u003chttps://help.sap.com/docs/btp/sap-business-technology-platform/account-model\u003e","description_kind":"markdown"}},"btp_regions":{"version":0,"block":{"attributes":{"id":{"type":"string","description":"The ID of the global account.","description_kind":"markdown","deprecated":true,"computed":true},"values":{"nested_type":{"attributes":{"domain":{"type":"string","description":"The domain of the data center","description_kind":"markdown","computed":true},"environment":{"type":"string","description":"The environment that the data center supports. For example: Kubernetes, Cloud Foundry.","description_kind":"markdown","computed":true},"iaas_provider":{"type":"string","description":"The infrastructure provider for the data center. Possible values are: \n\n  | value | description | \n  | --- | --- | \n  | `AWS` | Amazon Web Services. | \n  | `GCP` | Google Cloud Platform. | \n  | `AZURE` | Microsoft Azure. | \n  | `SAP` | SAP BTP (Neo). | \n  | `ALI` | Alibaba Cloud. | \n  | `IBM` | IBM Cloud. | ","description_kind":"markdown","computed":true},"id":{"type":"string","description":"The technical name of the data center. Must be unique within the cloud deployment.","description_kind":"markdown","computed":true},"name":{"type":"string","description":"The descriptive name of the data center for customer-facing UIs.","description_kind":"markdown","computed":true},"provisioning_service_url":{"type":"string","description":"The provisioning service URL.","description_kind":"markdown","computed":true},"region":{"type":"string","description":"The region in which the data center is located.","description_kind":"markdown","computed":true},"saas_registry_service_url":{"type":"string","description":"The aas-Registry service URL.","description_kind":"markdown","computed":true},"supports_trial":{"type":"bool","description":"Shows whether the specified data center supports trial accounts.","description_kind":"markdown","computed":true}},"nesting_mode":"list"},"description":"The regions supported by this global account.","description_kind":"markdown","computed":true}},"description":"Gets all the available regions for a global account.\n\n__Tip:__\nYou must be assigned to the global account admin or viewer role.","description_kind":"markdown"}},"btp_subaccount":{"version":0,"block":{"attributes":{"beta_enabled":{"type":"bool","description":"Shows whether the subaccount can use beta services and applications.","description_kind":"markdown","computed":true},"contract_status":{"type":"string","description":"Shows the contract status of the subaccount.","description_kind":"markdown","computed":true},"created_by":{"type":"string","description":"The details of the user that created the subaccount.","description_kind":"markdown","computed":true},"created_date":{"type":"string","description":"The date and time when the resource was created in [RFC3339](https://www.ietf.org/rfc/rfc3339.txt) format.","description_kind":"markdown","computed":true},"description":{"type":"string","description":"The description of the subaccount.","description_kind":"markdown","computed":true},"id":{"type":"string","description":"The ID of the subaccount.","description_kind":"markdown","optional":true,"computed":true},"labels":{"type":["map",["set","string"]],"description":"Set of words or phrases assigned to the subaccount.","description_kind":"markdown","computed":true},"last_modified":{"type":"string","description":"The date and time when the resource was last modified in [RFC3339](https://www.ietf.org/rfc/rfc3339.txt) format.","description_kind":"markdown","computed":true},"name":{"type":"string","description":"A descriptive name of the subaccount for customer-facing UIs.","description_kind":"markdown","computed":true},"parent_features":{"type":["set","string"],"description":"The features of parent entity of the subaccount.","description_kind":"markdown","computed":true},"parent_id":{"type":"string","description":"The ID of the subaccount’s parent entity. If the subaccount is located directly in the global account (not in a directory), then this is the ID of the global account.","description_kind":"markdown","computed":true},"region":{"type":"string","description":"The region in which the subaccount was created.","description_kind":"markdown","optional":true,"computed":true},"state":{"type":"string","description":"The current state of the subaccount. Possible values are: \n\n  | state | description | \n  | --- | --- | \n  | `OK` | The CRUD operation or series of operations completed successfully. | \n  | `STARTED` | CRUD operation on the subaccount has started. | \n  | `CANCELED` | The operation or processing was canceled by the operator. | \n  | `PROCESSING` | A series of operations related to the subaccount are in progress. | \n  | `PROCESSING_FAILED` | The processing operations failed. | \n  | `CREATING` | Creating the subaccount is in progress. | \n  | `CREATION_FAILED` | The creation operation failed, and the subaccount was not created or was created but cannot be used. | \n  | `UPDATING` | Updating the subaccount is in progress. | \n  | `UPDATE_FAILED` | The update operation failed, and the subaccount was not updated. | \n  | `UPDATE_DIRECTORY_TYPE_FAILED` | The update of the directory type failed. | \n  | `UPDATE_ACCOUNT_TYPE_FAILED` | The update of the account type failed. | \n  | `DELETING` | Deleting the subaccount is in progress. | \n  | `DELETION_FAILED` | The deletion of the subaccount failed, and the subaccount was not deleted. | \n  | `MOVING` | Moving the subaccount is in progress. | \n  | `MOVE_FAILED` | The moving of the subaccount failed. | \n  | `MOVING_TO_OTHER_GA` | Moving the subaccount to another global account is in progress. | \n  | `MOVE_TO_OTHER_GA_FAILED` | Moving the subaccount to another global account failed. | \n  | `PENDING_REVIEW` | The processing operation has been stopped for reviewing and can be restarted by the operator. | \n  | `MIGRATING` | Migrating the subaccount from Neo to Cloud Foundry. | \n  | `MIGRATED` | The migration of the subaccount completed. | \n  | `MIGRATION_FAILED` | The migration of the subaccount failed and the subaccount was not migrated. | \n  | `ROLLBACK_MIGRATION_PROCESSING` | The migration of the subaccount was rolled back and the subaccount is not migrated. | \n  | `SUSPENSION_FAILED` | The suspension operations failed. | ","description_kind":"markdown","computed":true},"subdomain":{"type":"string","description":"The subdomain that becomes part of the path used to access the authorization tenant of the subaccount. Must be unique within the defined region. Use only letters (a-z), digits (0-9), and hyphens (not at the start or end). Maximum length is 63 characters. Cannot be changed after the subaccount has been created.","description_kind":"markdown","optional":true,"computed":true},"usage":{"type":"string","description":"Shows whether the subaccount is used for production purposes. This flag can help your cloud operator to take appropriate action when handling incidents that are related to mission-critical accounts in production systems. Do not apply for subaccounts that are used for nonproduction purposes, such as development, testing, and demos. Applying this setting this does not modify the subaccount. Possible values are: \n\n  | value | description | \n  | --- | --- | \n  | `UNSET` | Global account or subaccount admin has not set the production-relevancy flag (default value). | \n  | `NOT_USED_FOR_PRODUCTION` | The subaccount is not used for production purposes. | \n  | `USED_FOR_PRODUCTION` | The subaccount is used for production purposes. | ","description_kind":"markdown","computed":true}},"description":"Gets details about a subaccount.\n\n__Tip:__\nYou must be assigned to the admin or viewer role of the global account, directory, or subaccount.","description_kind":"markdown"}},"btp_subaccount_app":{"version":0,"block":{"attributes":{"authorities":{"type":["set","string"],"description_kind":"plain","computed":true},"description":{"type":"string","description":"The description of the app.","description_kind":"markdown","computed":true},"foreign_scope_references":{"type":["set","string"],"description_kind":"plain","computed":true},"id":{"type":"string","description":"The application ID is the xsappname plus the identifier, which consists of an exclamation mark (!), an identifier for the plan under which the application is deployed, and an index number.","description_kind":"markdown","required":true},"master_app_id":{"type":"string","description_kind":"plain","computed":true},"oauth2_configuration":{"nested_type":{"attributes":{"allowedproviders":{"type":["set","string"],"description_kind":"plain","computed":true},"autoapprove":{"type":"bool","description_kind":"plain","computed":true},"grant_types":{"type":["set","string"],"description_kind":"plain","computed":true},"redirect_uris":{"type":["set","string"],"description_kind":"plain","computed":true},"refresh_token_validity":{"type":"number","description_kind":"plain","computed":true},"system_attributes":{"type":["set","string"],"description_kind":"plain","computed":true},"token_validity":{"type":"number","description_kind":"plain","computed":true}},"nesting_mode":"single"},"description_kind":"plain","computed":true},"org_id":{"type":"string","description_kind":"plain","computed":true},"plan_id":{"type":"string","description_kind":"plain","computed":true},"plan_name":{"type":"string","description_kind":"plain","computed":true},"serviceinstance_id":{"type":"string","description_kind":"plain","computed":true},"space_id":{"type":"string","description_kind":"plain","computed":true},"subaccount_id":{"type":"string","description":"The ID of the subaccount.","description_kind":"markdown","required":true},"tenant_mode":{"type":"string","description_kind":"plain","computed":true},"username":{"type":"string","description_kind":"plain","computed":true},"xsappname":{"type":"string","description_kind":"plain","computed":true}},"description":"Gets details about a specific app.\n\n__Tip:__\nYou must be assigned to the admin or viewer role of the subaccount.","description_kind":"markdown"}},"btp_subaccount_apps":{"version":0,"block":{"attributes":{"id":{"type":"string","description":"The ID of the subaccount.","description_kind":"markdown","deprecated":true,"computed":true},"subaccount_id":{"type":"string","description":"The ID of the subaccount.","description_kind":"markdown","required":true},"values":{"nested_type":{"attributes":{"authorities":{"type":["set","string"],"description_kind":"plain","computed":true},"description":{"type":"string","description":"The description of the app.","description_kind":"markdown","computed":true},"foreign_scope_references":{"type":["set","string"],"description_kind":"plain","computed":true},"id":{"type":"string","description":"The application ID is the xsappname plus the identifier, which consists of an exclamation mark (!), an identifier for the plan under which the application is deployed, and an index number.","description_kind":"markdown","computed":true},"master_app_id":{"type":"string","description_kind":"plain","computed":true},"oauth2_configuration":{"nested_type":{"attributes":{"allowedproviders":{"type":["set","string"],"description_kind":"plain","computed":true},"autoapprove":{"type":"bool","description_kind":"plain","computed":true},"grant_types":{"type":["set","string"],"description_kind":"plain","computed":true},"redirect_uris":{"type":["set","string"],"description_kind":"plain","computed":true},"refresh_token_validity":{"type":"number","description_kind":"plain","computed":true},"system_attributes":{"type":["set","string"],"description_kind":"plain","computed":true},"token_validity":{"type":"number","description_kind":"plain","computed":true}},"nesting_mode":"single"},"description_kind":"plain","computed":true},"org_id":{"type":"string","description_kind":"plain","computed":true},"plan_id":{"type":"string","description_kind":"plain","computed":true},"plan_name":{"type":"string","description_kind":"plain","computed":true},"serviceinstance_id":{"type":"string","description_kind":"plain","computed":true},"space_id":{"type":"string","description_kind":"plain","computed":true},"tenant_mode":{"type":"string","description_kind":"plain","computed":true},"username":{"type":"string","description_kind":"plain","computed":true},"xsappname":{"type":"string","description_kind":"plain","computed":true}},"nesting_mode":"list"},"description_kind":"plain","computed":true}},"description":"Lists all apps in a subaccount.\n\n__Tip:__\nYou must be assigned to the admin or viewer role of the subaccount.","description_kind":"markdown"}},"btp_subaccount_destination":{"version":0,"block":{"attributes":{"additional_configuration":{"type":"string","description":"The additional configuration parameters for the destination.","description_kind":"markdown","computed":true},"authentication":{"type":"string","description":"The authentication of the destination.","description_kind":"markdown","computed":true},"creation_time":{"type":"string","description":"The date and time when the resource was created.","description_kind":"markdown","computed":true},"description":{"type":"string","description":"The description of the destination.","description_kind":"markdown","computed":true},"etag":{"type":"string","description":"The etag for the destination resource","description_kind":"markdown","computed":true},"modification_time":{"type":"string","description":"The date and time when the resource was modified.","description_kind":"markdown","computed":true},"name":{"type":"string","description":"The name of the destination for subaccount","description_kind":"markdown","required":true},"proxy_type":{"type":"string","description":"The proxytype of the destination.","description_kind":"markdown","computed":true},"service_instance_id":{"type":"string","description":"The service instance that becomes part of the path used to access the destination of the subaccount.","description_kind":"markdown","optional":true},"subaccount_id":{"type":"string","description":"The ID of the subaccount.","description_kind":"markdown","required":true},"type":{"type":"string","description":"The type of request from destination.","description_kind":"markdown","computed":true},"url":{"type":"string","description":"The url of the destination.","description_kind":"markdown","computed":true}},"description":"Gets details about a specific subaccount destination.\n__Tip:__\nYou must have the appropriate connectivity and destination permissions, such as:\n\nSubaccount Administrator\nDestination Administrator\nDestination Viewer\nConnectivity and Destination Administrator","description_kind":"markdown","deprecated":true}},"btp_subaccount_destination_certificate":{"version":0,"block":{"attributes":{"certificate_name":{"type":"string","description":"The name of the certificate with a valid certificate extension. Supported certificate types include .pem, .p12, .jks and .pfx","description_kind":"markdown","required":true},"certificate_nodes":{"nested_type":{"attributes":{"algorithm":{"type":"string","description":"The cryptographic algorithm used in the key.","description_kind":"markdown","computed":true},"alias":{"type":"string","description":"An identifier used for the key.","description_kind":"markdown","computed":true},"certificate":{"type":"string","description":"The complete X.509 certificate in PEM format, encoded as base64.","description_kind":"markdown","computed":true,"sensitive":true},"common_name":{"type":"string","description":"The common name (CN) extracted from the certificate subject. May be null if not specified in the certificate.","description_kind":"markdown","computed":true},"format":{"type":"string","description":"The format of the certificate or key.","description_kind":"markdown","computed":true},"issuer":{"type":"string","description":"The certificate issuer which identifies the certificate authority that signed the certificate.","description_kind":"markdown","computed":true},"not_after":{"type":"string","description":"The expiration date and time (in ISO 8601 format) after which the certificate is no longer valid.","description_kind":"markdown","computed":true},"not_before":{"type":"string","description":"The start date and time (in ISO 8601 format) from which the certificate is valid.","description_kind":"markdown","computed":true},"subject":{"type":"string","description":"The certificate subject which identifies the owner of the certificate.","description_kind":"markdown","computed":true},"type":{"type":"string","description":"Denotes the type of the node i.e., 'private_key' or 'x509_certificate'.","description_kind":"markdown","computed":true}},"nesting_mode":"list"},"description":"List of certificate nodes containing details about the certificate and private key components.","description_kind":"markdown","computed":true},"certification_creation_details":{"nested_type":{"attributes":{"auto_renew":{"type":"bool","description":"Specifies whether the certificate is automatically renewed before it expires.","description_kind":"markdown","computed":true},"common_name":{"type":"string","description":"The common name (CN) associated with the certificate.","description_kind":"markdown","computed":true},"generation_method":{"type":"string","description":"Specifies the method used to create the certificate.","description_kind":"markdown","computed":true},"has_password":{"type":"bool","description":"Indicates whether the certificate is protected with a password.","description_kind":"markdown","computed":true},"validity_duration":{"type":"string","description":"The numeric duration for which the certificate is valid.","description_kind":"markdown","computed":true},"validity_time_units":{"type":"string","description":"The time unit associated with the validity duration, such as `DAYS`, `MONTHS`, or `YEARS`.","description_kind":"markdown","computed":true}},"nesting_mode":"single"},"description":"Details about how the destination certificate was created and its configuration settings.","description_kind":"markdown","computed":true},"service_instance_id":{"type":"string","description":"The ID of the service instance associated with this certificate.","description_kind":"markdown","optional":true},"subaccount_id":{"type":"string","description":"The ID of the subaccount which contains the certificate.","description_kind":"markdown","required":true}},"description":"Gets the destination certificate in a subaccount.\n\n__Tip:__\nYou must be assigned Destination Admin or Destination Certificate Administrator role in the subaccount.\n\n__Further Information:__\n\u003chttps://help.sap.com/docs/connectivity/sap-btp-connectivity-cf/use-destination-certificates\u003e","description_kind":"markdown"}},"btp_subaccount_destination_certificates":{"version":0,"block":{"attributes":{"service_instance_id":{"type":"string","description":"The ID of the service instance associated with this certificate.","description_kind":"markdown","optional":true},"service_instance_level_certificates":{"nested_type":{"attributes":{"certificate_name":{"type":"string","description":"The name of the certificate with a valid certificate extension.","description_kind":"markdown","computed":true},"certificate_nodes":{"nested_type":{"attributes":{"algorithm":{"type":"string","description":"The cryptographic algorithm used in the key.","description_kind":"markdown","computed":true},"alias":{"type":"string","description":"An identifier used for the key.","description_kind":"markdown","computed":true},"certificate":{"type":"string","description":"The complete X.509 certificate in PEM format, encoded as base64.","description_kind":"markdown","computed":true,"sensitive":true},"common_name":{"type":"string","description":"The common name (CN) extracted from the certificate subject. May be null if not specified in the certificate.","description_kind":"markdown","computed":true},"format":{"type":"string","description":"The format of the certificate or key.","description_kind":"markdown","computed":true},"issuer":{"type":"string","description":"The certificate issuer which identifies the certificate authority that signed the certificate.","description_kind":"markdown","computed":true},"not_after":{"type":"string","description":"The expiration date and time (in ISO 8601 format) after which the certificate is no longer valid.","description_kind":"markdown","computed":true},"not_before":{"type":"string","description":"The start date and time (in ISO 8601 format) from which the certificate is valid.","description_kind":"markdown","computed":true},"subject":{"type":"string","description":"The certificate subject which identifies the owner of the certificate.","description_kind":"markdown","computed":true},"type":{"type":"string","description":"Denotes the type of the node i.e., 'private_key' or 'x509_certificate'.","description_kind":"markdown","computed":true}},"nesting_mode":"list"},"description":"List of certificate nodes containing details about the certificate and private key components.","description_kind":"markdown","computed":true},"certification_creation_details":{"nested_type":{"attributes":{"auto_renew":{"type":"bool","description":"Specifies whether the certificate is automatically renewed before it expires.","description_kind":"markdown","computed":true},"common_name":{"type":"string","description":"The common name (CN) associated with the certificate.","description_kind":"markdown","computed":true},"generation_method":{"type":"string","description":"Specifies the method used to create the certificate.","description_kind":"markdown","computed":true},"has_password":{"type":"bool","description":"Indicates whether the certificate is protected with a password.","description_kind":"markdown","computed":true},"validity_duration":{"type":"string","description":"The numeric duration for which the certificate is valid.","description_kind":"markdown","computed":true},"validity_time_units":{"type":"string","description":"The time unit associated with the validity duration, such as `DAYS`, `MONTHS`, or `YEARS`.","description_kind":"markdown","computed":true}},"nesting_mode":"single"},"description":"Details about how the destination certificate was created and its configuration settings.","description_kind":"markdown","computed":true}},"nesting_mode":"list"},"description":"The list of destination certificates.","description_kind":"markdown","computed":true},"subaccount_id":{"type":"string","description":"The ID of the subaccount which contains the certificate.","description_kind":"markdown","required":true},"subaccount_level_certificates":{"nested_type":{"attributes":{"certificate_name":{"type":"string","description":"The name of the certificate with a valid certificate extension.","description_kind":"markdown","computed":true},"certificate_nodes":{"nested_type":{"attributes":{"algorithm":{"type":"string","description":"The cryptographic algorithm used in the key.","description_kind":"markdown","computed":true},"alias":{"type":"string","description":"An identifier used for the key.","description_kind":"markdown","computed":true},"certificate":{"type":"string","description":"The complete X.509 certificate in PEM format, encoded as base64.","description_kind":"markdown","computed":true,"sensitive":true},"common_name":{"type":"string","description":"The common name (CN) extracted from the certificate subject. May be null if not specified in the certificate.","description_kind":"markdown","computed":true},"format":{"type":"string","description":"The format of the certificate or key.","description_kind":"markdown","computed":true},"issuer":{"type":"string","description":"The certificate issuer which identifies the certificate authority that signed the certificate.","description_kind":"markdown","computed":true},"not_after":{"type":"string","description":"The expiration date and time (in ISO 8601 format) after which the certificate is no longer valid.","description_kind":"markdown","computed":true},"not_before":{"type":"string","description":"The start date and time (in ISO 8601 format) from which the certificate is valid.","description_kind":"markdown","computed":true},"subject":{"type":"string","description":"The certificate subject which identifies the owner of the certificate.","description_kind":"markdown","computed":true},"type":{"type":"string","description":"Denotes the type of the node i.e., 'private_key' or 'x509_certificate'.","description_kind":"markdown","computed":true}},"nesting_mode":"list"},"description":"List of certificate nodes containing details about the certificate and private key components.","description_kind":"markdown","computed":true},"certification_creation_details":{"nested_type":{"attributes":{"auto_renew":{"type":"bool","description":"Specifies whether the certificate is automatically renewed before it expires.","description_kind":"markdown","computed":true},"common_name":{"type":"string","description":"The common name (CN) associated with the certificate.","description_kind":"markdown","computed":true},"generation_method":{"type":"string","description":"Specifies the method used to create the certificate.","description_kind":"markdown","computed":true},"has_password":{"type":"bool","description":"Indicates whether the certificate is protected with a password.","description_kind":"markdown","computed":true},"validity_duration":{"type":"string","description":"The numeric duration for which the certificate is valid.","description_kind":"markdown","computed":true},"validity_time_units":{"type":"string","description":"The time unit associated with the validity duration, such as `DAYS`, `MONTHS`, or `YEARS`.","description_kind":"markdown","computed":true}},"nesting_mode":"single"},"description":"Details about how the destination certificate was created and its configuration settings.","description_kind":"markdown","computed":true}},"nesting_mode":"list"},"description":"The list of destination certificates.","description_kind":"markdown","computed":true}},"description":"Gets all the destination certificates in a subaccount.\n\n__Tip:__\nYou must be assigned Destination Admin or Destination Certificate Administrator role in the subaccount.\n\n__Further Information:__\n\u003chttps://help.sap.com/docs/connectivity/sap-btp-connectivity-cf/use-destination-certificates\u003e","description_kind":"markdown"}},"btp_subaccount_destination_fragment":{"version":0,"block":{"attributes":{"fragment_content":{"type":["map","string"],"description":"The content of the destination fragment.","description_kind":"markdown","computed":true},"id":{"type":"string","description":"The ID of the subaccount.","description_kind":"markdown","deprecated":true,"computed":true},"name":{"type":"string","description":"The name of the destination fragment.","description_kind":"markdown","required":true},"service_instance_id":{"type":"string","description":"The ID of the service instance associated with the destination fragment.","description_kind":"markdown","optional":true,"computed":true},"subaccount_id":{"type":"string","description":"The ID of the subaccount.","description_kind":"markdown","required":true}},"description":"Gets details about a specific subaccount destination fragment.\n\n__Tip:__\nYou must have the appropriate connectivity and destination permissions, such as:\n- Subaccount Administrator  \n- Destination Administrator  \n- Destination Viewer  \n- Connectivity and Destination Administrator\n\nTo learn more about these roles, see the SAP Help documentation:  \nhttps://help.sap.com/docs/connectivity/sap-btp-connectivity-cf/user-roles?q=role+collection\n\n__Scope:__\n- **Subaccount-level fragment**: Specify only the 'subaccount_id' and 'name' attribute.\n- **Service instance-level fragment**: Specify the 'subaccount_id', 'service_instance_id' and 'name' attributes.\n\n__Notes:__\n- 'service_instance_id' is optional. When omitted, the fragment is searched at the subaccount level.","description_kind":"markdown"}},"btp_subaccount_destination_fragments":{"version":0,"block":{"attributes":{"id":{"type":"string","description":"The ID of the subaccount.","description_kind":"markdown","deprecated":true,"computed":true},"service_instance_id":{"type":"string","description":"The ID of the service instance associated with the destination fragment.","description_kind":"markdown","optional":true,"computed":true},"subaccount_id":{"type":"string","description":"The ID of the subaccount.","description_kind":"markdown","required":true},"values":{"nested_type":{"attributes":{"fragment_content":{"type":["map","string"],"description":"The content of the destination fragment.","description_kind":"markdown","computed":true}},"nesting_mode":"list"},"description":"The list of destination fragments.","description_kind":"markdown","computed":true}},"description":"Gets details about a list of subaccount destination fragments.\n\n__Tip:__\nYou must have the appropriate connectivity and destination permissions, such as:\n- Subaccount Administrator  \n- Destination Administrator  \n- Destination Viewer  \n- Connectivity and Destination Administrator\n\nTo learn more about these roles, see the SAP Help documentation:  \nhttps://help.sap.com/docs/connectivity/sap-btp-connectivity-cf/user-roles?q=role+collection\n\n__Scope:__\n- **Subaccount-level fragments**: Specify only the 'subaccount_id' and 'name' attribute.\n- **Service instance-level fragments**: Specify the 'subaccount_id', 'service_instance_id' and 'name' attributes.\n\n__Notes:__\n- 'service_instance_id' is optional. When omitted, the fragments are searched at the subaccount level.","description_kind":"markdown"}},"btp_subaccount_destination_generic":{"version":0,"block":{"attributes":{"creation_time":{"type":"string","description":"The date and time when the resource was created.","description_kind":"markdown","computed":true},"destination_configuration":{"type":"string","description":"The configuration parameters for the destination.","description_kind":"markdown","computed":true},"etag":{"type":"string","description":"The etag for the destination resource","description_kind":"markdown","computed":true},"modification_time":{"type":"string","description":"The date and time when the resource was modified.","description_kind":"markdown","computed":true},"name":{"type":"string","description":"The name of the destination for subaccount","description_kind":"markdown","required":true},"service_instance_id":{"type":"string","description":"The service instance that becomes part of the path used to access the destination of the subaccount.","description_kind":"markdown","optional":true},"subaccount_id":{"type":"string","description":"The ID of the subaccount.","description_kind":"markdown","required":true}},"description":"Gets details about a specific subaccount destination.\n__Tip:__\nYou must have the appropriate connectivity and destination permissions, such as:\n\nSubaccount Administrator\nDestination Administrator\nDestination Viewer\nConnectivity and Destination Administrator","description_kind":"markdown"}},"btp_subaccount_destination_trust":{"version":0,"block":{"attributes":{"base_url":{"type":"string","description":"The base URL of the destination trust.","description_kind":"markdown","computed":true},"expiration":{"type":"string","description":"The expiration timestamp of the destination trust.","description_kind":"markdown","computed":true},"generated_on":{"type":"string","description":"The generation timestamp of the destination trust.","description_kind":"markdown","computed":true},"id":{"type":"string","description":"The ID of the subaccount.","description_kind":"markdown","deprecated":true,"computed":true},"name":{"type":"string","description":"The name of the destination trust.","description_kind":"markdown","computed":true},"owner":{"nested_type":{"attributes":{"instance_id":{"type":"string","description":"The instance ID of the owner.","description_kind":"markdown","computed":true},"subaccount_id":{"type":"string","description":"The subaccount ID of the owner.","description_kind":"markdown","computed":true}},"nesting_mode":"single"},"description":"The owner of the destination trust.","description_kind":"markdown","computed":true},"subaccount_id":{"type":"string","description":"The ID of the subaccount.","description_kind":"markdown","required":true},"trust_type":{"type":"string","description":"Shows whether the destination trust is active or passive. If not provided, defaults to ACTIVE.","description_kind":"markdown","optional":true,"computed":true},"x509_public_key_base64":{"type":"string","description":"The base64 encoded public certificate, enabling the establishment of trust at the target system for SAML flows.","description_kind":"markdown","computed":true}},"description":"Gets details about a specific subaccount destination trust.\n\n__Tip:__\nYou must have the appropriate connectivity and destination permissions, such as:\n- Subaccount Administrator  \n- Destination Administrator  \n- Destination Viewer  \n- Connectivity and Destination Administrator","description_kind":"markdown"}},"btp_subaccount_destinations":{"version":0,"block":{"attributes":{"destination_names":{"nested_type":{"attributes":{"name":{"type":"string","description":"The descriptive name of the destination for subaccount","description_kind":"markdown","computed":true}},"nesting_mode":"list"},"description_kind":"plain","computed":true},"names_only":{"type":"bool","description":"The Bool value for getting names only. Default value is false.","description_kind":"markdown","optional":true},"service_instance_id":{"type":"string","description":"The service instance that becomes part of the path used to access the destination of the subaccount.","description_kind":"markdown","optional":true},"subaccount_id":{"type":"string","description":"The ID of the subaccount.","description_kind":"markdown","required":true},"values":{"nested_type":{"attributes":{"additional_configuration":{"type":"string","description":"The additional configuration parameters for the destination.","description_kind":"markdown","computed":true},"authentication":{"type":"string","description":"The authentication of the destination.","description_kind":"markdown","computed":true},"creation_time":{"type":"string","description":"The date and time when the resource was created.","description_kind":"markdown","computed":true},"description":{"type":"string","description":"The description of the destination.","description_kind":"markdown","computed":true},"etag":{"type":"string","description":"The etag for the destination resource","description_kind":"markdown","computed":true},"modification_time":{"type":"string","description":"The date and time when the resource was modified.","description_kind":"markdown","computed":true},"name":{"type":"string","description":"The descriptive name of the destination for subaccount","description_kind":"markdown","computed":true},"proxy_type":{"type":"string","description":"The proxytype of the destination.","description_kind":"markdown","computed":true},"service_instance_id":{"type":"string","description":"The service instance that becomes part of the path used to access the destination of the subaccount.","description_kind":"markdown","computed":true},"subaccount_id":{"type":"string","description":"The ID of the subaccount.","description_kind":"markdown","computed":true},"type":{"type":"string","description":"The type of request from destination.","description_kind":"markdown","computed":true},"url":{"type":"string","description":"The url of the destination.","description_kind":"markdown","computed":true}},"nesting_mode":"list"},"description_kind":"plain","computed":true}},"description":"Gets list of all subaccount destinations details/names.\n__Tip:__\nYou must have the appropriate connectivity and destination permissions, such as:\n\nSubaccount Administrator\nDestination Administrator\nDestination Viewer\nConnectivity and Destination Administrator","description_kind":"markdown","deprecated":true}},"btp_subaccount_destinations_generic":{"version":0,"block":{"attributes":{"service_instance_id":{"type":"string","description":"The service instance that becomes part of the path used to access the destination of the subaccount.","description_kind":"markdown","optional":true},"subaccount_id":{"type":"string","description":"The ID of the subaccount.","description_kind":"markdown","required":true},"values":{"nested_type":{"attributes":{"creation_time":{"type":"string","description":"The date and time when the resource was created.","description_kind":"markdown","computed":true},"destination_configuration":{"type":"string","description":"The configuration parameters for the destination.","description_kind":"markdown","computed":true},"etag":{"type":"string","description":"The etag for the destination resource","description_kind":"markdown","computed":true},"modification_time":{"type":"string","description":"The date and time when the resource was modified.","description_kind":"markdown","computed":true},"name":{"type":"string","description":"The descriptive name of the destination for subaccount","description_kind":"markdown","computed":true},"service_instance_id":{"type":"string","description":"The service instance that becomes part of the path used to access the destination of the subaccount.","description_kind":"markdown","computed":true},"subaccount_id":{"type":"string","description":"The ID of the subaccount.","description_kind":"markdown","computed":true}},"nesting_mode":"list"},"description_kind":"plain","computed":true}},"description":"Gets list of all subaccount destinations details.\n__Tip:__\nYou must have the appropriate connectivity and destination permissions, such as:\n\nSubaccount Administrator\nDestination Administrator\nDestination Viewer\nConnectivity and Destination Administrator","description_kind":"markdown"}},"btp_subaccount_destinations_names":{"version":0,"block":{"attributes":{"destination_names":{"nested_type":{"attributes":{"name":{"type":"string","description":"The descriptive name of the destination for subaccount","description_kind":"markdown","computed":true}},"nesting_mode":"list"},"description_kind":"plain","computed":true},"service_instance_id":{"type":"string","description":"The service instance that becomes part of the path used to access the destination of the subaccount.","description_kind":"markdown","optional":true},"subaccount_id":{"type":"string","description":"The ID of the subaccount.","description_kind":"markdown","required":true}},"description":"Gets a list of all subaccount destination names.\n__Tip:__\nYou must have the appropriate connectivity and destination permissions, such as:\n\nSubaccount Administrator\nDestination Administrator\nDestination Viewer\nConnectivity and Destination Administrator","description_kind":"markdown"}},"btp_subaccount_entitlement":{"version":1,"block":{"attributes":{"category":{"type":"string","description":"The current state of the entitlement. Possible values are: \n \n  | value | description | \n  | --- | --- | \n  | `PLATFORM` |  A service required for using a specific platform; for example, Application Runtime is required for the Cloud Foundry platform. | \n  | `SERVICE` | A commercial or technical service. that has a numeric quota (amount) when entitled or assigned to a resource. When assigning entitlements of this type, use the 'amount' option. | \n  | `ELASTIC_SERVICE` | A commercial or technical service that has no numeric quota (amount) when entitled or assigned to a resource. Generally this type of service can be as many times as needed when enabled, but may in some cases be restricted by the service owner. | \n  | `ELASTIC_LIMITED` | An elastic service that can be enabled for only one subaccount per global account. | \n  | `APPLICATION` | A multitenant application to which consumers can subscribe. As opposed to applications defined as a 'QUOTA_BASED_APPLICATION', these applications do not have a numeric quota and are simply enabled or disabled as entitlements per subaccount. | \n  | `QUOTA_BASED_APPLICATION` | A multitenant application to which consumers can subscribe. As opposed to applications defined as 'APPLICATION', these applications have an numeric quota that limits consumer usage of the subscribed application per subaccount. | \n  | `ENVIRONMENT` |  An environment service; for example, Cloud Foundry. | ","description_kind":"markdown","computed":true},"id":{"type":"string","description":"Synthetic ID combining subaccount ID, service name, and plan name.","description_kind":"markdown","computed":true},"plan_id":{"type":"string","description":"The internal ID of the entitled service plan. Alias for plan_unique_identifier.","description_kind":"markdown","computed":true},"plan_name":{"type":"string","description":"The name of the entitled service plan.","description_kind":"markdown","required":true},"plan_unique_identifier":{"type":"string","description":"The unique identifier of the entitled service plan.","description_kind":"markdown","computed":true},"quota_assigned":{"type":"number","description":"The overall quota assigned.","description_kind":"markdown","computed":true},"quota_remaining":{"type":"number","description":"The quota, which is not used.","description_kind":"markdown","computed":true},"service_name":{"type":"string","description":"The name of the entitled service.","description_kind":"markdown","required":true},"subaccount_id":{"type":"string","description":"The ID of the subaccount.","description_kind":"markdown","required":true}},"description":"Returns entitlement details for a specific plan of a given service in a subaccount.\n\n__Tip:__\nYou must be assigned to the admin or viewer role of the subaccount. Additionally you must be a Global Account Administrator or Viewer.","description_kind":"markdown"}},"btp_subaccount_entitlements":{"version":0,"block":{"attributes":{"id":{"type":"string","description":"The ID of the subaccount.","description_kind":"markdown","deprecated":true,"computed":true},"subaccount_id":{"type":"string","description":"The ID of the subaccount.","description_kind":"markdown","required":true},"values":{"nested_type":{"attributes":{"category":{"type":"string","description":"The current state of the entitlement. Possible values are: \n \n  | value | description | \n  | --- | --- | \n  | `PLATFORM` |  A service required for using a specific platform; for example, Application Runtime is required for the Cloud Foundry platform. | \n  | `SERVICE` | A commercial or technical service. that has a numeric quota (amount) when entitled or assigned to a resource. When assigning entitlements of this type, use the 'amount' option. | \n  | `ELASTIC_SERVICE` | A commercial or technical service that has no numeric quota (amount) when entitled or assigned to a resource. Generally this type of service can be as many times as needed when enabled, but may in some cases be restricted by the service owner. | \n  | `ELASTIC_LIMITED` | An elastic service that can be enabled for only one subaccount per global account. | \n  | `APPLICATION` | A multitenant application to which consumers can subscribe. As opposed to applications defined as a 'QUOTA_BASED_APPLICATION', these applications do not have a numeric quota and are simply enabled or disabled as entitlements per subaccount. | \n  | `QUOTA_BASED_APPLICATION` | A multitenant application to which consumers can subscribe. As opposed to applications defined as 'APPLICATION', these applications have an numeric quota that limits consumer usage of the subscribed application per subaccount. | \n  | `ENVIRONMENT` |  An environment service; for example, Cloud Foundry. | ","description_kind":"markdown","computed":true},"plan_description":{"type":"string","description":"The description of the entitled service plan.","description_kind":"markdown","computed":true},"plan_display_name":{"type":"string","description":"The display name of the entitled service plan.","description_kind":"markdown","computed":true},"plan_name":{"type":"string","description":"The name of the entitled service plan.","description_kind":"markdown","computed":true},"plan_unique_identifier":{"type":"string","description":"The unique identifier of the entitled service plan.","description_kind":"markdown","computed":true},"quota_assigned":{"type":"number","description":"The overall quota assigned.","description_kind":"markdown","computed":true},"quota_remaining":{"type":"number","description":"The quota, which is not used.","description_kind":"markdown","computed":true},"service_display_name":{"type":"string","description":"The display name of the entitled service.","description_kind":"markdown","computed":true},"service_name":{"type":"string","description":"The name of the entitled service.","description_kind":"markdown","computed":true}},"nesting_mode":"map"},"description_kind":"plain","computed":true}},"description":"Gets all the entitlements and quota assignments for a subaccount.\n\n__Tip:__\nYou must be assigned to the admin or viewer role of the subaccount. Additionally you must be a Global Account Administrator or Viewer.","description_kind":"markdown"}},"btp_subaccount_environment_instance":{"version":0,"block":{"attributes":{"broker_id":{"type":"string","description":"The ID of the associated environment broker.","description_kind":"markdown","computed":true},"created_date":{"type":"string","description":"The date and time when the resource was created in [RFC3339](https://www.ietf.org/rfc/rfc3339.txt) format.","description_kind":"markdown","computed":true},"custom_labels":{"type":["map",["set","string"]],"description_kind":"plain","computed":true},"dashboard_url":{"type":"string","description":"The URL of the service dashboard, which is a web-based management user interface for the service instances.","description_kind":"markdown","computed":true},"description":{"type":"string","description":"The description of the environment instance.","description_kind":"markdown","computed":true},"environment_type":{"type":"string","description":"The type of the environment instance that is used.","description_kind":"markdown","computed":true},"id":{"type":"string","description":"The ID of the environment instance.","description_kind":"markdown","required":true},"labels":{"type":"string","description":"The set of words or phrases assigned to the environment instance.","description_kind":"markdown","computed":true},"landscape_label":{"type":"string","description":"The name of the landscape within the logged-in region on which the environment instance is created.","description_kind":"markdown","computed":true},"last_modified":{"type":"string","description":"The date and time when the resource was last modified in [RFC3339](https://www.ietf.org/rfc/rfc3339.txt) format.","description_kind":"markdown","computed":true},"name":{"type":"string","description":"The name of the environment instance.","description_kind":"markdown","computed":true},"operation":{"type":"string","description":"An identifier that represents the last operation. This ID is returned by the environment brokers.","description_kind":"markdown","computed":true},"parameters":{"type":"string","description":"The configuration parameters for the environment instance.","description_kind":"markdown","computed":true},"plan_id":{"type":"string","description":"The ID of the service plan for the environment instance in the corresponding service broker's catalog.","description_kind":"markdown","computed":true},"plan_name":{"type":"string","description":"The name of the service plan for the environment instance in the corresponding service broker's catalog.","description_kind":"markdown","computed":true},"platform_id":{"type":"string","description":"The ID of the platform for the environment instance in the corresponding service broker's catalog.","description_kind":"markdown","computed":true},"service_id":{"type":"string","description":"The ID of the service for the environment instance in the corresponding service broker's catalog.","description_kind":"markdown","computed":true},"service_name":{"type":"string","description":"The name of the service for the environment instance in the corresponding service broker's catalog.","description_kind":"markdown","computed":true},"state":{"type":"string","description":"The current state of the environment instance. Possible values are: \n\n  | state | description | \n  | --- | --- | \n  | `OK` | The CRUD operation or series of operations completed successfully. | \n  | `CREATING` | Creating entity operation is in progress. | \n  | `CREATION_FAILED` | The creation operation failed, and the entity was not created or was created but cannot be used. | \n  | `UPDATING` | Updating entity operation is in progress. | \n  | `UPDATE_FAILED` | The update operation failed, and the entity was not updated. | \n  | `DELETING` | Deleting entity operation is in progress. | \n  | `DELETION_FAILED` | The delete operation failed, and the entity was not deleted. | ","description_kind":"markdown","computed":true},"subaccount_id":{"type":"string","description":"The ID of the subaccount.","description_kind":"markdown","required":true},"tenant_id":{"type":"string","description":"The ID of the tenant that owns the environment instance.","description_kind":"markdown","computed":true},"type":{"type":"string","description":"The last provisioning operation on the environment instance. Possible values are: \n\n  | type | description | \n  | --- | --- | \n  | `Provision` | The environment instance is created. | \n  | `Update` | The environment instance is changed. | \n  | `Deprovision` | The environment instance is deleted. | ","description_kind":"markdown","computed":true}},"description":"Gets the details of a specific environment instance in a subaccount.\n\n__Tip:__\nYou must be assigned to the admin or viewer role of the subaccount.","description_kind":"markdown"}},"btp_subaccount_environment_instances":{"version":0,"block":{"attributes":{"id":{"type":"string","description":"The ID of the subaccount.","description_kind":"markdown","deprecated":true,"computed":true},"subaccount_id":{"type":"string","description":"The ID of the subaccount.","description_kind":"markdown","required":true},"values":{"nested_type":{"attributes":{"broker_id":{"type":"string","description":"The ID of the associated environment broker.","description_kind":"markdown","computed":true},"created_date":{"type":"string","description":"The date and time when the resource was created in [RFC3339](https://www.ietf.org/rfc/rfc3339.txt) format.","description_kind":"markdown","computed":true},"custom_labels":{"type":["map",["set","string"]],"description_kind":"plain","computed":true},"dashboard_url":{"type":"string","description":"The URL of the service dashboard, which is a web-based management user interface for the service instances.","description_kind":"markdown","computed":true},"description":{"type":"string","description":"The description of the environment instance.","description_kind":"markdown","computed":true},"environment_type":{"type":"string","description":"The type of the environment instance that is used.","description_kind":"markdown","computed":true},"id":{"type":"string","description":"The ID of the environment instance.","description_kind":"markdown","computed":true},"labels":{"type":"string","description":"The Broker-specified key-value pairs that specify attributes of an environment instance.","description_kind":"markdown","computed":true},"landscape_label":{"type":"string","description":"The name of the landscape within the logged-in region on which the environment instance is created.","description_kind":"markdown","computed":true},"last_modified":{"type":"string","description":"The date and time when the resource was last modified in [RFC3339](https://www.ietf.org/rfc/rfc3339.txt) format.","description_kind":"markdown","computed":true},"name":{"type":"string","description":"The name of the environment instance.","description_kind":"markdown","computed":true},"operation":{"type":"string","description":"An identifier that represents the last operation. This ID is returned by the environment brokers.","description_kind":"markdown","computed":true},"parameters":{"type":"string","description":"The configuration parameters for the environment instance.","description_kind":"markdown","computed":true},"plan_id":{"type":"string","description":"The ID of the service plan for the environment instance in the corresponding service broker's catalog.","description_kind":"markdown","computed":true},"plan_name":{"type":"string","description":"The name of the service plan for the environment instance in the corresponding service broker's catalog.","description_kind":"markdown","computed":true},"platform_id":{"type":"string","description":"The ID of the platform for the environment instance in the corresponding service broker's catalog.","description_kind":"markdown","computed":true},"service_id":{"type":"string","description":"The ID of the service for the environment instance in the corresponding service broker's catalog.","description_kind":"markdown","computed":true},"service_name":{"type":"string","description":"The name of the service for the environment instance in the corresponding service broker's catalog.","description_kind":"markdown","computed":true},"state":{"type":"string","description":"The current state of the environment instance. Possible values are: \n\n  | state | description | \n  | --- | --- | \n  | `OK` | The CRUD operation or series of operations completed successfully. | \n  | `CREATING` | Creating of the environment instance is in progress. | \n  | `CREATION_FAILED` | The creation of the environment instance failed, and the environment instance was not created or was created but cannot be used. | \n  | `UPDATING` | Updating of the environment instance is in progress. | \n  | `UPDATE_FAILED` | The update of the environment instance failed, and  the environment instance was not updated. | \n  | `DELETING` | Deleting of the environment instance is in progress. | \n  | `DELETION_FAILED` | The deletion of the environment instance failed, and the environment instance was not deleted. | ","description_kind":"markdown","computed":true},"tenant_id":{"type":"string","description":"The ID of the tenant that owns the environment instance.","description_kind":"markdown","computed":true},"type":{"type":"string","description":"The last provisioning operation on the environment instance. Possible values are: \n\n  | value | description | \n  | --- | --- | \n  | `Provision` | The environment instance is created. | \n  | `Update` | The environment instance is changed. | \n  | `Deprovision` | The environment instance is deleted. | ","description_kind":"markdown","computed":true}},"nesting_mode":"list"},"description_kind":"plain","computed":true}},"description":"Gets all the environment instances in a subaccount.\n\n__Tip:__\nYou must be assigned to the admin or viewer role of the subaccount.","description_kind":"markdown"}},"btp_subaccount_environments":{"version":0,"block":{"attributes":{"id":{"type":"string","description":"The ID of the subaccount.","description_kind":"markdown","deprecated":true,"computed":true},"subaccount_id":{"type":"string","description":"The ID of the subaccount.","description_kind":"markdown","required":true},"values":{"nested_type":{"attributes":{"availability_level":{"type":"string","description":"The availability level of the environment broker.","description_kind":"markdown","computed":true},"description":{"type":"string","description":"The description of the environment.","description_kind":"markdown","computed":true},"environment_type":{"type":"string","description":"The type of environment that is available (for example: cloudfoundry).","description_kind":"markdown","computed":true},"landscape_label":{"type":"string","description":"The landscape label of the environment broker.","description_kind":"markdown","computed":true},"plan_name":{"type":"string","description":"The name of the service plan for the available environment.","description_kind":"markdown","computed":true},"plan_updateable":{"type":"bool","description":"Specifies if the consumer can change the plan of an existing instance of the environment.","description_kind":"markdown","computed":true},"schema_create":{"type":"string","description":"The create schema of the environment broker.","description_kind":"markdown","computed":true},"schema_update":{"type":"string","description":"The update schema of the environment broker.","description_kind":"markdown","computed":true},"service_description":{"type":"string","description":"The short description of the service.","description_kind":"markdown","computed":true},"service_display_name":{"type":"string","description":"The display name of the service.","description_kind":"markdown","computed":true},"service_name":{"type":"string","description":"The name of the service offered in the catalog of the corresponding environment broker (for example: cloudfoundry).","description_kind":"markdown","computed":true},"technical_key":{"type":"string","description":"The technical key of the corresponding environment broker.","description_kind":"markdown","computed":true}},"nesting_mode":"list"},"description_kind":"plain","computed":true}},"description":"Gets all the available environments for a subaccount.\n\nThis includes the environments, such as Cloud Foundry, which are available by default to all subaccounts, and those restricted environments, such as Kyma, which are offered in the product catalog as service entitlements and whose plans have already been assigned by a global account admin to the subaccount.\n\n__Tip:__\nYou must be assigned to the admin or viewer role of the subaccount.","description_kind":"markdown"}},"btp_subaccount_identity_provider":{"version":0,"block":{"attributes":{"common_host":{"type":"string","description":"The common host of the identity provider.","description_kind":"markdown","computed":true},"cost_center_id":{"type":"number","description":"The cost center ID associated with the entity.","description_kind":"markdown","computed":true},"custom_host":{"type":"string","description":"The custom host of the identity provider.","description_kind":"markdown","computed":true},"customer_id":{"type":"string","description":"The customer ID.","description_kind":"markdown","computed":true},"customer_name":{"type":"string","description":"The name of the customer.","description_kind":"markdown","computed":true},"data_center_id":{"type":"string","description":"The data center ID.","description_kind":"markdown","computed":true},"description":{"type":"string","description":"The description of the identity provider.","description_kind":"markdown","computed":true},"display_name":{"type":"string","description":"The display name of the identity provider.","description_kind":"markdown","computed":true},"host":{"type":"string","description":"The host of the identity provider.","description_kind":"markdown","required":true},"region":{"type":"string","description":"The region where the identity provider is located.","description_kind":"markdown","computed":true},"status":{"type":"string","description":"The current status of the identity provider.","description_kind":"markdown","computed":true},"subaccount_id":{"type":"string","description":"The ID of the subaccount.","description_kind":"markdown","required":true},"tenant_id":{"type":"string","description":"The unique ID of the tenant.","description_kind":"markdown","computed":true},"tenant_type":{"type":"string","description":"The type of the tenant.","description_kind":"markdown","computed":true}},"description":"Gets details about a specific available identity provider for a subaccount.","description_kind":"markdown"}},"btp_subaccount_identity_providers":{"version":0,"block":{"attributes":{"subaccount_id":{"type":"string","description":"The ID of the subaccount.","description_kind":"markdown","required":true},"values":{"nested_type":{"attributes":{"common_host":{"type":"string","description_kind":"plain","computed":true},"cost_center_id":{"type":"number","description_kind":"plain","computed":true},"custom_host":{"type":"string","description_kind":"plain","computed":true},"customer_id":{"type":"string","description_kind":"plain","computed":true},"customer_name":{"type":"string","description_kind":"plain","computed":true},"data_center_id":{"type":"string","description_kind":"plain","computed":true},"description":{"type":"string","description_kind":"plain","computed":true},"display_name":{"type":"string","description_kind":"plain","computed":true},"host":{"type":"string","description_kind":"plain","computed":true},"region":{"type":"string","description_kind":"plain","computed":true},"status":{"type":"string","description_kind":"plain","computed":true},"tenant_id":{"type":"string","description_kind":"plain","computed":true},"tenant_type":{"type":"string","description_kind":"plain","computed":true}},"nesting_mode":"list"},"description_kind":"plain","computed":true}},"description":"Lists the available identity providers for a subaccount.","description_kind":"markdown"}},"btp_subaccount_labels":{"version":0,"block":{"attributes":{"id":{"type":"string","description":"The ID of the subaccount.","description_kind":"markdown","deprecated":true,"computed":true},"subaccount_id":{"type":"string","description":"The ID of the subaccount.","description_kind":"markdown","required":true},"values":{"type":["map",["set","string"]],"description":"Contains the label values","description_kind":"markdown","computed":true}},"description":"Gets all the user-defined labels that are currently assigned to a specific subaccount.\n\n__Tip:__\nYou must be assigned to the admin or viewer role of the subaccount.\n\n__Further documentation:__\n\u003chttps://help.sap.com/docs/btp/sap-business-technology-platform/account-model\u003e","description_kind":"markdown"}},"btp_subaccount_role":{"version":0,"block":{"attributes":{"app_id":{"type":"string","description":"The ID of the xsuaa application.","description_kind":"markdown","required":true},"attribute_list":{"nested_type":{"attributes":{"attribute_name":{"type":"string","description":"The name of the role attribute.","description_kind":"markdown","computed":true},"attribute_value_origin":{"type":"string","description":"The origin of the attribute value.","description_kind":"markdown","computed":true},"attribute_values":{"type":["set","string"],"description_kind":"plain","computed":true},"value_required":{"type":"bool","description":"Shows whether the value is required.","description_kind":"markdown","computed":true}},"nesting_mode":"list"},"description":"The attributes assigned to this role.","description_kind":"markdown","computed":true},"description":{"type":"string","description":"The description of the role.","description_kind":"markdown","computed":true},"id":{"type":"string","description":"The ID of the subaccount.","description_kind":"markdown","deprecated":true,"computed":true},"name":{"type":"string","description":"The name of the role.","description_kind":"markdown","required":true},"read_only":{"type":"bool","description":"Shows whether the role can be modified or not.","description_kind":"markdown","computed":true},"role_template_name":{"type":"string","description":"The name of the role template.","description_kind":"markdown","required":true},"scopes":{"nested_type":{"attributes":{"custom_grant_as_authority_to_apps":{"type":["set","string"],"description_kind":"plain","computed":true},"custom_granted_apps":{"type":["set","string"],"description_kind":"plain","computed":true},"description":{"type":"string","description":"The description of the scope.","description_kind":"markdown","computed":true},"grant_as_authority_to_apps":{"type":["set","string"],"description_kind":"plain","computed":true},"granted_apps":{"type":["set","string"],"description_kind":"plain","computed":true},"name":{"type":"string","description":"The name of the scope.","description_kind":"markdown","computed":true}},"nesting_mode":"list"},"description":"The scopes available with this role.","description_kind":"markdown","computed":true},"subaccount_id":{"type":"string","description":"The ID of the subaccount.","description_kind":"markdown","required":true}},"description":"Gets details about a specific subaccount role.\n\n__Tip:__\nYou must be assigned to the admin or viewer role of the subaccount.","description_kind":"markdown"}},"btp_subaccount_role_collection":{"version":0,"block":{"attributes":{"attribute_mappings":{"nested_type":{"attributes":{"attribute":{"type":"string","description":"The user attribute or group name used in the mapping.","description_kind":"markdown","computed":true},"identity_provider":{"type":"string","description":"The display name of the identity provider from which the attribute or group mapping originates.","description_kind":"markdown","computed":true},"operator":{"type":"string","description":"The operator applied in the attribute mapping. Only `equals` is currently supported.","description_kind":"markdown","computed":true},"value":{"type":"string","description":"The value of the user attribute or group that grants the role collection.","description_kind":"markdown","computed":true}},"nesting_mode":"set"},"description":"List of user attributes and user groups from identity providers that effectively grant this role collection.","description_kind":"markdown","computed":true},"description":{"type":"string","description":"The description of the role collection.","description_kind":"markdown","computed":true},"id":{"type":"string","description":"The ID of the subaccount.","description_kind":"markdown","deprecated":true,"computed":true},"name":{"type":"string","description":"The name of the role collection.","description_kind":"markdown","required":true},"read_only":{"type":"bool","description":"Shows whether the role collection is read-only.","description_kind":"markdown","computed":true},"roles":{"nested_type":{"attributes":{"description":{"type":"string","description":"The description of the referenced role","description_kind":"markdown","computed":true},"name":{"type":"string","description":"The name of the referenced role.","description_kind":"markdown","computed":true},"role_template_app_id":{"type":"string","description":"The name of the referenced template app id","description_kind":"markdown","computed":true},"role_template_name":{"type":"string","description":"The name of the referenced role template.","description_kind":"markdown","computed":true}},"nesting_mode":"set"},"description_kind":"plain","computed":true},"show_attribute_mappings":{"type":"bool","description":"If set to true, the data source will also return which user attributes and user groups provided by an identity provider effectively grant this role collection.","description_kind":"markdown","optional":true},"subaccount_id":{"type":"string","description":"The ID of the subaccount.","description_kind":"markdown","required":true}},"description":"Gets details about a specific subaccount role collection.\n\n__Tip:__\nYou must be assigned to the admin or viewer role of the subaccount.","description_kind":"markdown"}},"btp_subaccount_role_collection_base":{"version":0,"block":{"attributes":{"description":{"type":"string","description":"The description of the role collection.","description_kind":"markdown","computed":true},"name":{"type":"string","description":"The name of the role collection.","description_kind":"markdown","required":true},"read_only":{"type":"bool","description":"Whether the role collection is read-only.","description_kind":"markdown","computed":true},"subaccount_id":{"type":"string","description":"The ID of the subaccount.","description_kind":"markdown","required":true}},"description":"Gets metadata for a specific subaccount role collection.","description_kind":"markdown"}},"btp_subaccount_role_collection_bases":{"version":0,"block":{"attributes":{"subaccount_id":{"type":"string","description_kind":"plain","required":true},"values":{"nested_type":{"attributes":{"description":{"type":"string","description_kind":"plain","computed":true},"name":{"type":"string","description_kind":"plain","computed":true},"read_only":{"type":"bool","description_kind":"plain","computed":true}},"nesting_mode":"set"},"description_kind":"plain","computed":true}},"description":"Lists metadata of all role collections in a subaccount.","description_kind":"markdown"}},"btp_subaccount_role_collection_role":{"version":0,"block":{"attributes":{"description":{"type":"string","description":"The description of the referenced role.","description_kind":"markdown","computed":true},"name":{"type":"string","description":"The name of the role collection.","description_kind":"markdown","required":true},"role_name":{"type":"string","description":"The name of the role.","description_kind":"markdown","required":true},"role_template_app_id":{"type":"string","description":"The name of the referenced template app id.","description_kind":"markdown","computed":true},"role_template_name":{"type":"string","description":"The name of the referenced role template.","description_kind":"markdown","computed":true},"subaccount_id":{"type":"string","description":"The ID of the subaccount.","description_kind":"markdown","required":true}},"description":"Gets details about a specific role assigned to a subaccount role collection.","description_kind":"markdown"}},"btp_subaccount_role_collection_roles":{"version":0,"block":{"attributes":{"name":{"type":"string","description":"The name of the role collection.","description_kind":"markdown","required":true},"subaccount_id":{"type":"string","description":"The ID of the subaccount.","description_kind":"markdown","required":true},"values":{"nested_type":{"attributes":{"description":{"type":"string","description_kind":"plain","computed":true},"role_name":{"type":"string","description_kind":"plain","computed":true},"role_template_app_id":{"type":"string","description_kind":"plain","computed":true},"role_template_name":{"type":"string","description_kind":"plain","computed":true}},"nesting_mode":"set"},"description":"The roles assigned to the role collection.","description_kind":"markdown","computed":true}},"description":"Lists all roles assigned to a specific subaccount role collection.","description_kind":"markdown"}},"btp_subaccount_role_collections":{"version":0,"block":{"attributes":{"id":{"type":"string","description":"The ID of the subaccount.","description_kind":"markdown","deprecated":true,"computed":true},"subaccount_id":{"type":"string","description":"The ID of the subaccount.","description_kind":"markdown","required":true},"values":{"nested_type":{"attributes":{"description":{"type":"string","description":"The description of the role collection.","description_kind":"markdown","computed":true},"name":{"type":"string","description":"The name of the role collection.","description_kind":"markdown","computed":true},"read_only":{"type":"bool","description":"Shows whether the role collection is read-only.","description_kind":"markdown","computed":true},"roles":{"nested_type":{"attributes":{"description":{"type":"string","description":"The description of the referenced role","description_kind":"markdown","computed":true},"name":{"type":"string","description":"The name of the referenced role.","description_kind":"markdown","computed":true},"role_template_app_id":{"type":"string","description":"The name of the referenced template app id","description_kind":"markdown","computed":true},"role_template_name":{"type":"string","description":"The name of the referenced role template.","description_kind":"markdown","computed":true}},"nesting_mode":"set"},"description_kind":"plain","computed":true}},"nesting_mode":"list"},"description_kind":"plain","computed":true}},"description":"Gets all role collections.\n\n__Tip:__\nYou must be assigned to the admin or viewer role of the subaccount.","description_kind":"markdown"}},"btp_subaccount_roles":{"version":0,"block":{"attributes":{"id":{"type":"string","description":"The ID of the subaccount.","description_kind":"markdown","deprecated":true,"computed":true},"subaccount_id":{"type":"string","description":"The ID of the subaccount.","description_kind":"markdown","required":true},"values":{"nested_type":{"attributes":{"app_id":{"type":"string","description":"The id of the application that provides the role template and the role.","description_kind":"markdown","computed":true},"app_name":{"type":"string","description":"The name of the application that provides the role template and the role.","description_kind":"markdown","computed":true},"attribute_list":{"nested_type":{"attributes":{"attribute_name":{"type":"string","description":"The name of the role attribute.","description_kind":"markdown","computed":true},"attribute_value_origin":{"type":"string","description":"The origin of the attribute value.","description_kind":"markdown","computed":true},"attribute_values":{"type":["set","string"],"description_kind":"plain","computed":true},"value_required":{"type":"bool","description":"Shows whether the value is required.","description_kind":"markdown","computed":true}},"nesting_mode":"list"},"description":"The attributes assigned to this role.","description_kind":"markdown","computed":true},"description":{"type":"string","description":"The description of the role.","description_kind":"markdown","computed":true},"name":{"type":"string","description":"The name of the role.","description_kind":"markdown","computed":true},"read_only":{"type":"bool","description":"Shows whether the role can be modified or not.","description_kind":"markdown","computed":true},"role_template_name":{"type":"string","description":"The name of the role template.","description_kind":"markdown","computed":true},"scopes":{"nested_type":{"attributes":{"custom_grant_as_authority_to_apps":{"type":["set","string"],"description_kind":"plain","computed":true},"custom_granted_apps":{"type":["set","string"],"description_kind":"plain","computed":true},"description":{"type":"string","description":"The description of the scope.","description_kind":"markdown","computed":true},"grant_as_authority_to_apps":{"type":["set","string"],"description_kind":"plain","computed":true},"granted_apps":{"type":["set","string"],"description_kind":"plain","computed":true},"name":{"type":"string","description":"The name of the scope.","description_kind":"markdown","computed":true}},"nesting_mode":"list"},"description":"The scopes available with this role.","description_kind":"markdown","computed":true}},"nesting_mode":"list"},"description_kind":"plain","computed":true}},"description":"Gets all roles.\n\n__Tip:__\nYou must be assigned to the admin or viewer role of the subaccount.\n\n__Further documentation:__\n\u003chttps://help.sap.com/docs/btp/sap-business-technology-platform/role-collections-and-roles-in-global-accounts-directories-and-subaccounts\u003e","description_kind":"markdown"}},"btp_subaccount_security_settings":{"version":0,"block":{"attributes":{"access_token_validity":{"type":"number","description":"The validity of the access token.","description_kind":"markdown","computed":true},"custom_email_domains":{"type":["set","string"],"description":"Set of domains that are allowed to be used for user authentication.","description_kind":"markdown","computed":true},"default_identity_provider":{"type":"string","description":"The subaccount's default identity provider for business application users.","description_kind":"markdown","computed":true},"iframe_domains":{"type":"string","description":"The new domains of the iframe. Enter as string. To provide multiple domains, separate them by spaces.","description_kind":"markdown","computed":true},"iframe_domains_list":{"type":["list","string"],"description":"The new domains of the iframe as list.","description_kind":"markdown","computed":true},"refresh_token_validity":{"type":"number","description":"The validity of the refresh token.","description_kind":"markdown","computed":true},"subaccount_id":{"type":"string","description":"The ID of the subaccount.","description_kind":"markdown","required":true},"treat_users_with_same_email_as_same_user":{"type":"bool","description":"If set to true, users with the same email are treated as same users.","description_kind":"markdown","computed":true}},"description":"Gets the security settings of a subaccount.\n\n__Tip:__\nYou must be assigned to the admin or viewer role of the subaccount.\n\n__Further documentation:__\n\u003chttps://help.sap.com/docs/btp/sap-business-technology-platform/configure-trusted-domains-for-sap-authorization-and-trust-management-service\u003e\n\u003chttps://help.sap.com/docs/btp/sap-business-technology-platform/configure-token-policy-for-sap-authorization-and-trust-management-service\u003e","description_kind":"markdown"}},"btp_subaccount_service_binding":{"version":0,"block":{"attributes":{"bind_resource":{"type":["map","string"],"description":"Contains the resources associated with the binding.","description_kind":"markdown","computed":true},"context":{"type":"string","description":"Contextual data for the resource.","description_kind":"markdown","computed":true},"created_date":{"type":"string","description":"The date and time when the resource was created in [RFC3339](https://www.ietf.org/rfc/rfc3339.txt) format.","description_kind":"markdown","computed":true},"credentials":{"type":"string","description":"The credentials to access the binding.","description_kind":"markdown","computed":true,"sensitive":true},"id":{"type":"string","description":"The ID of the service binding.","description_kind":"markdown","optional":true,"computed":true},"labels":{"type":["map",["set","string"]],"description":"The set of words or phrases assigned to the binding.","description_kind":"markdown","computed":true},"last_modified":{"type":"string","description":"The date and time when the resource was last modified in [RFC3339](https://www.ietf.org/rfc/rfc3339.txt) format.","description_kind":"markdown","computed":true},"name":{"type":"string","description":"The name of the service binding.","description_kind":"markdown","optional":true,"computed":true},"parameters":{"type":"string","description":"The parameters of the service binding as a valid JSON object.","description_kind":"markdown","computed":true},"ready":{"type":"bool","description":"Shows whether the service binding is ready.","description_kind":"markdown","computed":true},"service_instance_id":{"type":"string","description":"The ID of the service instance associated with the binding.","description_kind":"markdown","computed":true},"state":{"type":"string","description":"The current state of the service binding. Possible values are: \n\n  | state | description | \n  | --- | --- | \n  | `in progress` | The operation or processing is in progress | \n  | `failed` | The operation or processing failed | \n  | `succeeded` | The operation or processing succeeded | ","description_kind":"markdown","computed":true},"subaccount_id":{"type":"string","description":"The ID of the subaccount.","description_kind":"markdown","required":true}},"description":"Gets details about a specific service binding, such as its access details. They are included in its 'credentials' property, and typically include access URLs and credentials.\n\n__Tip:__\nYou must be assigned to the admin or viewer role of the subaccount.","description_kind":"markdown"}},"btp_subaccount_service_bindings":{"version":0,"block":{"attributes":{"fields_filter":{"type":"string","description":"Filters the service bindings based on the field query.","description_kind":"markdown","optional":true},"id":{"type":"string","description":"The ID of the subaccount.","description_kind":"markdown","deprecated":true,"computed":true},"labels_filter":{"type":"string","description":"Filters the service binding based on the label query.","description_kind":"markdown","optional":true},"subaccount_id":{"type":"string","description":"The ID of the subaccount.","description_kind":"markdown","required":true},"values":{"nested_type":{"attributes":{"bind_resource":{"type":["map","string"],"description":"Contains the resources associated with the binding.","description_kind":"markdown","computed":true},"context":{"type":"string","description":"Contextual data for the resource.","description_kind":"markdown","computed":true},"created_date":{"type":"string","description":"The date and time when the resource was created in [RFC3339](https://www.ietf.org/rfc/rfc3339.txt) format.","description_kind":"markdown","computed":true},"credentials":{"type":"string","description":"The credentials to access the binding.","description_kind":"markdown","computed":true,"sensitive":true},"id":{"type":"string","description":"The ID of the service binding.","description_kind":"markdown","optional":true,"computed":true},"labels":{"type":["map",["set","string"]],"description":"The set of words or phrases assigned to the binding.","description_kind":"markdown","computed":true},"last_modified":{"type":"string","description":"The date and time when the resource was last modified in [RFC3339](https://www.ietf.org/rfc/rfc3339.txt) format.","description_kind":"markdown","computed":true},"name":{"type":"string","description":"The name of the service binding.","description_kind":"markdown","optional":true,"computed":true},"ready":{"type":"bool","description":"Shows whether the service binding is ready.","description_kind":"markdown","computed":true},"service_instance_id":{"type":"string","description":"The ID of the service instance associated with the binding.","description_kind":"markdown","computed":true}},"nesting_mode":"list"},"description_kind":"plain","computed":true}},"description":"Lists all service bindings in a subaccount, i.e. the access details to consume a service.\n\n__Tip:__\nYou must be assigned to the admin or viewer role of the subaccount.","description_kind":"markdown"}},"btp_subaccount_service_broker":{"version":0,"block":{"attributes":{"created_date":{"type":"string","description":"The date and time when the resource was created in [RFC3339](https://www.ietf.org/rfc/rfc3339.txt) format.","description_kind":"markdown","computed":true},"description":{"type":"string","description":"The description of the service broker.","description_kind":"markdown","computed":true},"id":{"type":"string","description":"The ID of the service broker.","description_kind":"markdown","optional":true,"computed":true},"labels":{"type":["map",["set","string"]],"description":"Set of words or phrases assigned to the service broker.","description_kind":"markdown","computed":true},"last_modified":{"type":"string","description":"The date and time when the resource was last modified in [RFC3339](https://www.ietf.org/rfc/rfc3339.txt) format.","description_kind":"markdown","computed":true},"name":{"type":"string","description":"The name of the service broker.","description_kind":"markdown","optional":true,"computed":true},"ready":{"type":"bool","description":"Shows whether the service broker is ready.","description_kind":"markdown","computed":true},"subaccount_id":{"type":"string","description":"The ID of the subaccount.","description_kind":"markdown","required":true},"url":{"type":"string","description":"The URL of the service broker.","description_kind":"markdown","computed":true}},"description":"Gets details about a specific service broker registered in a subaccount.\n\n__Tip:__\nYou must be assigned to the admin or viewer role of the subaccount.","description_kind":"markdown"}},"btp_subaccount_service_brokers":{"version":0,"block":{"attributes":{"fields_filter":{"type":"string","description":"Filters the service brokers based on their fields. For example, to display a service broker with the name 'my-service-broker2', use \"name eq 'my-service-broker2'\".","description_kind":"markdown","optional":true},"labels_filter":{"type":"string","description":"Filters the service brokers based on the label query. For example, to display a service broker with the label 'country', whose value is 'France', use \"country eq 'France'\".","description_kind":"markdown","optional":true},"subaccount_id":{"type":"string","description":"The ID of the subaccount.","description_kind":"markdown","required":true},"values":{"nested_type":{"attributes":{"created_date":{"type":"string","description":"The date and time when the resource was created in [RFC3339](https://www.ietf.org/rfc/rfc3339.txt) format.","description_kind":"markdown","computed":true},"description":{"type":"string","description":"The description of the service broker.","description_kind":"markdown","computed":true},"id":{"type":"string","description":"The ID of the service broker.","description_kind":"markdown","computed":true},"labels":{"type":["map",["set","string"]],"description":"Set of words or phrases assigned to the service broker.","description_kind":"markdown","computed":true},"last_modified":{"type":"string","description":"The date and time when the resource was last modified in [RFC3339](https://www.ietf.org/rfc/rfc3339.txt) format.","description_kind":"markdown","computed":true},"name":{"type":"string","description":"The name of the service broker.","description_kind":"markdown","computed":true},"ready":{"type":"bool","description":"Shows whether the service broker is ready.","description_kind":"markdown","computed":true},"url":{"type":"string","description":"The URL of the service broker.","description_kind":"markdown","computed":true}},"nesting_mode":"list"},"description_kind":"plain","computed":true}},"description":"Lists all service brokers in a subaccount.\n\n__Tip:__\nYou must be assigned to the admin or viewer role of the subaccount.","description_kind":"markdown"}},"btp_subaccount_service_instance":{"version":0,"block":{"attributes":{"context":{"type":"string","description":"Contextual data for the resource.","description_kind":"markdown","computed":true},"created_date":{"type":"string","description":"The date and time when the resource was created in [RFC3339](https://www.ietf.org/rfc/rfc3339.txt) format.","description_kind":"markdown","computed":true},"dashboard_url":{"type":"string","description":"The URL of the web-based management UI for the service instance.","description_kind":"markdown","computed":true},"id":{"type":"string","description":"The ID of the service instance.","description_kind":"markdown","optional":true,"computed":true},"labels":{"type":["map",["set","string"]],"description":"The set of words or phrases assigned to the service instance.","description_kind":"markdown","computed":true},"last_modified":{"type":"string","description":"The date and time when the resource was last modified in [RFC3339](https://www.ietf.org/rfc/rfc3339.txt) format.","description_kind":"markdown","computed":true},"name":{"type":"string","description":"The name of the service instance.","description_kind":"markdown","optional":true,"computed":true},"parameters":{"type":"string","description":"The configuration parameters for the service instance.","description_kind":"markdown","computed":true},"platform_id":{"type":"string","description":"The platform ID.","description_kind":"markdown","computed":true},"ready":{"type":"bool","description_kind":"plain","computed":true},"referenced_instance_id":{"type":"string","description":"The ID of the instance to which the service instance refers.","description_kind":"markdown","computed":true},"serviceplan_id":{"type":"string","description":"The ID of the service plan.","description_kind":"markdown","computed":true},"shared":{"type":"bool","description":"Shows whether the service instance is shared.","description_kind":"markdown","computed":true},"state":{"type":"string","description":"The current state of the service instance.","description_kind":"markdown","computed":true},"subaccount_id":{"type":"string","description":"The ID of the subaccount.","description_kind":"markdown","required":true},"usable":{"type":"bool","description":"Shows whether the resource can be used.","description_kind":"markdown","computed":true}},"description":"Gets details about a specific provisioned service instance, such as its name, id,  platform to which it belongs, and the last operation performed.\n\n__Tip:__\nYou must be assigned to the admin or viewer role of the subaccount.","description_kind":"markdown"}},"btp_subaccount_service_instances":{"version":0,"block":{"attributes":{"fields_filter":{"type":"string","description":"Filters the instances based on their fields. For example, to list all instances that are usable, use \"usable eq 'true'\".","description_kind":"markdown","optional":true},"id":{"type":"string","description":"The ID of the subaccount.","description_kind":"markdown","deprecated":true,"computed":true},"labels_filter":{"type":"string","description":"Filters the instances based on the label query.  For example, to list all instances that are available in a production landscape, use \"landscape eq 'production'\".","description_kind":"markdown","optional":true},"subaccount_id":{"type":"string","description":"The ID of the subaccount.","description_kind":"markdown","required":true},"values":{"nested_type":{"attributes":{"context":{"type":"string","description":"Contextual data for the resource.","description_kind":"markdown","computed":true},"created_date":{"type":"string","description":"The date and time when the resource was created in [RFC3339](https://www.ietf.org/rfc/rfc3339.txt) format.","description_kind":"markdown","computed":true},"dashboard_url":{"type":"string","description":"The URL of the web-based management UI for the service instance.","description_kind":"markdown","computed":true},"id":{"type":"string","description":"The ID of the service instance.","description_kind":"markdown","computed":true},"labels":{"type":["map",["set","string"]],"description":"The set of words or phrases assigned to the service instance.","description_kind":"markdown","computed":true},"last_modified":{"type":"string","description":"The date and time when the resource was last modified in [RFC3339](https://www.ietf.org/rfc/rfc3339.txt) format.","description_kind":"markdown","computed":true},"name":{"type":"string","description":"The name of the service instance.","description_kind":"markdown","computed":true},"platform_id":{"type":"string","description":"The platform ID.","description_kind":"markdown","computed":true},"ready":{"type":"bool","description_kind":"plain","computed":true},"serviceplan_id":{"type":"string","description":"The ID of the service plan.","description_kind":"markdown","computed":true},"usable":{"type":"bool","description":"Shows whether the resource can be used.","description_kind":"markdown","computed":true}},"nesting_mode":"list"},"description_kind":"plain","computed":true}},"description":"Lists all service instances in a subaccount.\n\n__Tip:__\nYou must be assigned to the admin or viewer role of the subaccount.","description_kind":"markdown"}},"btp_subaccount_service_offering":{"version":0,"block":{"attributes":{"allow_context_updates":{"type":"bool","description":"Shows whether the context for the service offering can be updated.","description_kind":"markdown","computed":true},"bindable":{"type":"bool","description":"Shows whether the service offering is bindable.","description_kind":"markdown","computed":true},"bindings_retrievable":{"type":"bool","description":"Shows whether the bindings associated with the service offering can be retrieved.","description_kind":"markdown","computed":true},"broker_id":{"type":"string","description":"The ID of the broker that provides the service plan.","description_kind":"markdown","computed":true},"catalog_id":{"type":"string","description":"The ID of the service offering as provided by the catalog.","description_kind":"markdown","computed":true},"catalog_name":{"type":"string","description":"The catalog name of the service offering.","description_kind":"markdown","computed":true},"created_date":{"type":"string","description":"The date and time when the resource was created in [RFC3339](https://www.ietf.org/rfc/rfc3339.txt) format.","description_kind":"markdown","computed":true},"description":{"type":"string","description":"The description of the service offering.","description_kind":"markdown","computed":true},"id":{"type":"string","description":"The ID of the service offering.","description_kind":"markdown","optional":true,"computed":true},"instances_retrievable":{"type":"bool","description":"Shows whether the service instances associated with the service offering can be retrieved.","description_kind":"markdown","computed":true},"last_modified":{"type":"string","description":"The date and time when the resource was last modified in [RFC3339](https://www.ietf.org/rfc/rfc3339.txt) format.","description_kind":"markdown","computed":true},"name":{"type":"string","description":"The name of the service offering.","description_kind":"markdown","optional":true,"computed":true},"plan_updateable":{"type":"bool","description":"Shows whether the offered plan can be updated.","description_kind":"markdown","computed":true},"ready":{"type":"bool","description":"Shows whether the service offering is ready to be advertised.","description_kind":"markdown","computed":true},"subaccount_id":{"type":"string","description":"The ID of the subaccount.","description_kind":"markdown","required":true},"tags":{"type":["set","string"],"description":"The list of tags for the service offering.","description_kind":"markdown","computed":true}},"description":"Gets details about a specific service offering such as its ID, name, description, metadata, and the associated service brokers.\n\n__Tip:__\nYou must be assigned to the admin or viewer role of the subaccount.","description_kind":"markdown"}},"btp_subaccount_service_offerings":{"version":0,"block":{"attributes":{"environment":{"type":"string","description":"Lists services to be consumed in a Cloud Foundry or Kubernetes-native way. Valid values are: \n \n  | value | description | \n  | --- | --- | \n  | `cloudfoundry` | Cloud Foundry | \n  | `kubernetes` | Kubernetes | ","description_kind":"markdown","optional":true},"fields_filter":{"type":"string","description":"Filters the response based on the field query. For example, use \"name eq 'my service offering name'\".","description_kind":"markdown","optional":true},"id":{"type":"string","description":"The ID of the subaccount.","description_kind":"markdown","deprecated":true,"computed":true},"labels_filter":{"type":"string","description":"Filters the response based on the label query.  For example, to list all the service offerings associated with the testing environment, use \"environment eq 'test'\".","description_kind":"markdown","optional":true},"subaccount_id":{"type":"string","description":"The ID of the subaccount.","description_kind":"markdown","required":true},"values":{"nested_type":{"attributes":{"allow_context_updates":{"type":"bool","description":"Shows whether the context for the service offering can be updated.","description_kind":"markdown","computed":true},"bindable":{"type":"bool","description":"Shows whether the service offering is bindable.","description_kind":"markdown","computed":true},"bindings_retrievable":{"type":"bool","description":"Shows whether the bindings associated with the service offering can be retrieved.","description_kind":"markdown","computed":true},"broker_id":{"type":"string","description":"The ID of the broker that provides the service plan.","description_kind":"markdown","computed":true},"catalog_id":{"type":"string","description":"The ID of the service offering as provided by the catalog.","description_kind":"markdown","computed":true},"catalog_name":{"type":"string","description":"The catalog name of the service offering.","description_kind":"markdown","computed":true},"created_date":{"type":"string","description":"The date and time when the resource was created in [RFC3339](https://www.ietf.org/rfc/rfc3339.txt) format.","description_kind":"markdown","computed":true},"description":{"type":"string","description":"The description of the service offering.","description_kind":"markdown","computed":true},"id":{"type":"string","description":"The ID of the service offering.","description_kind":"markdown","computed":true},"instances_retrievable":{"type":"bool","description":"Shows whether the service instances associated with the service offering can be retrieved.","description_kind":"markdown","computed":true},"last_modified":{"type":"string","description":"The date and time when the resource was last modified in [RFC3339](https://www.ietf.org/rfc/rfc3339.txt) format.","description_kind":"markdown","computed":true},"name":{"type":"string","description":"The name of the service offering.","description_kind":"markdown","computed":true},"plan_updateable":{"type":"bool","description":"Shows whether the offered plan can be updated.","description_kind":"markdown","computed":true},"ready":{"type":"bool","description":"Shows whether the service offering is ready to be advertised.","description_kind":"markdown","computed":true},"tags":{"type":["set","string"],"description":"The list of tags for the service offering.","description_kind":"markdown","computed":true}},"nesting_mode":"list"},"description_kind":"plain","computed":true}},"description":"Lists the services your subaccount is entitled to use in your runtime environment.\n\n__Tip:__\nYou must be assigned to the admin or viewer role of the subaccount.","description_kind":"markdown"}},"btp_subaccount_service_plan":{"version":0,"block":{"attributes":{"bindable":{"type":"bool","description":"Shows whether the service plan is bindable.","description_kind":"markdown","computed":true},"catalog_id":{"type":"string","description":"The ID of the service plan in the service broker catalog.","description_kind":"markdown","computed":true},"catalog_name":{"type":"string","description":"The name of the associated service broker catalog.","description_kind":"markdown","computed":true},"created_date":{"type":"string","description":"The date and time when the resource was created in [RFC3339](https://www.ietf.org/rfc/rfc3339.txt) format.","description_kind":"markdown","computed":true},"description":{"type":"string","description":"The description of the service plan.","description_kind":"markdown","computed":true},"free":{"type":"bool","description":"Shows whether the service plan is free.","description_kind":"markdown","computed":true},"id":{"type":"string","description":"The ID of the service plan.","description_kind":"markdown","optional":true,"computed":true},"last_modified":{"type":"string","description":"The date and time when the resource was last modified in [RFC3339](https://www.ietf.org/rfc/rfc3339.txt) format.","description_kind":"markdown","computed":true},"name":{"type":"string","description":"The name of the service plan.","description_kind":"markdown","optional":true,"computed":true},"offering_name":{"type":"string","description":"The name of the service offering of the plan.","description_kind":"markdown","optional":true,"computed":true},"ready":{"type":"bool","description":"Shows whether the service plan is ready.","description_kind":"markdown","computed":true},"serviceoffering_id":{"type":"string","description":"The ID of the service offering.","description_kind":"markdown","computed":true},"shareable":{"type":"bool","description":"Shows whether the service plan supports instance sharing.","description_kind":"markdown","computed":true},"subaccount_id":{"type":"string","description":"The ID of the subaccount.","description_kind":"markdown","required":true},"supported_platforms":{"type":["list","string"],"description":"The list of supported platforms for the service plan.","description_kind":"markdown","computed":true}},"description":"Gets details about a specific service plan such as its name, description, and metadata.\n\n__Tip:__\nYou must be assigned to the admin or viewer role of the subaccount.","description_kind":"markdown"}},"btp_subaccount_service_plans":{"version":0,"block":{"attributes":{"environment":{"type":"string","description":"Filter the response on the environment (sapbtp, kubernetes, cloudfoundry).","description_kind":"markdown","optional":true},"fields_filter":{"type":"string","description":"Filters the response based on the field query.","description_kind":"markdown","optional":true},"id":{"type":"string","description":"The ID of the subaccount.","description_kind":"markdown","deprecated":true,"computed":true},"labels_filter":{"type":"string","description":"Filters the response based on the labels query.","description_kind":"markdown","optional":true},"subaccount_id":{"type":"string","description":"The ID of the subaccount.","description_kind":"markdown","required":true},"values":{"nested_type":{"attributes":{"bindable":{"type":"bool","description":"Shows whether the service plan is bindable.","description_kind":"markdown","computed":true},"catalog_id":{"type":"string","description":"The ID of the service plan in the service broker catalog.","description_kind":"markdown","computed":true},"catalog_name":{"type":"string","description":"The name of the associated service broker catalog.","description_kind":"markdown","computed":true},"created_date":{"type":"string","description":"The date and time when the resource was created in [RFC3339](https://www.ietf.org/rfc/rfc3339.txt) format.","description_kind":"markdown","computed":true},"description":{"type":"string","description":"The description of the service plan.","description_kind":"markdown","computed":true},"free":{"type":"bool","description":"Shows whether the service plan is free.","description_kind":"markdown","computed":true},"id":{"type":"string","description":"The ID of the service plan.","description_kind":"markdown","computed":true},"last_modified":{"type":"string","description":"The date and time when the resource was last modified in [RFC3339](https://www.ietf.org/rfc/rfc3339.txt) format.","description_kind":"markdown","computed":true},"name":{"type":"string","description":"The name of the service plan.","description_kind":"markdown","computed":true},"ready":{"type":"bool","description":"Shows whether the service plan is ready.","description_kind":"markdown","computed":true},"serviceoffering_id":{"type":"string","description":"The ID of the service offering.","description_kind":"markdown","computed":true},"shareable":{"type":"bool","description":"Shows whether the service plan supports instance sharing.","description_kind":"markdown","computed":true},"supported_platforms":{"type":["list","string"],"description":"The list of supported platforms for the service plan.","description_kind":"markdown","computed":true}},"nesting_mode":"list"},"description_kind":"plain","computed":true}},"description":"Lists the plans of services that your subaccount is entitled to use in your environment.\n\n__Tip:__\nYou must be assigned to the admin or viewer role of the subaccount.","description_kind":"markdown"}},"btp_subaccount_subscription":{"version":0,"block":{"attributes":{"additional_plan_features":{"type":["set","string"],"description":"The list of features specific to this plan.","description_kind":"markdown","computed":true},"app_id":{"type":"string","description":"The ID returned by XSUAA after the app provider has performed a bind of the multitenant application to a XSUAA service instance.","description_kind":"markdown","computed":true},"app_name":{"type":"string","description":"The unique registration name of the deployed multitenant application as defined by the app developer.","description_kind":"markdown","required":true},"authentication_provider":{"type":"string","description":"The authentication provider of the multitenant application. * XSUAA is the SAP Authorization and Trust Management service that defines scopes and permissions for users as tenants at the global account level. * IAS is Identity Authentication Service that defines scopes and permissions for users in zones (common data isolation systems across systems, SaaS tenants, and services).","description_kind":"markdown","computed":true},"category":{"type":"string","description":"The technical name of the category defined by the app developer to which the multitenant application is grouped in customer-facing UIs.","description_kind":"markdown","computed":true},"commercial_app_name":{"type":"string","description":"The commercial name of the deployed multitenant application as defined by the app developer.","description_kind":"markdown","computed":true},"created_date":{"type":"string","description":"The date and time when the resource was created in [RFC3339](https://www.ietf.org/rfc/rfc3339.txt) format.","description_kind":"markdown","computed":true},"customer_developed":{"type":"bool","description":"Shows whether the application was developed by a customer. If not, then the application is developed by the cloud operator, such as SAP.","description_kind":"markdown","computed":true},"description":{"type":"string","description":"The description of the multitenant application.","description_kind":"markdown","computed":true},"display_name":{"type":"string","description":"The display name of the application for customer-facing UIs.","description_kind":"markdown","computed":true},"formation_solution_name":{"type":"string","description":"The name of the formations solution associated with the multitenant application.","description_kind":"markdown","computed":true},"globalaccount_id":{"type":"string","description":"The ID of the associated global account.","description_kind":"markdown","computed":true},"id":{"type":"string","description":"The technical ID generated by XSUAA for a multitenant application when a consumer subscribes to the application.","description_kind":"markdown","computed":true},"labels":{"type":["map",["set","string"]],"description":"The set of words or phrases assigned to the multitenant application subscription.","description_kind":"markdown","computed":true},"last_modified":{"type":"string","description":"The date and time when the resource was last modified in [RFC3339](https://www.ietf.org/rfc/rfc3339.txt) format.","description_kind":"markdown","computed":true},"parameters":{"type":"string","description":"The parameters of the subscription as a valid JSON object.","description_kind":"markdown","computed":true},"plan_name":{"type":"string","description":"The plan name of the application to which the consumer has subscribed.","description_kind":"markdown","required":true},"platform_entity_id":{"type":"string","description":"The ID of the landscape-specific environment.","description_kind":"markdown","computed":true},"quota":{"type":"number","description":"The total amount the subscribed subaccount is entitled to consume.","description_kind":"markdown","computed":true},"state":{"type":"string","description":"The subscription state of the subaccount regarding the multitenant application.","description_kind":"markdown","computed":true},"subaccount_id":{"type":"string","description":"The ID of the subaccount.","description_kind":"markdown","required":true},"subscribed_subaccount_id":{"type":"string","description":"The ID of the subaccount which is subscribed to the multitenant application.","description_kind":"markdown","computed":true},"subscribed_tenant_id":{"type":"string","description":"The ID of the tenant which is subscribed to a multitenant application.","description_kind":"markdown","computed":true},"subscription_url":{"type":"string","description":"The URL for app users to launch the subscribed application.","description_kind":"markdown","computed":true},"supports_parameters_updates":{"type":"bool","description":"Specifies whether a consumer, whose subaccount is subscribed to the application, can change its subscriptions parameters.","description_kind":"markdown","computed":true},"supports_plan_updates":{"type":"bool","description":"Specifies whether a consumer, whose subaccount is subscribed to the application, can change the subscription to a different plan that is available for this application and subaccount.","description_kind":"markdown","computed":true},"tenant_id":{"type":"string","description":"The tenant ID of the application provider.","description_kind":"markdown","computed":true}},"description":"Gets details of a specific multitenant application to which a subaccount is entitled to subscribe.\n\n__Tip:__\nYou must be assigned to the admin or viewer role of the subaccount.","description_kind":"markdown"}},"btp_subaccount_subscriptions":{"version":0,"block":{"attributes":{"id":{"type":"string","description":"The ID of the subaccount.","description_kind":"markdown","deprecated":true,"computed":true},"subaccount_id":{"type":"string","description":"The ID of the subaccount.","description_kind":"markdown","required":true},"values":{"nested_type":{"attributes":{"additional_plan_features":{"type":["set","string"],"description":"The list of features specific to this plan.","description_kind":"markdown","computed":true},"app_id":{"type":"string","description":"The ID returned by XSUAA after the app provider has performed a bind of the multitenant application to a XSUAA service instance.","description_kind":"markdown","computed":true},"app_name":{"type":"string","description":"The unique registration name of the deployed multitenant application as defined by the app developer.","description_kind":"markdown","computed":true},"authentication_provider":{"type":"string","description":"The authentication provider of the multitenant application. * XSUAA is the SAP Authorization and Trust Management service that defines scopes and permissions for users as tenants at the global account level. * IAS is Identity Authentication Service that defines scopes and permissions for users in zones (common data isolation systems across systems, SaaS tenants, and services).","description_kind":"markdown","computed":true},"automation_state":{"type":"string","description":"The state of the automation solution.","description_kind":"markdown","computed":true},"automation_state_message":{"type":"string","description":"The message that describes the automation solution state.","description_kind":"markdown","computed":true},"category":{"type":"string","description":"The technical name of the category defined by the app developer to which the multitenant application is grouped in customer-facing UIs.","description_kind":"markdown","computed":true},"category_display_name":{"type":"string","description":"The display name of the category for customer-facing UIs.","description_kind":"markdown","computed":true},"commercial_app_name":{"type":"string","description":"The commercial name of the deployed multitenant application as defined by the app developer.","description_kind":"markdown","computed":true},"created_date":{"type":"string","description":"The date and time when the resource was created in [RFC3339](https://www.ietf.org/rfc/rfc3339.txt) format.","description_kind":"markdown","computed":true},"customer_developed":{"type":"bool","description":"Shows whether the application was developed by a customer. If not, then the application is developed by the cloud operator, such as SAP.","description_kind":"markdown","computed":true},"description":{"type":"string","description":"The description of the multitenant application.","description_kind":"markdown","computed":true},"display_name":{"type":"string","description":"The display name of the application for customer-facing UIs.","description_kind":"markdown","computed":true},"formation_solution_name":{"type":"string","description":"The name of the formations solution associated with the multitenant application.","description_kind":"markdown","computed":true},"globalaccount_id":{"type":"string","description":"The ID of the associated global account.","description_kind":"markdown","computed":true},"id":{"type":"string","description":"The technical ID generated by XSUAA for a multitenant application when a consumer subscribes to the application.","description_kind":"markdown","computed":true},"incident_tracking_component":{"type":"string","description":"The application's incident-tracking component provided in metadata for customer-facing UIs.","description_kind":"markdown","computed":true},"labels":{"type":["map",["set","string"]],"description":"The set of words or phrases assigned to the multitenant application subscription.","description_kind":"markdown","computed":true},"last_modified":{"type":"string","description":"The date and time when the resource was last modified in [RFC3339](https://www.ietf.org/rfc/rfc3339.txt) format.","description_kind":"markdown","computed":true},"plan_description":{"type":"string","description":"The description of the plan for customer-facing UIs.","description_kind":"markdown","computed":true},"plan_name":{"type":"string","description":"The plan name of the application to which the consumer has subscribed.","description_kind":"markdown","computed":true},"platform_entity_id":{"type":"string","description":"The ID of the landscape-specific environment.","description_kind":"markdown","computed":true},"quota":{"type":"number","description":"The total amount the subscribed subaccount is entitled to consume.","description_kind":"markdown","computed":true},"short_description":{"type":"string","description":"The short description of the multitenant application for customer-facing UIs.","description_kind":"markdown","computed":true},"state":{"type":"string","description":"The subscription state of the subaccount regarding the multitenant application.","description_kind":"markdown","computed":true},"subscribed_subaccount_id":{"type":"string","description":"The ID of the subaccount which is subscribed to the multitenant application.","description_kind":"markdown","computed":true},"subscribed_tenant_id":{"type":"string","description":"The ID of the tenant which is subscribed to a multitenant application.","description_kind":"markdown","computed":true},"subscription_url":{"type":"string","description":"The URL for app users to launch the subscribed application.","description_kind":"markdown","computed":true},"supports_parameters_updates":{"type":"bool","description":"Specifies whether a consumer, whose subaccount is subscribed to the application, can change its subscriptions parameters.","description_kind":"markdown","computed":true},"supports_plan_updates":{"type":"bool","description":"Specifies whether a consumer, whose subaccount is subscribed to the application, can change the subscription to a different plan that is available for this application and subaccount.","description_kind":"markdown","computed":true},"tenant_id":{"type":"string","description":"The tenant ID of the application provider.","description_kind":"markdown","computed":true}},"nesting_mode":"list"},"description_kind":"plain","computed":true}},"description":"Lists all multitenant applications to which the subaccount is entitled to subscribe, including their subscription details.\n\n__Tip:__\nYou must be assigned to the admin or viewer role of the subaccount.","description_kind":"markdown"}},"btp_subaccount_trust_configuration":{"version":0,"block":{"attributes":{"auto_create_shadow_users":{"type":"bool","description":"Shows whether any user from the tenant can log in. If not set, only the ones who already have a shadow user can log in.","description_kind":"markdown","computed":true},"available_for_user_logon":{"type":"bool","description":"Shows whether end users can choose the trust configuration for login. If not set, the trust configuration can remain active, however only application users that explicitly specify the origin key can use if for login.","description_kind":"markdown","computed":true},"description":{"type":"string","description":"The description of the trust configuration.","description_kind":"markdown","computed":true},"domain":{"type":"string","description":"The tenant's domain which should be used for user logon.","description_kind":"markdown","computed":true},"id":{"type":"string","description":"The origin of the identity provider.","description_kind":"markdown","deprecated":true,"computed":true},"identity_provider":{"type":"string","description":"The name of the Identity Authentication tenant the subaccount is connected to.","description_kind":"markdown","computed":true},"link_text":{"type":"string","description":"Short string that helps users to identify the link for login.","description_kind":"markdown","computed":true},"name":{"type":"string","description":"The display name of the trust configuration.","description_kind":"markdown","computed":true},"origin":{"type":"string","description":"The origin of the identity provider.","description_kind":"markdown","required":true},"protocol":{"type":"string","description":"The protocol used to establish trust with the identity provider.","description_kind":"markdown","computed":true},"read_only":{"type":"bool","description":"Shows whether the trust configuration can be modified.","description_kind":"markdown","computed":true},"status":{"type":"string","description":"Shows whether the identity provider is currently 'active' or 'inactive'.","description_kind":"markdown","computed":true},"subaccount_id":{"type":"string","description":"The ID of the subaccount.","description_kind":"markdown","required":true},"type":{"type":"string","description":"The trust type.","description_kind":"markdown","computed":true}},"description":"Gets details about a trust configuration.\n\n__Tip:__\nYou must be assigned to the admin or viewer role of the subaccount.\n\n__Further documentation:__\n\u003chttps://help.sap.com/docs/btp/sap-btp-neo-environment/platform-identity-provider\u003e","description_kind":"markdown"}},"btp_subaccount_trust_configurations":{"version":0,"block":{"attributes":{"id":{"type":"string","description":"The ID of the subaccount.","description_kind":"markdown","deprecated":true,"computed":true},"subaccount_id":{"type":"string","description":"The ID of the subaccount.","description_kind":"markdown","required":true},"values":{"nested_type":{"attributes":{"auto_create_shadow_users":{"type":"bool","description":"Shows whether any user from the tenant can log in. If not set, only the ones who already have a shadow user can log in.","description_kind":"markdown","computed":true},"available_for_user_logon":{"type":"bool","description":"Shows whether end users can choose the trust configuration for login. If not set, the trust configuration can remain active, however only application users that explicitly specify the origin key can use if for login.","description_kind":"markdown","computed":true},"description":{"type":"string","description":"The description of the trust configuration.","description_kind":"markdown","computed":true},"domain":{"type":"string","description":"The tenant's domain which should be used for user logon.","description_kind":"markdown","computed":true},"id":{"type":"string","description":"The origin of the identity provider.","description_kind":"markdown","deprecated":true,"computed":true},"identity_provider":{"type":"string","description":"The name of the Identity Authentication tenant the subaccount is connected to.","description_kind":"markdown","computed":true},"link_text":{"type":"string","description":"Short string that helps users to identify the link for login.","description_kind":"markdown","computed":true},"name":{"type":"string","description":"The display name of the trust configuration.","description_kind":"markdown","computed":true},"origin":{"type":"string","description":"The origin of the identity provider.","description_kind":"markdown","computed":true},"protocol":{"type":"string","description":"The protocol used to establish trust with the identity provider.","description_kind":"markdown","computed":true},"read_only":{"type":"bool","description":"Shows whether the trust configuration can be modified.","description_kind":"markdown","computed":true},"status":{"type":"string","description":"Shows whether the identity provider is currently 'active' or 'inactive'.","description_kind":"markdown","computed":true},"type":{"type":"string","description":"The trust type.","description_kind":"markdown","computed":true}},"nesting_mode":"list"},"description":"The trust configurations associated with the subaccount.","description_kind":"markdown","computed":true}},"description":"Gets all trust configurations that are configured for your subaccount.\n\n__Tip:__\nYou must be assigned to the admin or viewer role of the subaccount.\n\n__Further documentation:__\n\u003chttps://help.sap.com/docs/btp/sap-business-technology-platform/trust-and-federation-with-identity-providers\u003e","description_kind":"markdown"}},"btp_subaccount_user":{"version":0,"block":{"attributes":{"active":{"type":"bool","description":"Shows if the account is still in use.","description_kind":"markdown","computed":true},"email":{"type":"string","description":"The e-mail address of the user.","description_kind":"markdown","computed":true},"family_name":{"type":"string","description":"The last name of the user.","description_kind":"markdown","computed":true},"given_name":{"type":"string","description":"The given name of the user.","description_kind":"markdown","computed":true},"id":{"type":"string","description":"The ID of the user.","description_kind":"markdown","computed":true},"origin":{"type":"string","description":"The identity provider that hosts the user. Only needed for custom identity provider.","description_kind":"markdown","optional":true,"computed":true},"role_collections":{"type":["set","string"],"description":"The set of role collections, which are assigned to the user.","description_kind":"markdown","computed":true},"subaccount_id":{"type":"string","description":"The ID of the subaccount.","description_kind":"markdown","required":true},"user_name":{"type":"string","description":"The username of the user.","description_kind":"markdown","required":true},"verified":{"type":"bool","description":"The verification status of the user.","description_kind":"markdown","computed":true}},"description":"Shows registered users in a subaccount. Users belong to one of the identity providers (IdPs) of the subaccount.\n\n__Tip:__\nYou must be assigned to the admin or viewer role of the subaccount.","description_kind":"markdown"}},"btp_subaccount_users":{"version":0,"block":{"attributes":{"id":{"type":"string","description":"The ID of the subaccount.","description_kind":"markdown","deprecated":true,"computed":true},"origin":{"type":"string","description":"The identity provider that hosts the user. Only needed for custom identity provider.","description_kind":"markdown","optional":true,"computed":true},"subaccount_id":{"type":"string","description":"The ID of the subaccount.","description_kind":"markdown","required":true},"values":{"type":["set","string"],"description":"The list of users assigned to the subaccount.","description_kind":"markdown","computed":true}},"description":"Gets all users.\n\n__Tip:__\nYou must be assigned to the admin or viewer role of the subaccount.\n\n__Further documentation:__\n\u003chttps://help.sap.com/docs/btp/sap-business-technology-platform/user-and-member-management\u003e","description_kind":"markdown"}},"btp_subaccounts":{"version":0,"block":{"attributes":{"id":{"type":"string","description":"The ID of the global account.","description_kind":"markdown","deprecated":true,"computed":true},"labels_filter":{"type":"string","description":"Filters the response based on the labels query.","description_kind":"markdown","optional":true},"values":{"nested_type":{"attributes":{"beta_enabled":{"type":"bool","description":"Shows whether the subaccount can use beta services and applications.","description_kind":"markdown","computed":true},"contract_status":{"type":"string","description":"Shows the contract status of the subaccount.","description_kind":"markdown","computed":true},"created_by":{"type":"string","description":"The details of the user that created the subaccount.","description_kind":"markdown","computed":true},"created_date":{"type":"string","description":"The date and time when the resource was created in [RFC3339](https://www.ietf.org/rfc/rfc3339.txt) format.","description_kind":"markdown","computed":true},"description":{"type":"string","description":"The description of the subaccount.","description_kind":"markdown","computed":true},"id":{"type":"string","description":"The unique ID of the subaccount.","description_kind":"markdown","computed":true},"labels":{"type":["map",["set","string"]],"description":"The set of words or phrases assigned to the subaccount.","description_kind":"markdown","computed":true},"last_modified":{"type":"string","description":"The date and time when the resource was last modified in [RFC3339](https://www.ietf.org/rfc/rfc3339.txt) format.","description_kind":"markdown","computed":true},"name":{"type":"string","description":"A descriptive name of the subaccount for customer-facing UIs.","description_kind":"markdown","computed":true},"parent_features":{"type":["set","string"],"description":"The features of parent entity of the subaccount.","description_kind":"markdown","computed":true},"parent_id":{"type":"string","description":"The ID of the subaccount’s parent entity. If the subaccount is located directly in the global account (not in a directory), then this is the ID of the global account.","description_kind":"markdown","computed":true},"region":{"type":"string","description":"The region in which the subaccount was created.","description_kind":"markdown","computed":true},"state":{"type":"string","description":"The current state of the subaccount. Possible values are: \n\n  | state | description | \n  | --- | --- | \n  | `OK` | The CRUD operation or series of operations completed successfully. | \n  | `STARTED` | CRUD operation on the subaccount has started. | \n  | `CANCELED` | The operation or processing was canceled by the operator. | \n  | `PROCESSING` | A series of operations related to the subaccount are in progress. | \n  | `PROCESSING_FAILED` | The processing operations failed. | \n  | `CREATING` | Creating the subaccount is in progress. | \n  | `CREATION_FAILED` | The creation operation failed, and the subaccount was not created or was created but cannot be used. | \n  | `UPDATING` | Updating the subaccount is in progress. | \n  | `UPDATE_FAILED` | The update operation failed, and the subaccount was not updated. | \n  | `UPDATE_DIRECTORY_TYPE_FAILED` | The update of the directory type failed. | \n  | `UPDATE_ACCOUNT_TYPE_FAILED` | The update of the account type failed. | \n  | `DELETING` | Deleting the subaccount is in progress. | \n  | `DELETION_FAILED` | The deletion of the subaccount failed, and the subaccount was not deleted. | \n  | `MOVING` | Moving the subaccount is in progress. | \n  | `MOVE_FAILED` | The moving of the subaccount failed. | \n  | `MOVING_TO_OTHER_GA` | Moving the subaccount to another global account is in progress. | \n  | `MOVE_TO_OTHER_GA_FAILED` | Moving the subaccount to another global account failed. | \n  | `PENDING_REVIEW` | The processing operation has been stopped for reviewing and can be restarted by the operator. | \n  | `MIGRATING` | Migrating the subaccount from Neo to Cloud Foundry. | \n  | `MIGRATED` | The migration of the subaccount completed. | \n  | `MIGRATION_FAILED` | The migration of the subaccount failed and the subaccount was not migrated. | \n  | `ROLLBACK_MIGRATION_PROCESSING` | The migration of the subaccount was rolled back and the subaccount is not migrated. | \n  | `SUSPENSION_FAILED` | The suspension operations failed. | ","description_kind":"markdown","computed":true},"subdomain":{"type":"string","description":"The subdomain that becomes part of the path used to access the authorization tenant of the subaccount. Must be unique within the defined region. Use only letters (a-z), digits (0-9), and hyphens (not at the start or end). Maximum length is 63 characters. Cannot be changed after the subaccount has been created.","description_kind":"markdown","computed":true},"usage":{"type":"string","description":"Shows whether the subaccount is used for production purposes. This flag can help your cloud operator to take appropriate action when handling incidents that are related to mission-critical accounts in production systems. Do not apply for subaccounts that are used for nonproduction purposes, such as development, testing, and demos. Applying this setting this does not modify the subaccount. Possible values are: \n\n  | value | description | \n  | --- | --- | \n  | `UNSET` | Global account or subaccount admin has not set the production-relevancy flag (default value). | \n  | `NOT_USED_FOR_PRODUCTION` | The subaccount is not used for production purposes. | \n  | `USED_FOR_PRODUCTION` | The subaccount is used for production purposes. | ","description_kind":"markdown","computed":true}},"nesting_mode":"list"},"description":"The subaccounts contained in the global account.","description_kind":"markdown","computed":true}},"description":"Gets all the subaccounts in a global account, including the subaccounts in directories.\n\n__Tip:__\nYou must be assigned to the admin or viewer role of the global account, directory.","description_kind":"markdown"}},"btp_whoami":{"version":0,"block":{"attributes":{"email":{"type":"string","description":"The e-mail address of the logged-in user.","description_kind":"markdown","computed":true},"id":{"type":"string","description":"The ID of the logged-in user.","description_kind":"markdown","computed":true},"issuer":{"type":"string","description":"The name of the token issuer.","description_kind":"markdown","computed":true}},"description":"Returns information about the logged-in user.","description_kind":"markdown"}}}}}}
